
Microsoft Visual Studio Solution File, Format Version 12.00
# Visual Studio Version 17
VisualStudioVersion = 17.0.31919.166
MinimumVisualStudioVersion = 10.0.40219.1
Project("{9A19103F-16F7-4668-BE54-9A1E7A4F7556}") = "GlobalLayer", "GlobalLayer\GlobalLayer.csproj", "{F73CD930-B9EF-4158-A5AF-E23C026D27B4}"
EndProject
Project("{9A19103F-16F7-4668-BE54-9A1E7A4F7556}") = "Algo.Utils", "Algo.Utils\Algo.Utils.csproj", "{D257F5B6-CDE7-4AD1-8A74-1BFE51E4C737}"
EndProject
Project("{9A19103F-16F7-4668-BE54-9A1E7A4F7556}") = "ZMQFacade", "ZMQFacade\ZMQFacade.csproj", "{84075661-616D-4A4B-805D-3C589EA0DF36}"
EndProject
Project("{9A19103F-16F7-4668-BE54-9A1E7A4F7556}") = "DBAccess", "DBAccess\DBAccess.csproj", "{7F572967-ABD8-41F4-994B-5BB56F3394AC}"
EndProject
Project("{9A19103F-16F7-4668-BE54-9A1E7A4F7556}") = "KiteConnect", "KiteConnect\KiteConnect.csproj", "{D2C7B3DB-A4B0-40FB-87BE-6DAB9709606B}"
EndProject
Project("{9A19103F-16F7-4668-BE54-9A1E7A4F7556}") = "GlobalCore", "GlobalCore\GlobalCore.csproj", "{FFBCFEAA-CD47-4C53-A746-51919DE9F6E0}"
EndProject
Project("{9A19103F-16F7-4668-BE54-9A1E7A4F7556}") = "LocalDBData", "LocalDBData\LocalDBData.csproj", "{C3C96B72-ECC8-4CC7-B1D9-8C1C4F087FF1}"
EndProject
Project("{9A19103F-16F7-4668-BE54-9A1E7A4F7556}") = "BrokerConnectWrapper", "KiteConnectWrapper\BrokerConnectWrapper.csproj", "{4B711571-9ACD-471C-A4C6-943A584C661D}"
EndProject
Project("{2150E333-8FDC-42A3-9474-1A3956D46DE8}") = "gRPC", "gRPC", "{3256EC78-FB7D-48E5-BD76-71D02D20D4A5}"
EndProject
Project("{9A19103F-16F7-4668-BE54-9A1E7A4F7556}") = "GrpcLoggerClient", "GrpcLoggerClient\GrpcLoggerClient.csproj", "{EEB039AB-CE58-48A6-A902-A70A421D33A1}"
EndProject
Project("{9A19103F-16F7-4668-BE54-9A1E7A4F7556}") = "Algos", "Algos\Algos.csproj", "{9676DA68-04E7-483D-824D-AFC007C982C1}"
EndProject
Project("{2150E333-8FDC-42A3-9474-1A3956D46DE8}") = "Algo Services", "Algo Services", "{F189E267-6C9C-4BDD-930A-7E4A3B97793B}"
EndProject
Project("{9A19103F-16F7-4668-BE54-9A1E7A4F7556}") = "MarketView", "Algo Services\MarketView\MarketView.csproj", "{0ED0946F-E485-4671-9119-2CA800AC169F}"
EndProject
Project("{9A19103F-16F7-4668-BE54-9A1E7A4F7556}") = "MarketDataService", "MarketDataService\MarketDataService.csproj", "{27D0B3DB-5CD3-43C7-979F-1FB518BEB851}"
EndProject
Project("{9A19103F-16F7-4668-BE54-9A1E7A4F7556}") = "TradeEMACross", "Algo Services\TradeEMACross\TradeEMACross.csproj", "{E55C9FA0-79DA-4279-93DB-1E8562E7C027}"
EndProject
Project("{9A19103F-16F7-4668-BE54-9A1E7A4F7556}") = "GrpcLoggerService", "GrpcLoggerService\GrpcLoggerService.csproj", "{BC3024F9-7361-4720-8C2C-44F648739B1E}"
EndProject
Project("{9A19103F-16F7-4668-BE54-9A1E7A4F7556}") = "RSICross", "Algo Services\RSICross\RSICross.csproj", "{B393C21B-4FEE-4E47-AD00-B24CD70F7D48}"
EndProject
Project("{9A19103F-16F7-4668-BE54-9A1E7A4F7556}") = "KotakConnect", "KotakConnect\KotakConnect.csproj", "{6C263873-D62C-450E-9D82-3F9572A30151}"
EndProject
Global
	GlobalSection(SolutionConfigurationPlatforms) = preSolution
		BackTest|Any CPU = BackTest|Any CPU
		BackTest|iPhone = BackTest|iPhone
		BackTest|iPhoneSimulator = BackTest|iPhoneSimulator
		Debug|Any CPU = Debug|Any CPU
		Debug|iPhone = Debug|iPhone
		Debug|iPhoneSimulator = Debug|iPhoneSimulator
		Local|Any CPU = Local|Any CPU
		Local|iPhone = Local|iPhone
		Local|iPhoneSimulator = Local|iPhoneSimulator
		Market|Any CPU = Market|Any CPU
		Market|iPhone = Market|iPhone
		Market|iPhoneSimulator = Market|iPhoneSimulator
		Release|Any CPU = Release|Any CPU
		Release|iPhone = Release|iPhone
		Release|iPhoneSimulator = Release|iPhoneSimulator
	EndGlobalSection
	GlobalSection(ProjectConfigurationPlatforms) = postSolution
		{F73CD930-B9EF-4158-A5AF-E23C026D27B4}.BackTest|Any CPU.ActiveCfg = BackTest|Any CPU
		{F73CD930-B9EF-4158-A5AF-E23C026D27B4}.BackTest|Any CPU.Build.0 = BackTest|Any CPU
		{F73CD930-B9EF-4158-A5AF-E23C026D27B4}.BackTest|iPhone.ActiveCfg = BackTest|Any CPU
		{F73CD930-B9EF-4158-A5AF-E23C026D27B4}.BackTest|iPhone.Build.0 = BackTest|Any CPU
		{F73CD930-B9EF-4158-A5AF-E23C026D27B4}.BackTest|iPhoneSimulator.ActiveCfg = BackTest|Any CPU
		{F73CD930-B9EF-4158-A5AF-E23C026D27B4}.BackTest|iPhoneSimulator.Build.0 = BackTest|Any CPU
		{F73CD930-B9EF-4158-A5AF-E23C026D27B4}.Debug|Any CPU.ActiveCfg = Debug|Any CPU
		{F73CD930-B9EF-4158-A5AF-E23C026D27B4}.Debug|Any CPU.Build.0 = Debug|Any CPU
		{F73CD930-B9EF-4158-A5AF-E23C026D27B4}.Debug|iPhone.ActiveCfg = Debug|Any CPU
		{F73CD930-B9EF-4158-A5AF-E23C026D27B4}.Debug|iPhone.Build.0 = Debug|Any CPU
		{F73CD930-B9EF-4158-A5AF-E23C026D27B4}.Debug|iPhoneSimulator.ActiveCfg = Debug|Any CPU
		{F73CD930-B9EF-4158-A5AF-E23C026D27B4}.Debug|iPhoneSimulator.Build.0 = Debug|Any CPU
		{F73CD930-B9EF-4158-A5AF-E23C026D27B4}.Local|Any CPU.ActiveCfg = Local|Any CPU
		{F73CD930-B9EF-4158-A5AF-E23C026D27B4}.Local|Any CPU.Build.0 = Local|Any CPU
		{F73CD930-B9EF-4158-A5AF-E23C026D27B4}.Local|iPhone.ActiveCfg = Local|Any CPU
		{F73CD930-B9EF-4158-A5AF-E23C026D27B4}.Local|iPhone.Build.0 = Local|Any CPU
		{F73CD930-B9EF-4158-A5AF-E23C026D27B4}.Local|iPhoneSimulator.ActiveCfg = Local|Any CPU
		{F73CD930-B9EF-4158-A5AF-E23C026D27B4}.Local|iPhoneSimulator.Build.0 = Local|Any CPU
		{F73CD930-B9EF-4158-A5AF-E23C026D27B4}.Market|Any CPU.ActiveCfg = Market|Any CPU
		{F73CD930-B9EF-4158-A5AF-E23C026D27B4}.Market|Any CPU.Build.0 = Market|Any CPU
		{F73CD930-B9EF-4158-A5AF-E23C026D27B4}.Market|iPhone.ActiveCfg = Market|Any CPU
		{F73CD930-B9EF-4158-A5AF-E23C026D27B4}.Market|iPhone.Build.0 = Market|Any CPU
		{F73CD930-B9EF-4158-A5AF-E23C026D27B4}.Market|iPhoneSimulator.ActiveCfg = Market|Any CPU
		{F73CD930-B9EF-4158-A5AF-E23C026D27B4}.Market|iPhoneSimulator.Build.0 = Market|Any CPU
		{F73CD930-B9EF-4158-A5AF-E23C026D27B4}.Release|Any CPU.ActiveCfg = Release|Any CPU
		{F73CD930-B9EF-4158-A5AF-E23C026D27B4}.Release|Any CPU.Build.0 = Release|Any CPU
		{F73CD930-B9EF-4158-A5AF-E23C026D27B4}.Release|iPhone.ActiveCfg = Release|Any CPU
		{F73CD930-B9EF-4158-A5AF-E23C026D27B4}.Release|iPhone.Build.0 = Release|Any CPU
		{F73CD930-B9EF-4158-A5AF-E23C026D27B4}.Release|iPhoneSimulator.ActiveCfg = Release|Any CPU
		{F73CD930-B9EF-4158-A5AF-E23C026D27B4}.Release|iPhoneSimulator.Build.0 = Release|Any CPU
		{D257F5B6-CDE7-4AD1-8A74-1BFE51E4C737}.BackTest|Any CPU.ActiveCfg = BackTest|Any CPU
		{D257F5B6-CDE7-4AD1-8A74-1BFE51E4C737}.BackTest|Any CPU.Build.0 = BackTest|Any CPU
		{D257F5B6-CDE7-4AD1-8A74-1BFE51E4C737}.BackTest|iPhone.ActiveCfg = BackTest|Any CPU
		{D257F5B6-CDE7-4AD1-8A74-1BFE51E4C737}.BackTest|iPhone.Build.0 = BackTest|Any CPU
		{D257F5B6-CDE7-4AD1-8A74-1BFE51E4C737}.BackTest|iPhoneSimulator.ActiveCfg = BackTest|Any CPU
		{D257F5B6-CDE7-4AD1-8A74-1BFE51E4C737}.BackTest|iPhoneSimulator.Build.0 = BackTest|Any CPU
		{D257F5B6-CDE7-4AD1-8A74-1BFE51E4C737}.Debug|Any CPU.ActiveCfg = Debug|Any CPU
		{D257F5B6-CDE7-4AD1-8A74-1BFE51E4C737}.Debug|Any CPU.Build.0 = Debug|Any CPU
		{D257F5B6-CDE7-4AD1-8A74-1BFE51E4C737}.Debug|iPhone.ActiveCfg = Debug|Any CPU
		{D257F5B6-CDE7-4AD1-8A74-1BFE51E4C737}.Debug|iPhone.Build.0 = Debug|Any CPU
		{D257F5B6-CDE7-4AD1-8A74-1BFE51E4C737}.Debug|iPhoneSimulator.ActiveCfg = Debug|Any CPU
		{D257F5B6-CDE7-4AD1-8A74-1BFE51E4C737}.Debug|iPhoneSimulator.Build.0 = Debug|Any CPU
		{D257F5B6-CDE7-4AD1-8A74-1BFE51E4C737}.Local|Any CPU.ActiveCfg = Local|Any CPU
		{D257F5B6-CDE7-4AD1-8A74-1BFE51E4C737}.Local|Any CPU.Build.0 = Local|Any CPU
		{D257F5B6-CDE7-4AD1-8A74-1BFE51E4C737}.Local|iPhone.ActiveCfg = Local|Any CPU
		{D257F5B6-CDE7-4AD1-8A74-1BFE51E4C737}.Local|iPhone.Build.0 = Local|Any CPU
		{D257F5B6-CDE7-4AD1-8A74-1BFE51E4C737}.Local|iPhoneSimulator.ActiveCfg = Local|Any CPU
		{D257F5B6-CDE7-4AD1-8A74-1BFE51E4C737}.Local|iPhoneSimulator.Build.0 = Local|Any CPU
		{D257F5B6-CDE7-4AD1-8A74-1BFE51E4C737}.Market|Any CPU.ActiveCfg = Market|Any CPU
		{D257F5B6-CDE7-4AD1-8A74-1BFE51E4C737}.Market|Any CPU.Build.0 = Market|Any CPU
		{D257F5B6-CDE7-4AD1-8A74-1BFE51E4C737}.Market|iPhone.ActiveCfg = Market|Any CPU
		{D257F5B6-CDE7-4AD1-8A74-1BFE51E4C737}.Market|iPhone.Build.0 = Market|Any CPU
		{D257F5B6-CDE7-4AD1-8A74-1BFE51E4C737}.Market|iPhoneSimulator.ActiveCfg = Market|Any CPU
		{D257F5B6-CDE7-4AD1-8A74-1BFE51E4C737}.Market|iPhoneSimulator.Build.0 = Market|Any CPU
		{D257F5B6-CDE7-4AD1-8A74-1BFE51E4C737}.Release|Any CPU.ActiveCfg = Release|Any CPU
		{D257F5B6-CDE7-4AD1-8A74-1BFE51E4C737}.Release|Any CPU.Build.0 = Release|Any CPU
		{D257F5B6-CDE7-4AD1-8A74-1BFE51E4C737}.Release|iPhone.ActiveCfg = Release|Any CPU
		{D257F5B6-CDE7-4AD1-8A74-1BFE51E4C737}.Release|iPhone.Build.0 = Release|Any CPU
		{D257F5B6-CDE7-4AD1-8A74-1BFE51E4C737}.Release|iPhoneSimulator.ActiveCfg = Release|Any CPU
		{D257F5B6-CDE7-4AD1-8A74-1BFE51E4C737}.Release|iPhoneSimulator.Build.0 = Release|Any CPU
		{84075661-616D-4A4B-805D-3C589EA0DF36}.BackTest|Any CPU.ActiveCfg = BackTest|Any CPU
		{84075661-616D-4A4B-805D-3C589EA0DF36}.BackTest|Any CPU.Build.0 = BackTest|Any CPU
		{84075661-616D-4A4B-805D-3C589EA0DF36}.BackTest|iPhone.ActiveCfg = BackTest|Any CPU
		{84075661-616D-4A4B-805D-3C589EA0DF36}.BackTest|iPhone.Build.0 = BackTest|Any CPU
		{84075661-616D-4A4B-805D-3C589EA0DF36}.BackTest|iPhoneSimulator.ActiveCfg = BackTest|Any CPU
		{84075661-616D-4A4B-805D-3C589EA0DF36}.BackTest|iPhoneSimulator.Build.0 = BackTest|Any CPU
		{84075661-616D-4A4B-805D-3C589EA0DF36}.Debug|Any CPU.ActiveCfg = Debug|Any CPU
		{84075661-616D-4A4B-805D-3C589EA0DF36}.Debug|Any CPU.Build.0 = Debug|Any CPU
		{84075661-616D-4A4B-805D-3C589EA0DF36}.Debug|iPhone.ActiveCfg = Debug|Any CPU
		{84075661-616D-4A4B-805D-3C589EA0DF36}.Debug|iPhone.Build.0 = Debug|Any CPU
		{84075661-616D-4A4B-805D-3C589EA0DF36}.Debug|iPhoneSimulator.ActiveCfg = Debug|Any CPU
		{84075661-616D-4A4B-805D-3C589EA0DF36}.Debug|iPhoneSimulator.Build.0 = Debug|Any CPU
		{84075661-616D-4A4B-805D-3C589EA0DF36}.Local|Any CPU.ActiveCfg = Local|Any CPU
		{84075661-616D-4A4B-805D-3C589EA0DF36}.Local|Any CPU.Build.0 = Local|Any CPU
		{84075661-616D-4A4B-805D-3C589EA0DF36}.Local|iPhone.ActiveCfg = Local|Any CPU
		{84075661-616D-4A4B-805D-3C589EA0DF36}.Local|iPhone.Build.0 = Local|Any CPU
		{84075661-616D-4A4B-805D-3C589EA0DF36}.Local|iPhoneSimulator.ActiveCfg = Local|Any CPU
		{84075661-616D-4A4B-805D-3C589EA0DF36}.Local|iPhoneSimulator.Build.0 = Local|Any CPU
		{84075661-616D-4A4B-805D-3C589EA0DF36}.Market|Any CPU.ActiveCfg = Market|Any CPU
		{84075661-616D-4A4B-805D-3C589EA0DF36}.Market|Any CPU.Build.0 = Market|Any CPU
		{84075661-616D-4A4B-805D-3C589EA0DF36}.Market|iPhone.ActiveCfg = Market|Any CPU
		{84075661-616D-4A4B-805D-3C589EA0DF36}.Market|iPhone.Build.0 = Market|Any CPU
		{84075661-616D-4A4B-805D-3C589EA0DF36}.Market|iPhoneSimulator.ActiveCfg = Market|Any CPU
		{84075661-616D-4A4B-805D-3C589EA0DF36}.Market|iPhoneSimulator.Build.0 = Market|Any CPU
		{84075661-616D-4A4B-805D-3C589EA0DF36}.Release|Any CPU.ActiveCfg = Release|Any CPU
		{84075661-616D-4A4B-805D-3C589EA0DF36}.Release|Any CPU.Build.0 = Release|Any CPU
		{84075661-616D-4A4B-805D-3C589EA0DF36}.Release|iPhone.ActiveCfg = Release|Any CPU
		{84075661-616D-4A4B-805D-3C589EA0DF36}.Release|iPhone.Build.0 = Release|Any CPU
		{84075661-616D-4A4B-805D-3C589EA0DF36}.Release|iPhoneSimulator.ActiveCfg = Release|Any CPU
		{84075661-616D-4A4B-805D-3C589EA0DF36}.Release|iPhoneSimulator.Build.0 = Release|Any CPU
		{7F572967-ABD8-41F4-994B-5BB56F3394AC}.BackTest|Any CPU.ActiveCfg = BackTest|Any CPU
		{7F572967-ABD8-41F4-994B-5BB56F3394AC}.BackTest|Any CPU.Build.0 = BackTest|Any CPU
		{7F572967-ABD8-41F4-994B-5BB56F3394AC}.BackTest|iPhone.ActiveCfg = BackTest|Any CPU
		{7F572967-ABD8-41F4-994B-5BB56F3394AC}.BackTest|iPhone.Build.0 = BackTest|Any CPU
		{7F572967-ABD8-41F4-994B-5BB56F3394AC}.BackTest|iPhoneSimulator.ActiveCfg = BackTest|Any CPU
		{7F572967-ABD8-41F4-994B-5BB56F3394AC}.BackTest|iPhoneSimulator.Build.0 = BackTest|Any CPU
		{7F572967-ABD8-41F4-994B-5BB56F3394AC}.Debug|Any CPU.ActiveCfg = Debug|Any CPU
		{7F572967-ABD8-41F4-994B-5BB56F3394AC}.Debug|Any CPU.Build.0 = Debug|Any CPU
		{7F572967-ABD8-41F4-994B-5BB56F3394AC}.Debug|iPhone.ActiveCfg = Debug|Any CPU
		{7F572967-ABD8-41F4-994B-5BB56F3394AC}.Debug|iPhone.Build.0 = Debug|Any CPU
		{7F572967-ABD8-41F4-994B-5BB56F3394AC}.Debug|iPhoneSimulator.ActiveCfg = Debug|Any CPU
		{7F572967-ABD8-41F4-994B-5BB56F3394AC}.Debug|iPhoneSimulator.Build.0 = Debug|Any CPU
		{7F572967-ABD8-41F4-994B-5BB56F3394AC}.Local|Any CPU.ActiveCfg = Local|Any CPU
		{7F572967-ABD8-41F4-994B-5BB56F3394AC}.Local|Any CPU.Build.0 = Local|Any CPU
		{7F572967-ABD8-41F4-994B-5BB56F3394AC}.Local|iPhone.ActiveCfg = Local|Any CPU
		{7F572967-ABD8-41F4-994B-5BB56F3394AC}.Local|iPhone.Build.0 = Local|Any CPU
		{7F572967-ABD8-41F4-994B-5BB56F3394AC}.Local|iPhoneSimulator.ActiveCfg = Local|Any CPU
		{7F572967-ABD8-41F4-994B-5BB56F3394AC}.Local|iPhoneSimulator.Build.0 = Local|Any CPU
		{7F572967-ABD8-41F4-994B-5BB56F3394AC}.Market|Any CPU.ActiveCfg = Market|Any CPU
		{7F572967-ABD8-41F4-994B-5BB56F3394AC}.Market|Any CPU.Build.0 = Market|Any CPU
		{7F572967-ABD8-41F4-994B-5BB56F3394AC}.Market|iPhone.ActiveCfg = Market|Any CPU
		{7F572967-ABD8-41F4-994B-5BB56F3394AC}.Market|iPhone.Build.0 = Market|Any CPU
		{7F572967-ABD8-41F4-994B-5BB56F3394AC}.Market|iPhoneSimulator.ActiveCfg = Market|Any CPU
		{7F572967-ABD8-41F4-994B-5BB56F3394AC}.Market|iPhoneSimulator.Build.0 = Market|Any CPU
		{7F572967-ABD8-41F4-994B-5BB56F3394AC}.Release|Any CPU.ActiveCfg = Release|Any CPU
		{7F572967-ABD8-41F4-994B-5BB56F3394AC}.Release|Any CPU.Build.0 = Release|Any CPU
		{7F572967-ABD8-41F4-994B-5BB56F3394AC}.Release|iPhone.ActiveCfg = Release|Any CPU
		{7F572967-ABD8-41F4-994B-5BB56F3394AC}.Release|iPhone.Build.0 = Release|Any CPU
		{7F572967-ABD8-41F4-994B-5BB56F3394AC}.Release|iPhoneSimulator.ActiveCfg = Release|Any CPU
		{7F572967-ABD8-41F4-994B-5BB56F3394AC}.Release|iPhoneSimulator.Build.0 = Release|Any CPU
		{D2C7B3DB-A4B0-40FB-87BE-6DAB9709606B}.BackTest|Any CPU.ActiveCfg = BackTest|Any CPU
		{D2C7B3DB-A4B0-40FB-87BE-6DAB9709606B}.BackTest|Any CPU.Build.0 = BackTest|Any CPU
		{D2C7B3DB-A4B0-40FB-87BE-6DAB9709606B}.BackTest|iPhone.ActiveCfg = BackTest|Any CPU
		{D2C7B3DB-A4B0-40FB-87BE-6DAB9709606B}.BackTest|iPhone.Build.0 = BackTest|Any CPU
		{D2C7B3DB-A4B0-40FB-87BE-6DAB9709606B}.BackTest|iPhoneSimulator.ActiveCfg = BackTest|Any CPU
		{D2C7B3DB-A4B0-40FB-87BE-6DAB9709606B}.BackTest|iPhoneSimulator.Build.0 = BackTest|Any CPU
		{D2C7B3DB-A4B0-40FB-87BE-6DAB9709606B}.Debug|Any CPU.ActiveCfg = Debug|Any CPU
		{D2C7B3DB-A4B0-40FB-87BE-6DAB9709606B}.Debug|Any CPU.Build.0 = Debug|Any CPU
		{D2C7B3DB-A4B0-40FB-87BE-6DAB9709606B}.Debug|iPhone.ActiveCfg = Debug|Any CPU
		{D2C7B3DB-A4B0-40FB-87BE-6DAB9709606B}.Debug|iPhone.Build.0 = Debug|Any CPU
		{D2C7B3DB-A4B0-40FB-87BE-6DAB9709606B}.Debug|iPhoneSimulator.ActiveCfg = Debug|Any CPU
		{D2C7B3DB-A4B0-40FB-87BE-6DAB9709606B}.Debug|iPhoneSimulator.Build.0 = Debug|Any CPU
		{D2C7B3DB-A4B0-40FB-87BE-6DAB9709606B}.Local|Any CPU.ActiveCfg = Local|Any CPU
		{D2C7B3DB-A4B0-40FB-87BE-6DAB9709606B}.Local|Any CPU.Build.0 = Local|Any CPU
		{D2C7B3DB-A4B0-40FB-87BE-6DAB9709606B}.Local|iPhone.ActiveCfg = Local|Any CPU
		{D2C7B3DB-A4B0-40FB-87BE-6DAB9709606B}.Local|iPhone.Build.0 = Local|Any CPU
		{D2C7B3DB-A4B0-40FB-87BE-6DAB9709606B}.Local|iPhoneSimulator.ActiveCfg = Local|Any CPU
		{D2C7B3DB-A4B0-40FB-87BE-6DAB9709606B}.Local|iPhoneSimulator.Build.0 = Local|Any CPU
		{D2C7B3DB-A4B0-40FB-87BE-6DAB9709606B}.Market|Any CPU.ActiveCfg = Market|Any CPU
		{D2C7B3DB-A4B0-40FB-87BE-6DAB9709606B}.Market|Any CPU.Build.0 = Market|Any CPU
		{D2C7B3DB-A4B0-40FB-87BE-6DAB9709606B}.Market|iPhone.ActiveCfg = Market|Any CPU
		{D2C7B3DB-A4B0-40FB-87BE-6DAB9709606B}.Market|iPhone.Build.0 = Market|Any CPU
		{D2C7B3DB-A4B0-40FB-87BE-6DAB9709606B}.Market|iPhoneSimulator.ActiveCfg = Market|Any CPU
		{D2C7B3DB-A4B0-40FB-87BE-6DAB9709606B}.Market|iPhoneSimulator.Build.0 = Market|Any CPU
		{D2C7B3DB-A4B0-40FB-87BE-6DAB9709606B}.Release|Any CPU.ActiveCfg = Release|Any CPU
		{D2C7B3DB-A4B0-40FB-87BE-6DAB9709606B}.Release|Any CPU.Build.0 = Release|Any CPU
		{D2C7B3DB-A4B0-40FB-87BE-6DAB9709606B}.Release|iPhone.ActiveCfg = Release|Any CPU
		{D2C7B3DB-A4B0-40FB-87BE-6DAB9709606B}.Release|iPhone.Build.0 = Release|Any CPU
		{D2C7B3DB-A4B0-40FB-87BE-6DAB9709606B}.Release|iPhoneSimulator.ActiveCfg = Release|Any CPU
		{D2C7B3DB-A4B0-40FB-87BE-6DAB9709606B}.Release|iPhoneSimulator.Build.0 = Release|Any CPU
		{FFBCFEAA-CD47-4C53-A746-51919DE9F6E0}.BackTest|Any CPU.ActiveCfg = BackTest|Any CPU
		{FFBCFEAA-CD47-4C53-A746-51919DE9F6E0}.BackTest|Any CPU.Build.0 = BackTest|Any CPU
		{FFBCFEAA-CD47-4C53-A746-51919DE9F6E0}.BackTest|iPhone.ActiveCfg = BackTest|Any CPU
		{FFBCFEAA-CD47-4C53-A746-51919DE9F6E0}.BackTest|iPhone.Build.0 = BackTest|Any CPU
		{FFBCFEAA-CD47-4C53-A746-51919DE9F6E0}.BackTest|iPhoneSimulator.ActiveCfg = BackTest|Any CPU
		{FFBCFEAA-CD47-4C53-A746-51919DE9F6E0}.BackTest|iPhoneSimulator.Build.0 = BackTest|Any CPU
		{FFBCFEAA-CD47-4C53-A746-51919DE9F6E0}.Debug|Any CPU.ActiveCfg = Debug|Any CPU
		{FFBCFEAA-CD47-4C53-A746-51919DE9F6E0}.Debug|Any CPU.Build.0 = Debug|Any CPU
		{FFBCFEAA-CD47-4C53-A746-51919DE9F6E0}.Debug|iPhone.ActiveCfg = Debug|Any CPU
		{FFBCFEAA-CD47-4C53-A746-51919DE9F6E0}.Debug|iPhone.Build.0 = Debug|Any CPU
		{FFBCFEAA-CD47-4C53-A746-51919DE9F6E0}.Debug|iPhoneSimulator.ActiveCfg = Debug|Any CPU
		{FFBCFEAA-CD47-4C53-A746-51919DE9F6E0}.Debug|iPhoneSimulator.Build.0 = Debug|Any CPU
		{FFBCFEAA-CD47-4C53-A746-51919DE9F6E0}.Local|Any CPU.ActiveCfg = Local|Any CPU
		{FFBCFEAA-CD47-4C53-A746-51919DE9F6E0}.Local|Any CPU.Build.0 = Local|Any CPU
		{FFBCFEAA-CD47-4C53-A746-51919DE9F6E0}.Local|iPhone.ActiveCfg = Local|Any CPU
		{FFBCFEAA-CD47-4C53-A746-51919DE9F6E0}.Local|iPhone.Build.0 = Local|Any CPU
		{FFBCFEAA-CD47-4C53-A746-51919DE9F6E0}.Local|iPhoneSimulator.ActiveCfg = Local|Any CPU
		{FFBCFEAA-CD47-4C53-A746-51919DE9F6E0}.Local|iPhoneSimulator.Build.0 = Local|Any CPU
		{FFBCFEAA-CD47-4C53-A746-51919DE9F6E0}.Market|Any CPU.ActiveCfg = Market|Any CPU
		{FFBCFEAA-CD47-4C53-A746-51919DE9F6E0}.Market|Any CPU.Build.0 = Market|Any CPU
		{FFBCFEAA-CD47-4C53-A746-51919DE9F6E0}.Market|iPhone.ActiveCfg = Market|Any CPU
		{FFBCFEAA-CD47-4C53-A746-51919DE9F6E0}.Market|iPhone.Build.0 = Market|Any CPU
		{FFBCFEAA-CD47-4C53-A746-51919DE9F6E0}.Market|iPhoneSimulator.ActiveCfg = Market|Any CPU
		{FFBCFEAA-CD47-4C53-A746-51919DE9F6E0}.Market|iPhoneSimulator.Build.0 = Market|Any CPU
		{FFBCFEAA-CD47-4C53-A746-51919DE9F6E0}.Release|Any CPU.ActiveCfg = Release|Any CPU
		{FFBCFEAA-CD47-4C53-A746-51919DE9F6E0}.Release|Any CPU.Build.0 = Release|Any CPU
		{FFBCFEAA-CD47-4C53-A746-51919DE9F6E0}.Release|iPhone.ActiveCfg = Release|Any CPU
		{FFBCFEAA-CD47-4C53-A746-51919DE9F6E0}.Release|iPhone.Build.0 = Release|Any CPU
		{FFBCFEAA-CD47-4C53-A746-51919DE9F6E0}.Release|iPhoneSimulator.ActiveCfg = Release|Any CPU
		{FFBCFEAA-CD47-4C53-A746-51919DE9F6E0}.Release|iPhoneSimulator.Build.0 = Release|Any CPU
		{C3C96B72-ECC8-4CC7-B1D9-8C1C4F087FF1}.BackTest|Any CPU.ActiveCfg = BackTest|Any CPU
		{C3C96B72-ECC8-4CC7-B1D9-8C1C4F087FF1}.BackTest|Any CPU.Build.0 = BackTest|Any CPU
		{C3C96B72-ECC8-4CC7-B1D9-8C1C4F087FF1}.BackTest|iPhone.ActiveCfg = BackTest|Any CPU
		{C3C96B72-ECC8-4CC7-B1D9-8C1C4F087FF1}.BackTest|iPhone.Build.0 = BackTest|Any CPU
		{C3C96B72-ECC8-4CC7-B1D9-8C1C4F087FF1}.BackTest|iPhoneSimulator.ActiveCfg = BackTest|Any CPU
		{C3C96B72-ECC8-4CC7-B1D9-8C1C4F087FF1}.BackTest|iPhoneSimulator.Build.0 = BackTest|Any CPU
		{C3C96B72-ECC8-4CC7-B1D9-8C1C4F087FF1}.Debug|Any CPU.ActiveCfg = Debug|Any CPU
		{C3C96B72-ECC8-4CC7-B1D9-8C1C4F087FF1}.Debug|Any CPU.Build.0 = Debug|Any CPU
		{C3C96B72-ECC8-4CC7-B1D9-8C1C4F087FF1}.Debug|iPhone.ActiveCfg = Debug|Any CPU
		{C3C96B72-ECC8-4CC7-B1D9-8C1C4F087FF1}.Debug|iPhone.Build.0 = Debug|Any CPU
		{C3C96B72-ECC8-4CC7-B1D9-8C1C4F087FF1}.Debug|iPhoneSimulator.ActiveCfg = Debug|Any CPU
		{C3C96B72-ECC8-4CC7-B1D9-8C1C4F087FF1}.Debug|iPhoneSimulator.Build.0 = Debug|Any CPU
		{C3C96B72-ECC8-4CC7-B1D9-8C1C4F087FF1}.Local|Any CPU.ActiveCfg = Local|Any CPU
		{C3C96B72-ECC8-4CC7-B1D9-8C1C4F087FF1}.Local|Any CPU.Build.0 = Local|Any CPU
		{C3C96B72-ECC8-4CC7-B1D9-8C1C4F087FF1}.Local|iPhone.ActiveCfg = Local|Any CPU
		{C3C96B72-ECC8-4CC7-B1D9-8C1C4F087FF1}.Local|iPhone.Build.0 = Local|Any CPU
		{C3C96B72-ECC8-4CC7-B1D9-8C1C4F087FF1}.Local|iPhoneSimulator.ActiveCfg = Local|Any CPU
		{C3C96B72-ECC8-4CC7-B1D9-8C1C4F087FF1}.Local|iPhoneSimulator.Build.0 = Local|Any CPU
		{C3C96B72-ECC8-4CC7-B1D9-8C1C4F087FF1}.Market|Any CPU.ActiveCfg = Market|Any CPU
		{C3C96B72-ECC8-4CC7-B1D9-8C1C4F087FF1}.Market|Any CPU.Build.0 = Market|Any CPU
		{C3C96B72-ECC8-4CC7-B1D9-8C1C4F087FF1}.Market|iPhone.ActiveCfg = Market|Any CPU
		{C3C96B72-ECC8-4CC7-B1D9-8C1C4F087FF1}.Market|iPhone.Build.0 = Market|Any CPU
		{C3C96B72-ECC8-4CC7-B1D9-8C1C4F087FF1}.Market|iPhoneSimulator.ActiveCfg = Market|Any CPU
		{C3C96B72-ECC8-4CC7-B1D9-8C1C4F087FF1}.Market|iPhoneSimulator.Build.0 = Market|Any CPU
		{C3C96B72-ECC8-4CC7-B1D9-8C1C4F087FF1}.Release|Any CPU.ActiveCfg = Release|Any CPU
		{C3C96B72-ECC8-4CC7-B1D9-8C1C4F087FF1}.Release|Any CPU.Build.0 = Release|Any CPU
		{C3C96B72-ECC8-4CC7-B1D9-8C1C4F087FF1}.Release|iPhone.ActiveCfg = Release|Any CPU
		{C3C96B72-ECC8-4CC7-B1D9-8C1C4F087FF1}.Release|iPhone.Build.0 = Release|Any CPU
		{C3C96B72-ECC8-4CC7-B1D9-8C1C4F087FF1}.Release|iPhoneSimulator.ActiveCfg = Release|Any CPU
		{C3C96B72-ECC8-4CC7-B1D9-8C1C4F087FF1}.Release|iPhoneSimulator.Build.0 = Release|Any CPU
		{4B711571-9ACD-471C-A4C6-943A584C661D}.BackTest|Any CPU.ActiveCfg = BackTest|Any CPU
		{4B711571-9ACD-471C-A4C6-943A584C661D}.BackTest|Any CPU.Build.0 = BackTest|Any CPU
		{4B711571-9ACD-471C-A4C6-943A584C661D}.BackTest|iPhone.ActiveCfg = BackTest|Any CPU
		{4B711571-9ACD-471C-A4C6-943A584C661D}.BackTest|iPhone.Build.0 = BackTest|Any CPU
		{4B711571-9ACD-471C-A4C6-943A584C661D}.BackTest|iPhoneSimulator.ActiveCfg = BackTest|Any CPU
		{4B711571-9ACD-471C-A4C6-943A584C661D}.BackTest|iPhoneSimulator.Build.0 = BackTest|Any CPU
		{4B711571-9ACD-471C-A4C6-943A584C661D}.Debug|Any CPU.ActiveCfg = Debug|Any CPU
		{4B711571-9ACD-471C-A4C6-943A584C661D}.Debug|Any CPU.Build.0 = Debug|Any CPU
		{4B711571-9ACD-471C-A4C6-943A584C661D}.Debug|iPhone.ActiveCfg = Debug|Any CPU
		{4B711571-9ACD-471C-A4C6-943A584C661D}.Debug|iPhone.Build.0 = Debug|Any CPU
		{4B711571-9ACD-471C-A4C6-943A584C661D}.Debug|iPhoneSimulator.ActiveCfg = Debug|Any CPU
		{4B711571-9ACD-471C-A4C6-943A584C661D}.Debug|iPhoneSimulator.Build.0 = Debug|Any CPU
		{4B711571-9ACD-471C-A4C6-943A584C661D}.Local|Any CPU.ActiveCfg = Local|Any CPU
		{4B711571-9ACD-471C-A4C6-943A584C661D}.Local|Any CPU.Build.0 = Local|Any CPU
		{4B711571-9ACD-471C-A4C6-943A584C661D}.Local|iPhone.ActiveCfg = Local|Any CPU
		{4B711571-9ACD-471C-A4C6-943A584C661D}.Local|iPhone.Build.0 = Local|Any CPU
		{4B711571-9ACD-471C-A4C6-943A584C661D}.Local|iPhoneSimulator.ActiveCfg = Local|Any CPU
		{4B711571-9ACD-471C-A4C6-943A584C661D}.Local|iPhoneSimulator.Build.0 = Local|Any CPU
		{4B711571-9ACD-471C-A4C6-943A584C661D}.Market|Any CPU.ActiveCfg = Market|Any CPU
		{4B711571-9ACD-471C-A4C6-943A584C661D}.Market|Any CPU.Build.0 = Market|Any CPU
		{4B711571-9ACD-471C-A4C6-943A584C661D}.Market|iPhone.ActiveCfg = Market|Any CPU
		{4B711571-9ACD-471C-A4C6-943A584C661D}.Market|iPhone.Build.0 = Market|Any CPU
		{4B711571-9ACD-471C-A4C6-943A584C661D}.Market|iPhoneSimulator.ActiveCfg = Market|Any CPU
		{4B711571-9ACD-471C-A4C6-943A584C661D}.Market|iPhoneSimulator.Build.0 = Market|Any CPU
		{4B711571-9ACD-471C-A4C6-943A584C661D}.Release|Any CPU.ActiveCfg = Release|Any CPU
		{4B711571-9ACD-471C-A4C6-943A584C661D}.Release|Any CPU.Build.0 = Release|Any CPU
		{4B711571-9ACD-471C-A4C6-943A584C661D}.Release|iPhone.ActiveCfg = Release|Any CPU
		{4B711571-9ACD-471C-A4C6-943A584C661D}.Release|iPhone.Build.0 = Release|Any CPU
		{4B711571-9ACD-471C-A4C6-943A584C661D}.Release|iPhoneSimulator.ActiveCfg = Release|Any CPU
		{4B711571-9ACD-471C-A4C6-943A584C661D}.Release|iPhoneSimulator.Build.0 = Release|Any CPU
		{EEB039AB-CE58-48A6-A902-A70A421D33A1}.BackTest|Any CPU.ActiveCfg = BackTest|Any CPU
		{EEB039AB-CE58-48A6-A902-A70A421D33A1}.BackTest|Any CPU.Build.0 = BackTest|Any CPU
		{EEB039AB-CE58-48A6-A902-A70A421D33A1}.BackTest|iPhone.ActiveCfg = BackTest|Any CPU
		{EEB039AB-CE58-48A6-A902-A70A421D33A1}.BackTest|iPhone.Build.0 = BackTest|Any CPU
		{EEB039AB-CE58-48A6-A902-A70A421D33A1}.BackTest|iPhoneSimulator.ActiveCfg = BackTest|Any CPU
		{EEB039AB-CE58-48A6-A902-A70A421D33A1}.BackTest|iPhoneSimulator.Build.0 = BackTest|Any CPU
		{EEB039AB-CE58-48A6-A902-A70A421D33A1}.Debug|Any CPU.ActiveCfg = Debug|Any CPU
		{EEB039AB-CE58-48A6-A902-A70A421D33A1}.Debug|Any CPU.Build.0 = Debug|Any CPU
		{EEB039AB-CE58-48A6-A902-A70A421D33A1}.Debug|iPhone.ActiveCfg = Debug|Any CPU
		{EEB039AB-CE58-48A6-A902-A70A421D33A1}.Debug|iPhone.Build.0 = Debug|Any CPU
		{EEB039AB-CE58-48A6-A902-A70A421D33A1}.Debug|iPhoneSimulator.ActiveCfg = Debug|Any CPU
		{EEB039AB-CE58-48A6-A902-A70A421D33A1}.Debug|iPhoneSimulator.Build.0 = Debug|Any CPU
		{EEB039AB-CE58-48A6-A902-A70A421D33A1}.Local|Any CPU.ActiveCfg = Local|Any CPU
		{EEB039AB-CE58-48A6-A902-A70A421D33A1}.Local|Any CPU.Build.0 = Local|Any CPU
		{EEB039AB-CE58-48A6-A902-A70A421D33A1}.Local|iPhone.ActiveCfg = Local|Any CPU
		{EEB039AB-CE58-48A6-A902-A70A421D33A1}.Local|iPhone.Build.0 = Local|Any CPU
		{EEB039AB-CE58-48A6-A902-A70A421D33A1}.Local|iPhoneSimulator.ActiveCfg = Local|Any CPU
		{EEB039AB-CE58-48A6-A902-A70A421D33A1}.Local|iPhoneSimulator.Build.0 = Local|Any CPU
		{EEB039AB-CE58-48A6-A902-A70A421D33A1}.Market|Any CPU.ActiveCfg = Market|Any CPU
		{EEB039AB-CE58-48A6-A902-A70A421D33A1}.Market|Any CPU.Build.0 = Market|Any CPU
		{EEB039AB-CE58-48A6-A902-A70A421D33A1}.Market|iPhone.ActiveCfg = Market|Any CPU
		{EEB039AB-CE58-48A6-A902-A70A421D33A1}.Market|iPhone.Build.0 = Market|Any CPU
		{EEB039AB-CE58-48A6-A902-A70A421D33A1}.Market|iPhoneSimulator.ActiveCfg = Market|Any CPU
		{EEB039AB-CE58-48A6-A902-A70A421D33A1}.Market|iPhoneSimulator.Build.0 = Market|Any CPU
		{EEB039AB-CE58-48A6-A902-A70A421D33A1}.Release|Any CPU.ActiveCfg = Release|Any CPU
		{EEB039AB-CE58-48A6-A902-A70A421D33A1}.Release|Any CPU.Build.0 = Release|Any CPU
		{EEB039AB-CE58-48A6-A902-A70A421D33A1}.Release|iPhone.ActiveCfg = Release|Any CPU
		{EEB039AB-CE58-48A6-A902-A70A421D33A1}.Release|iPhone.Build.0 = Release|Any CPU
		{EEB039AB-CE58-48A6-A902-A70A421D33A1}.Release|iPhoneSimulator.ActiveCfg = Release|Any CPU
		{EEB039AB-CE58-48A6-A902-A70A421D33A1}.Release|iPhoneSimulator.Build.0 = Release|Any CPU
		{9676DA68-04E7-483D-824D-AFC007C982C1}.BackTest|Any CPU.ActiveCfg = BackTest|Any CPU
		{9676DA68-04E7-483D-824D-AFC007C982C1}.BackTest|Any CPU.Build.0 = BackTest|Any CPU
		{9676DA68-04E7-483D-824D-AFC007C982C1}.BackTest|iPhone.ActiveCfg = BackTest|Any CPU
		{9676DA68-04E7-483D-824D-AFC007C982C1}.BackTest|iPhone.Build.0 = BackTest|Any CPU
		{9676DA68-04E7-483D-824D-AFC007C982C1}.BackTest|iPhoneSimulator.ActiveCfg = BackTest|Any CPU
		{9676DA68-04E7-483D-824D-AFC007C982C1}.BackTest|iPhoneSimulator.Build.0 = BackTest|Any CPU
		{9676DA68-04E7-483D-824D-AFC007C982C1}.Debug|Any CPU.ActiveCfg = Debug|Any CPU
		{9676DA68-04E7-483D-824D-AFC007C982C1}.Debug|Any CPU.Build.0 = Debug|Any CPU
		{9676DA68-04E7-483D-824D-AFC007C982C1}.Debug|iPhone.ActiveCfg = Debug|Any CPU
		{9676DA68-04E7-483D-824D-AFC007C982C1}.Debug|iPhone.Build.0 = Debug|Any CPU
		{9676DA68-04E7-483D-824D-AFC007C982C1}.Debug|iPhoneSimulator.ActiveCfg = Debug|Any CPU
		{9676DA68-04E7-483D-824D-AFC007C982C1}.Debug|iPhoneSimulator.Build.0 = Debug|Any CPU
		{9676DA68-04E7-483D-824D-AFC007C982C1}.Local|Any CPU.ActiveCfg = Local|Any CPU
		{9676DA68-04E7-483D-824D-AFC007C982C1}.Local|Any CPU.Build.0 = Local|Any CPU
		{9676DA68-04E7-483D-824D-AFC007C982C1}.Local|iPhone.ActiveCfg = Local|Any CPU
		{9676DA68-04E7-483D-824D-AFC007C982C1}.Local|iPhone.Build.0 = Local|Any CPU
		{9676DA68-04E7-483D-824D-AFC007C982C1}.Local|iPhoneSimulator.ActiveCfg = Local|Any CPU
		{9676DA68-04E7-483D-824D-AFC007C982C1}.Local|iPhoneSimulator.Build.0 = Local|Any CPU
		{9676DA68-04E7-483D-824D-AFC007C982C1}.Market|Any CPU.ActiveCfg = Market|Any CPU
		{9676DA68-04E7-483D-824D-AFC007C982C1}.Market|Any CPU.Build.0 = Market|Any CPU
		{9676DA68-04E7-483D-824D-AFC007C982C1}.Market|iPhone.ActiveCfg = Market|Any CPU
		{9676DA68-04E7-483D-824D-AFC007C982C1}.Market|iPhone.Build.0 = Market|Any CPU
		{9676DA68-04E7-483D-824D-AFC007C982C1}.Market|iPhoneSimulator.ActiveCfg = Market|Any CPU
		{9676DA68-04E7-483D-824D-AFC007C982C1}.Market|iPhoneSimulator.Build.0 = Market|Any CPU
		{9676DA68-04E7-483D-824D-AFC007C982C1}.Release|Any CPU.ActiveCfg = Release|Any CPU
		{9676DA68-04E7-483D-824D-AFC007C982C1}.Release|Any CPU.Build.0 = Release|Any CPU
		{9676DA68-04E7-483D-824D-AFC007C982C1}.Release|iPhone.ActiveCfg = Release|Any CPU
		{9676DA68-04E7-483D-824D-AFC007C982C1}.Release|iPhone.Build.0 = Release|Any CPU
		{9676DA68-04E7-483D-824D-AFC007C982C1}.Release|iPhoneSimulator.ActiveCfg = Release|Any CPU
		{9676DA68-04E7-483D-824D-AFC007C982C1}.Release|iPhoneSimulator.Build.0 = Release|Any CPU
		{0ED0946F-E485-4671-9119-2CA800AC169F}.BackTest|Any CPU.ActiveCfg = BackTest|Any CPU
		{0ED0946F-E485-4671-9119-2CA800AC169F}.BackTest|Any CPU.Build.0 = BackTest|Any CPU
		{0ED0946F-E485-4671-9119-2CA800AC169F}.BackTest|iPhone.ActiveCfg = BackTest|Any CPU
		{0ED0946F-E485-4671-9119-2CA800AC169F}.BackTest|iPhone.Build.0 = BackTest|Any CPU
		{0ED0946F-E485-4671-9119-2CA800AC169F}.BackTest|iPhoneSimulator.ActiveCfg = BackTest|Any CPU
		{0ED0946F-E485-4671-9119-2CA800AC169F}.BackTest|iPhoneSimulator.Build.0 = BackTest|Any CPU
		{0ED0946F-E485-4671-9119-2CA800AC169F}.Debug|Any CPU.ActiveCfg = Debug|Any CPU
		{0ED0946F-E485-4671-9119-2CA800AC169F}.Debug|Any CPU.Build.0 = Debug|Any CPU
		{0ED0946F-E485-4671-9119-2CA800AC169F}.Debug|iPhone.ActiveCfg = Debug|Any CPU
		{0ED0946F-E485-4671-9119-2CA800AC169F}.Debug|iPhone.Build.0 = Debug|Any CPU
		{0ED0946F-E485-4671-9119-2CA800AC169F}.Debug|iPhoneSimulator.ActiveCfg = Debug|Any CPU
		{0ED0946F-E485-4671-9119-2CA800AC169F}.Debug|iPhoneSimulator.Build.0 = Debug|Any CPU
		{0ED0946F-E485-4671-9119-2CA800AC169F}.Local|Any CPU.ActiveCfg = Local|Any CPU
		{0ED0946F-E485-4671-9119-2CA800AC169F}.Local|Any CPU.Build.0 = Local|Any CPU
		{0ED0946F-E485-4671-9119-2CA800AC169F}.Local|iPhone.ActiveCfg = Local|Any CPU
		{0ED0946F-E485-4671-9119-2CA800AC169F}.Local|iPhone.Build.0 = Local|Any CPU
		{0ED0946F-E485-4671-9119-2CA800AC169F}.Local|iPhoneSimulator.ActiveCfg = Local|Any CPU
		{0ED0946F-E485-4671-9119-2CA800AC169F}.Local|iPhoneSimulator.Build.0 = Local|Any CPU
		{0ED0946F-E485-4671-9119-2CA800AC169F}.Market|Any CPU.ActiveCfg = Market|Any CPU
		{0ED0946F-E485-4671-9119-2CA800AC169F}.Market|Any CPU.Build.0 = Market|Any CPU
		{0ED0946F-E485-4671-9119-2CA800AC169F}.Market|iPhone.ActiveCfg = Market|Any CPU
		{0ED0946F-E485-4671-9119-2CA800AC169F}.Market|iPhone.Build.0 = Market|Any CPU
		{0ED0946F-E485-4671-9119-2CA800AC169F}.Market|iPhoneSimulator.ActiveCfg = Market|Any CPU
		{0ED0946F-E485-4671-9119-2CA800AC169F}.Market|iPhoneSimulator.Build.0 = Market|Any CPU
		{0ED0946F-E485-4671-9119-2CA800AC169F}.Release|Any CPU.ActiveCfg = Release|Any CPU
		{0ED0946F-E485-4671-9119-2CA800AC169F}.Release|Any CPU.Build.0 = Release|Any CPU
		{0ED0946F-E485-4671-9119-2CA800AC169F}.Release|iPhone.ActiveCfg = Release|Any CPU
		{0ED0946F-E485-4671-9119-2CA800AC169F}.Release|iPhone.Build.0 = Release|Any CPU
		{0ED0946F-E485-4671-9119-2CA800AC169F}.Release|iPhoneSimulator.ActiveCfg = Release|Any CPU
		{0ED0946F-E485-4671-9119-2CA800AC169F}.Release|iPhoneSimulator.Build.0 = Release|Any CPU
		{27D0B3DB-5CD3-43C7-979F-1FB518BEB851}.BackTest|Any CPU.ActiveCfg = BackTest|Any CPU
		{27D0B3DB-5CD3-43C7-979F-1FB518BEB851}.BackTest|Any CPU.Build.0 = BackTest|Any CPU
		{27D0B3DB-5CD3-43C7-979F-1FB518BEB851}.BackTest|iPhone.ActiveCfg = BackTest|Any CPU
		{27D0B3DB-5CD3-43C7-979F-1FB518BEB851}.BackTest|iPhone.Build.0 = BackTest|Any CPU
		{27D0B3DB-5CD3-43C7-979F-1FB518BEB851}.BackTest|iPhoneSimulator.ActiveCfg = BackTest|Any CPU
		{27D0B3DB-5CD3-43C7-979F-1FB518BEB851}.BackTest|iPhoneSimulator.Build.0 = BackTest|Any CPU
		{27D0B3DB-5CD3-43C7-979F-1FB518BEB851}.Debug|Any CPU.ActiveCfg = Debug|Any CPU
		{27D0B3DB-5CD3-43C7-979F-1FB518BEB851}.Debug|Any CPU.Build.0 = Debug|Any CPU
		{27D0B3DB-5CD3-43C7-979F-1FB518BEB851}.Debug|iPhone.ActiveCfg = Debug|Any CPU
		{27D0B3DB-5CD3-43C7-979F-1FB518BEB851}.Debug|iPhone.Build.0 = Debug|Any CPU
		{27D0B3DB-5CD3-43C7-979F-1FB518BEB851}.Debug|iPhoneSimulator.ActiveCfg = Debug|Any CPU
		{27D0B3DB-5CD3-43C7-979F-1FB518BEB851}.Debug|iPhoneSimulator.Build.0 = Debug|Any CPU
		{27D0B3DB-5CD3-43C7-979F-1FB518BEB851}.Local|Any CPU.ActiveCfg = Local|Any CPU
		{27D0B3DB-5CD3-43C7-979F-1FB518BEB851}.Local|Any CPU.Build.0 = Local|Any CPU
		{27D0B3DB-5CD3-43C7-979F-1FB518BEB851}.Local|iPhone.ActiveCfg = Local|Any CPU
		{27D0B3DB-5CD3-43C7-979F-1FB518BEB851}.Local|iPhone.Build.0 = Local|Any CPU
		{27D0B3DB-5CD3-43C7-979F-1FB518BEB851}.Local|iPhoneSimulator.ActiveCfg = Local|Any CPU
		{27D0B3DB-5CD3-43C7-979F-1FB518BEB851}.Local|iPhoneSimulator.Build.0 = Local|Any CPU
		{27D0B3DB-5CD3-43C7-979F-1FB518BEB851}.Market|Any CPU.ActiveCfg = Market|Any CPU
		{27D0B3DB-5CD3-43C7-979F-1FB518BEB851}.Market|Any CPU.Build.0 = Market|Any CPU
		{27D0B3DB-5CD3-43C7-979F-1FB518BEB851}.Market|iPhone.ActiveCfg = Market|Any CPU
		{27D0B3DB-5CD3-43C7-979F-1FB518BEB851}.Market|iPhone.Build.0 = Market|Any CPU
		{27D0B3DB-5CD3-43C7-979F-1FB518BEB851}.Market|iPhoneSimulator.ActiveCfg = Market|Any CPU
		{27D0B3DB-5CD3-43C7-979F-1FB518BEB851}.Market|iPhoneSimulator.Build.0 = Market|Any CPU
		{27D0B3DB-5CD3-43C7-979F-1FB518BEB851}.Release|Any CPU.ActiveCfg = Release|Any CPU
		{27D0B3DB-5CD3-43C7-979F-1FB518BEB851}.Release|Any CPU.Build.0 = Release|Any CPU
		{27D0B3DB-5CD3-43C7-979F-1FB518BEB851}.Release|iPhone.ActiveCfg = Release|Any CPU
		{27D0B3DB-5CD3-43C7-979F-1FB518BEB851}.Release|iPhone.Build.0 = Release|Any CPU
		{27D0B3DB-5CD3-43C7-979F-1FB518BEB851}.Release|iPhoneSimulator.ActiveCfg = Release|Any CPU
		{27D0B3DB-5CD3-43C7-979F-1FB518BEB851}.Release|iPhoneSimulator.Build.0 = Release|Any CPU
		{E55C9FA0-79DA-4279-93DB-1E8562E7C027}.BackTest|Any CPU.ActiveCfg = BackTest|Any CPU
		{E55C9FA0-79DA-4279-93DB-1E8562E7C027}.BackTest|Any CPU.Build.0 = BackTest|Any CPU
		{E55C9FA0-79DA-4279-93DB-1E8562E7C027}.BackTest|iPhone.ActiveCfg = BackTest|Any CPU
		{E55C9FA0-79DA-4279-93DB-1E8562E7C027}.BackTest|iPhone.Build.0 = BackTest|Any CPU
		{E55C9FA0-79DA-4279-93DB-1E8562E7C027}.BackTest|iPhoneSimulator.ActiveCfg = BackTest|Any CPU
		{E55C9FA0-79DA-4279-93DB-1E8562E7C027}.BackTest|iPhoneSimulator.Build.0 = BackTest|Any CPU
		{E55C9FA0-79DA-4279-93DB-1E8562E7C027}.Debug|Any CPU.ActiveCfg = Debug|Any CPU
		{E55C9FA0-79DA-4279-93DB-1E8562E7C027}.Debug|Any CPU.Build.0 = Debug|Any CPU
		{E55C9FA0-79DA-4279-93DB-1E8562E7C027}.Debug|iPhone.ActiveCfg = Debug|Any CPU
		{E55C9FA0-79DA-4279-93DB-1E8562E7C027}.Debug|iPhone.Build.0 = Debug|Any CPU
		{E55C9FA0-79DA-4279-93DB-1E8562E7C027}.Debug|iPhoneSimulator.ActiveCfg = Debug|Any CPU
		{E55C9FA0-79DA-4279-93DB-1E8562E7C027}.Debug|iPhoneSimulator.Build.0 = Debug|Any CPU
		{E55C9FA0-79DA-4279-93DB-1E8562E7C027}.Local|Any CPU.ActiveCfg = Local|Any CPU
		{E55C9FA0-79DA-4279-93DB-1E8562E7C027}.Local|Any CPU.Build.0 = Local|Any CPU
		{E55C9FA0-79DA-4279-93DB-1E8562E7C027}.Local|iPhone.ActiveCfg = Local|Any CPU
		{E55C9FA0-79DA-4279-93DB-1E8562E7C027}.Local|iPhone.Build.0 = Local|Any CPU
		{E55C9FA0-79DA-4279-93DB-1E8562E7C027}.Local|iPhoneSimulator.ActiveCfg = Local|Any CPU
		{E55C9FA0-79DA-4279-93DB-1E8562E7C027}.Local|iPhoneSimulator.Build.0 = Local|Any CPU
		{E55C9FA0-79DA-4279-93DB-1E8562E7C027}.Market|Any CPU.ActiveCfg = Market|Any CPU
		{E55C9FA0-79DA-4279-93DB-1E8562E7C027}.Market|Any CPU.Build.0 = Market|Any CPU
		{E55C9FA0-79DA-4279-93DB-1E8562E7C027}.Market|iPhone.ActiveCfg = Market|Any CPU
		{E55C9FA0-79DA-4279-93DB-1E8562E7C027}.Market|iPhone.Build.0 = Market|Any CPU
		{E55C9FA0-79DA-4279-93DB-1E8562E7C027}.Market|iPhoneSimulator.ActiveCfg = Market|Any CPU
		{E55C9FA0-79DA-4279-93DB-1E8562E7C027}.Market|iPhoneSimulator.Build.0 = Market|Any CPU
		{E55C9FA0-79DA-4279-93DB-1E8562E7C027}.Release|Any CPU.ActiveCfg = Release|Any CPU
		{E55C9FA0-79DA-4279-93DB-1E8562E7C027}.Release|Any CPU.Build.0 = Release|Any CPU
		{E55C9FA0-79DA-4279-93DB-1E8562E7C027}.Release|iPhone.ActiveCfg = Release|Any CPU
		{E55C9FA0-79DA-4279-93DB-1E8562E7C027}.Release|iPhone.Build.0 = Release|Any CPU
		{E55C9FA0-79DA-4279-93DB-1E8562E7C027}.Release|iPhoneSimulator.ActiveCfg = Release|Any CPU
		{E55C9FA0-79DA-4279-93DB-1E8562E7C027}.Release|iPhoneSimulator.Build.0 = Release|Any CPU
		{BC3024F9-7361-4720-8C2C-44F648739B1E}.BackTest|Any CPU.ActiveCfg = BackTest|Any CPU
		{BC3024F9-7361-4720-8C2C-44F648739B1E}.BackTest|Any CPU.Build.0 = BackTest|Any CPU
		{BC3024F9-7361-4720-8C2C-44F648739B1E}.BackTest|iPhone.ActiveCfg = BackTest|Any CPU
		{BC3024F9-7361-4720-8C2C-44F648739B1E}.BackTest|iPhone.Build.0 = BackTest|Any CPU
		{BC3024F9-7361-4720-8C2C-44F648739B1E}.BackTest|iPhoneSimulator.ActiveCfg = BackTest|Any CPU
		{BC3024F9-7361-4720-8C2C-44F648739B1E}.BackTest|iPhoneSimulator.Build.0 = BackTest|Any CPU
		{BC3024F9-7361-4720-8C2C-44F648739B1E}.Debug|Any CPU.ActiveCfg = Debug|Any CPU
		{BC3024F9-7361-4720-8C2C-44F648739B1E}.Debug|Any CPU.Build.0 = Debug|Any CPU
		{BC3024F9-7361-4720-8C2C-44F648739B1E}.Debug|iPhone.ActiveCfg = Debug|Any CPU
		{BC3024F9-7361-4720-8C2C-44F648739B1E}.Debug|iPhone.Build.0 = Debug|Any CPU
		{BC3024F9-7361-4720-8C2C-44F648739B1E}.Debug|iPhoneSimulator.ActiveCfg = Debug|Any CPU
		{BC3024F9-7361-4720-8C2C-44F648739B1E}.Debug|iPhoneSimulator.Build.0 = Debug|Any CPU
		{BC3024F9-7361-4720-8C2C-44F648739B1E}.Local|Any CPU.ActiveCfg = Local|Any CPU
		{BC3024F9-7361-4720-8C2C-44F648739B1E}.Local|Any CPU.Build.0 = Local|Any CPU
		{BC3024F9-7361-4720-8C2C-44F648739B1E}.Local|iPhone.ActiveCfg = Local|Any CPU
		{BC3024F9-7361-4720-8C2C-44F648739B1E}.Local|iPhone.Build.0 = Local|Any CPU
		{BC3024F9-7361-4720-8C2C-44F648739B1E}.Local|iPhoneSimulator.ActiveCfg = Local|Any CPU
		{BC3024F9-7361-4720-8C2C-44F648739B1E}.Local|iPhoneSimulator.Build.0 = Local|Any CPU
		{BC3024F9-7361-4720-8C2C-44F648739B1E}.Market|Any CPU.ActiveCfg = Market|Any CPU
		{BC3024F9-7361-4720-8C2C-44F648739B1E}.Market|Any CPU.Build.0 = Market|Any CPU
		{BC3024F9-7361-4720-8C2C-44F648739B1E}.Market|iPhone.ActiveCfg = Market|Any CPU
		{BC3024F9-7361-4720-8C2C-44F648739B1E}.Market|iPhone.Build.0 = Market|Any CPU
		{BC3024F9-7361-4720-8C2C-44F648739B1E}.Market|iPhoneSimulator.ActiveCfg = Market|Any CPU
		{BC3024F9-7361-4720-8C2C-44F648739B1E}.Market|iPhoneSimulator.Build.0 = Market|Any CPU
		{BC3024F9-7361-4720-8C2C-44F648739B1E}.Release|Any CPU.ActiveCfg = Release|Any CPU
		{BC3024F9-7361-4720-8C2C-44F648739B1E}.Release|Any CPU.Build.0 = Release|Any CPU
		{BC3024F9-7361-4720-8C2C-44F648739B1E}.Release|iPhone.ActiveCfg = Release|Any CPU
		{BC3024F9-7361-4720-8C2C-44F648739B1E}.Release|iPhone.Build.0 = Release|Any CPU
		{BC3024F9-7361-4720-8C2C-44F648739B1E}.Release|iPhoneSimulator.ActiveCfg = Release|Any CPU
		{BC3024F9-7361-4720-8C2C-44F648739B1E}.Release|iPhoneSimulator.Build.0 = Release|Any CPU
		{B393C21B-4FEE-4E47-AD00-B24CD70F7D48}.BackTest|Any CPU.ActiveCfg = BackTest|Any CPU
		{B393C21B-4FEE-4E47-AD00-B24CD70F7D48}.BackTest|Any CPU.Build.0 = BackTest|Any CPU
		{B393C21B-4FEE-4E47-AD00-B24CD70F7D48}.BackTest|iPhone.ActiveCfg = BackTest|Any CPU
		{B393C21B-4FEE-4E47-AD00-B24CD70F7D48}.BackTest|iPhone.Build.0 = BackTest|Any CPU
		{B393C21B-4FEE-4E47-AD00-B24CD70F7D48}.BackTest|iPhoneSimulator.ActiveCfg = BackTest|Any CPU
		{B393C21B-4FEE-4E47-AD00-B24CD70F7D48}.BackTest|iPhoneSimulator.Build.0 = BackTest|Any CPU
		{B393C21B-4FEE-4E47-AD00-B24CD70F7D48}.Debug|Any CPU.ActiveCfg = Debug|Any CPU
		{B393C21B-4FEE-4E47-AD00-B24CD70F7D48}.Debug|Any CPU.Build.0 = Debug|Any CPU
		{B393C21B-4FEE-4E47-AD00-B24CD70F7D48}.Debug|iPhone.ActiveCfg = Debug|Any CPU
		{B393C21B-4FEE-4E47-AD00-B24CD70F7D48}.Debug|iPhone.Build.0 = Debug|Any CPU
		{B393C21B-4FEE-4E47-AD00-B24CD70F7D48}.Debug|iPhoneSimulator.ActiveCfg = Debug|Any CPU
		{B393C21B-4FEE-4E47-AD00-B24CD70F7D48}.Debug|iPhoneSimulator.Build.0 = Debug|Any CPU
		{B393C21B-4FEE-4E47-AD00-B24CD70F7D48}.Local|Any CPU.ActiveCfg = Local|Any CPU
		{B393C21B-4FEE-4E47-AD00-B24CD70F7D48}.Local|Any CPU.Build.0 = Local|Any CPU
		{B393C21B-4FEE-4E47-AD00-B24CD70F7D48}.Local|iPhone.ActiveCfg = Local|Any CPU
		{B393C21B-4FEE-4E47-AD00-B24CD70F7D48}.Local|iPhone.Build.0 = Local|Any CPU
		{B393C21B-4FEE-4E47-AD00-B24CD70F7D48}.Local|iPhoneSimulator.ActiveCfg = Local|Any CPU
		{B393C21B-4FEE-4E47-AD00-B24CD70F7D48}.Local|iPhoneSimulator.Build.0 = Local|Any CPU
		{B393C21B-4FEE-4E47-AD00-B24CD70F7D48}.Market|Any CPU.ActiveCfg = Market|Any CPU
		{B393C21B-4FEE-4E47-AD00-B24CD70F7D48}.Market|Any CPU.Build.0 = Market|Any CPU
		{B393C21B-4FEE-4E47-AD00-B24CD70F7D48}.Market|iPhone.ActiveCfg = Market|Any CPU
		{B393C21B-4FEE-4E47-AD00-B24CD70F7D48}.Market|iPhone.Build.0 = Market|Any CPU
		{B393C21B-4FEE-4E47-AD00-B24CD70F7D48}.Market|iPhoneSimulator.ActiveCfg = Market|Any CPU
		{B393C21B-4FEE-4E47-AD00-B24CD70F7D48}.Market|iPhoneSimulator.Build.0 = Market|Any CPU
		{B393C21B-4FEE-4E47-AD00-B24CD70F7D48}.Release|Any CPU.ActiveCfg = Release|Any CPU
		{B393C21B-4FEE-4E47-AD00-B24CD70F7D48}.Release|Any CPU.Build.0 = Release|Any CPU
		{B393C21B-4FEE-4E47-AD00-B24CD70F7D48}.Release|iPhone.ActiveCfg = Release|Any CPU
		{B393C21B-4FEE-4E47-AD00-B24CD70F7D48}.Release|iPhone.Build.0 = Release|Any CPU
		{B393C21B-4FEE-4E47-AD00-B24CD70F7D48}.Release|iPhoneSimulator.ActiveCfg = Release|Any CPU
		{B393C21B-4FEE-4E47-AD00-B24CD70F7D48}.Release|iPhoneSimulator.Build.0 = Release|Any CPU
		{6C263873-D62C-450E-9D82-3F9572A30151}.BackTest|Any CPU.ActiveCfg = BackTest|Any CPU
		{6C263873-D62C-450E-9D82-3F9572A30151}.BackTest|Any CPU.Build.0 = BackTest|Any CPU
		{6C263873-D62C-450E-9D82-3F9572A30151}.BackTest|iPhone.ActiveCfg = BackTest|Any CPU
		{6C263873-D62C-450E-9D82-3F9572A30151}.BackTest|iPhone.Build.0 = BackTest|Any CPU
		{6C263873-D62C-450E-9D82-3F9572A30151}.BackTest|iPhoneSimulator.ActiveCfg = BackTest|Any CPU
		{6C263873-D62C-450E-9D82-3F9572A30151}.BackTest|iPhoneSimulator.Build.0 = BackTest|Any CPU
		{6C263873-D62C-450E-9D82-3F9572A30151}.Debug|Any CPU.ActiveCfg = Debug|Any CPU
		{6C263873-D62C-450E-9D82-3F9572A30151}.Debug|Any CPU.Build.0 = Debug|Any CPU
		{6C263873-D62C-450E-9D82-3F9572A30151}.Debug|iPhone.ActiveCfg = Debug|Any CPU
		{6C263873-D62C-450E-9D82-3F9572A30151}.Debug|iPhone.Build.0 = Debug|Any CPU
		{6C263873-D62C-450E-9D82-3F9572A30151}.Debug|iPhoneSimulator.ActiveCfg = Debug|Any CPU
		{6C263873-D62C-450E-9D82-3F9572A30151}.Debug|iPhoneSimulator.Build.0 = Debug|Any CPU
		{6C263873-D62C-450E-9D82-3F9572A30151}.Local|Any CPU.ActiveCfg = Debug|Any CPU
		{6C263873-D62C-450E-9D82-3F9572A30151}.Local|Any CPU.Build.0 = Debug|Any CPU
		{6C263873-D62C-450E-9D82-3F9572A30151}.Local|iPhone.ActiveCfg = Release|Any CPU
		{6C263873-D62C-450E-9D82-3F9572A30151}.Local|iPhone.Build.0 = Release|Any CPU
		{6C263873-D62C-450E-9D82-3F9572A30151}.Local|iPhoneSimulator.ActiveCfg = Release|Any CPU
		{6C263873-D62C-450E-9D82-3F9572A30151}.Local|iPhoneSimulator.Build.0 = Release|Any CPU
		{6C263873-D62C-450E-9D82-3F9572A30151}.Market|Any CPU.ActiveCfg = Debug|Any CPU
		{6C263873-D62C-450E-9D82-3F9572A30151}.Market|Any CPU.Build.0 = Debug|Any CPU
		{6C263873-D62C-450E-9D82-3F9572A30151}.Market|iPhone.ActiveCfg = Release|Any CPU
		{6C263873-D62C-450E-9D82-3F9572A30151}.Market|iPhone.Build.0 = Release|Any CPU
		{6C263873-D62C-450E-9D82-3F9572A30151}.Market|iPhoneSimulator.ActiveCfg = Release|Any CPU
		{6C263873-D62C-450E-9D82-3F9572A30151}.Market|iPhoneSimulator.Build.0 = Release|Any CPU
		{6C263873-D62C-450E-9D82-3F9572A30151}.Release|Any CPU.ActiveCfg = Release|Any CPU
		{6C263873-D62C-450E-9D82-3F9572A30151}.Release|Any CPU.Build.0 = Release|Any CPU
		{6C263873-D62C-450E-9D82-3F9572A30151}.Release|iPhone.ActiveCfg = Release|Any CPU
		{6C263873-D62C-450E-9D82-3F9572A30151}.Release|iPhone.Build.0 = Release|Any CPU
		{6C263873-D62C-450E-9D82-3F9572A30151}.Release|iPhoneSimulator.ActiveCfg = Release|Any CPU
		{6C263873-D62C-450E-9D82-3F9572A30151}.Release|iPhoneSimulator.Build.0 = Release|Any CPU
	EndGlobalSection
	GlobalSection(SolutionProperties) = preSolution
		HideSolutionNode = FALSE
	EndGlobalSection
	GlobalSection(NestedProjects) = preSolution
		{EEB039AB-CE58-48A6-A902-A70A421D33A1} = {3256EC78-FB7D-48E5-BD76-71D02D20D4A5}
		{0ED0946F-E485-4671-9119-2CA800AC169F} = {F189E267-6C9C-4BDD-930A-7E4A3B97793B}
		{E55C9FA0-79DA-4279-93DB-1E8562E7C027} = {F189E267-6C9C-4BDD-930A-7E4A3B97793B}
		{BC3024F9-7361-4720-8C2C-44F648739B1E} = {3256EC78-FB7D-48E5-BD76-71D02D20D4A5}
		{B393C21B-4FEE-4E47-AD00-B24CD70F7D48} = {F189E267-6C9C-4BDD-930A-7E4A3B97793B}
	EndGlobalSection
	GlobalSection(ExtensibilityGlobals) = postSolution
		SolutionGuid = {9060E967-EBC9-4DDF-A564-499577491C91}
	EndGlobalSection
EndGlobal
