
Microsoft Visual Studio Solution File, Format Version 12.00
# Visual Studio Version 17
VisualStudioVersion = 17.0.31919.166
MinimumVisualStudioVersion = 10.0.40219.1
Project("{9A19103F-16F7-4668-BE54-9A1E7A4F7556}") = "GlobalLayer", "GlobalLayer\GlobalLayer.csproj", "{F73CD930-B9EF-4158-A5AF-E23C026D27B4}"
EndProject
Project("{9A19103F-16F7-4668-BE54-9A1E7A4F7556}") = "Algo.Utils", "Algo.Utils\Algo.Utils.csproj", "{D257F5B6-CDE7-4AD1-8A74-1BFE51E4C737}"
EndProject
Project("{9A19103F-16F7-4668-BE54-9A1E7A4F7556}") = "ZMQFacade", "ZMQFacade\ZMQFacade.csproj", "{84075661-616D-4A4B-805D-3C589EA0DF36}"
EndProject
Project("{9A19103F-16F7-4668-BE54-9A1E7A4F7556}") = "DBAccess", "DBAccess\DBAccess.csproj", "{7F572967-ABD8-41F4-994B-5BB56F3394AC}"
EndProject
Project("{9A19103F-16F7-4668-BE54-9A1E7A4F7556}") = "KiteConnect", "KiteConnect\KiteConnect.csproj", "{D2C7B3DB-A4B0-40FB-87BE-6DAB9709606B}"
EndProject
Project("{9A19103F-16F7-4668-BE54-9A1E7A4F7556}") = "GlobalCore", "GlobalCore\GlobalCore.csproj", "{FFBCFEAA-CD47-4C53-A746-51919DE9F6E0}"
EndProject
Project("{9A19103F-16F7-4668-BE54-9A1E7A4F7556}") = "LocalDBData", "LocalDBData\LocalDBData.csproj", "{C3C96B72-ECC8-4CC7-B1D9-8C1C4F087FF1}"
EndProject
Project("{2150E333-8FDC-42A3-9474-1A3956D46DE8}") = "gRPC", "gRPC", "{3256EC78-FB7D-48E5-BD76-71D02D20D4A5}"
EndProject
Project("{9A19103F-16F7-4668-BE54-9A1E7A4F7556}") = "GrpcLoggerClient", "GrpcLoggerClient\GrpcLoggerClient.csproj", "{EEB039AB-CE58-48A6-A902-A70A421D33A1}"
EndProject
Project("{9A19103F-16F7-4668-BE54-9A1E7A4F7556}") = "Algos", "Algos\Algos.csproj", "{9676DA68-04E7-483D-824D-AFC007C982C1}"
EndProject
Project("{2150E333-8FDC-42A3-9474-1A3956D46DE8}") = "Algo Services", "Algo Services", "{F189E267-6C9C-4BDD-930A-7E4A3B97793B}"
EndProject
Project("{9A19103F-16F7-4668-BE54-9A1E7A4F7556}") = "MarketView", "Algo Services\MarketView\MarketView.csproj", "{0ED0946F-E485-4671-9119-2CA800AC169F}"
EndProject
Project("{9A19103F-16F7-4668-BE54-9A1E7A4F7556}") = "MarketDataService", "MarketDataService\MarketDataService.csproj", "{27D0B3DB-5CD3-43C7-979F-1FB518BEB851}"
EndProject
Project("{9A19103F-16F7-4668-BE54-9A1E7A4F7556}") = "TradeEMACross", "Algo Services\TradeEMACross\TradeEMACross.csproj", "{E55C9FA0-79DA-4279-93DB-1E8562E7C027}"
EndProject
Project("{9A19103F-16F7-4668-BE54-9A1E7A4F7556}") = "GrpcLoggerService", "GrpcLoggerService\GrpcLoggerService.csproj", "{BC3024F9-7361-4720-8C2C-44F648739B1E}"
EndProject
Project("{9A19103F-16F7-4668-BE54-9A1E7A4F7556}") = "RSICross", "Algo Services\RSICross\RSICross.csproj", "{B393C21B-4FEE-4E47-AD00-B24CD70F7D48}"
EndProject
Project("{9A19103F-16F7-4668-BE54-9A1E7A4F7556}") = "ExpiryStrangle", "Algo Services\ExpiryStrangle\ExpiryStrangle.csproj", "{0B2B9054-0BDC-4072-A852-91D5CB4AD5D5}"
EndProject
Project("{9A19103F-16F7-4668-BE54-9A1E7A4F7556}") = "BrokerConnectWrapper", "KiteConnectWrapper\BrokerConnectWrapper.csproj", "{FFEEBA17-DF0B-4C0C-9FD3-8A0457C9A726}"
EndProject
Project("{9A19103F-16F7-4668-BE54-9A1E7A4F7556}") = "KotakConnect", "KotakConnect\KotakConnect.csproj", "{C41BCCC6-08FB-42AC-A5C6-550570F563FE}"
EndProject
Project("{2150E333-8FDC-42A3-9474-1A3956D46DE8}") = "stockmarketview", "stockmarketview", "{706E5E9F-07BD-4E51-BE96-B11DA903EE2C}"
EndProject
Project("{6EC3EE1D-3C4E-46DD-8F32-0CC8E7565705}") = "StockMarketViewApp", "StockMarketViewApp\StockMarketViewApp.fsproj", "{89215256-6419-44BF-9EF5-EB7AD0B059A9}"
EndProject
Project("{9A19103F-16F7-4668-BE54-9A1E7A4F7556}") = "StockMarketAlerts", "E:\FinancialMarket\StockMarketAlerts\StockMarketAlerts.csproj", "{A8FCB3A4-A5BC-48FF-8FFE-46089EBC3337}"
EndProject
Project("{2150E333-8FDC-42A3-9474-1A3956D46DE8}") = "Alert Services", "Alert Services", "{BF8340B1-9B6B-4785-8F63-B46A24FAD192}"
EndProject
Project("{9A19103F-16F7-4668-BE54-9A1E7A4F7556}") = "StockAlerts", "StockAlerts\StockAlerts.csproj", "{72C6EB6F-07E7-4E55-8035-86FCB5DE2C72}"
EndProject
Project("{9A19103F-16F7-4668-BE54-9A1E7A4F7556}") = "StockAlertService", "E:\FinancialMarket\StockAlertService\StockAlertService.csproj", "{A375EE1C-5108-4199-BE80-BA466E4F92F2}"
EndProject
Project("{9A19103F-16F7-4668-BE54-9A1E7A4F7556}") = "StockMarketAlertsApp", "StockMarketAlertsApp\StockMarketAlertsApp.csproj", "{9CE9DBF0-817B-4B41-B632-62C0F05FEAE7}"
EndProject
Project("{9A19103F-16F7-4668-BE54-9A1E7A4F7556}") = "DalalStreetView", "DalalStreetView\DalalStreetView.csproj", "{FAA00EC1-A253-4805-9000-735EC89457A2}"
EndProject
Project("{9A19103F-16F7-4668-BE54-9A1E7A4F7556}") = "DeltaExchangeConnect", "DeltaExchangeConnect\DeltaExchangeConnect.csproj", "{64BCE673-461E-42B5-B820-EC698EAF7A2C}"
EndProject
Project("{9A19103F-16F7-4668-BE54-9A1E7A4F7556}") = "CryptoDataService", "CryptoDataService\CryptoDataService.csproj", "{A037F26F-71FE-46CE-AE82-B1E5A6A33184}"
EndProject
Project("{00D1A9C2-B5F0-4AF3-8072-F6C62B433612}") = "CryptoDB", "CryptoDB\CryptoDB.sqlproj", "{C2B7B1BD-24C0-4E66-9E85-0F17D876D853}"
EndProject
Project("{9A19103F-16F7-4668-BE54-9A1E7A4F7556}") = "CryptoAlgos", "Algo Services\CryptoAlgos\CryptoAlgos.csproj", "{2B086E3A-87B6-4B5E-9D4F-56AB3A5401ED}"
EndProject
Global
	GlobalSection(SolutionConfigurationPlatforms) = preSolution
		awsmarket|Any CPU = awsmarket|Any CPU
		awsmarket|iPhone = awsmarket|iPhone
		awsmarket|iPhoneSimulator = awsmarket|iPhoneSimulator
		BackTest|Any CPU = BackTest|Any CPU
		BackTest|iPhone = BackTest|iPhone
		BackTest|iPhoneSimulator = BackTest|iPhoneSimulator
		Debug|Any CPU = Debug|Any CPU
		Debug|iPhone = Debug|iPhone
		Debug|iPhoneSimulator = Debug|iPhoneSimulator
		Local|Any CPU = Local|Any CPU
		Local|iPhone = Local|iPhone
		Local|iPhoneSimulator = Local|iPhoneSimulator
		Market|Any CPU = Market|Any CPU
		Market|iPhone = Market|iPhone
		Market|iPhoneSimulator = Market|iPhoneSimulator
		Release|Any CPU = Release|Any CPU
		Release|iPhone = Release|iPhone
		Release|iPhoneSimulator = Release|iPhoneSimulator
	EndGlobalSection
	GlobalSection(ProjectConfigurationPlatforms) = postSolution
		{F73CD930-B9EF-4158-A5AF-E23C026D27B4}.awsmarket|Any CPU.ActiveCfg = awsmarket|Any CPU
		{F73CD930-B9EF-4158-A5AF-E23C026D27B4}.awsmarket|Any CPU.Build.0 = awsmarket|Any CPU
		{F73CD930-B9EF-4158-A5AF-E23C026D27B4}.awsmarket|iPhone.ActiveCfg = awsmarket|Any CPU
		{F73CD930-B9EF-4158-A5AF-E23C026D27B4}.awsmarket|iPhone.Build.0 = awsmarket|Any CPU
		{F73CD930-B9EF-4158-A5AF-E23C026D27B4}.awsmarket|iPhoneSimulator.ActiveCfg = awsmarket|Any CPU
		{F73CD930-B9EF-4158-A5AF-E23C026D27B4}.awsmarket|iPhoneSimulator.Build.0 = awsmarket|Any CPU
		{F73CD930-B9EF-4158-A5AF-E23C026D27B4}.BackTest|Any CPU.ActiveCfg = BackTest|Any CPU
		{F73CD930-B9EF-4158-A5AF-E23C026D27B4}.BackTest|Any CPU.Build.0 = BackTest|Any CPU
		{F73CD930-B9EF-4158-A5AF-E23C026D27B4}.BackTest|iPhone.ActiveCfg = BackTest|Any CPU
		{F73CD930-B9EF-4158-A5AF-E23C026D27B4}.BackTest|iPhone.Build.0 = BackTest|Any CPU
		{F73CD930-B9EF-4158-A5AF-E23C026D27B4}.BackTest|iPhoneSimulator.ActiveCfg = BackTest|Any CPU
		{F73CD930-B9EF-4158-A5AF-E23C026D27B4}.BackTest|iPhoneSimulator.Build.0 = BackTest|Any CPU
		{F73CD930-B9EF-4158-A5AF-E23C026D27B4}.Debug|Any CPU.ActiveCfg = Debug|Any CPU
		{F73CD930-B9EF-4158-A5AF-E23C026D27B4}.Debug|Any CPU.Build.0 = Debug|Any CPU
		{F73CD930-B9EF-4158-A5AF-E23C026D27B4}.Debug|iPhone.ActiveCfg = Debug|Any CPU
		{F73CD930-B9EF-4158-A5AF-E23C026D27B4}.Debug|iPhone.Build.0 = Debug|Any CPU
		{F73CD930-B9EF-4158-A5AF-E23C026D27B4}.Debug|iPhoneSimulator.ActiveCfg = Debug|Any CPU
		{F73CD930-B9EF-4158-A5AF-E23C026D27B4}.Debug|iPhoneSimulator.Build.0 = Debug|Any CPU
		{F73CD930-B9EF-4158-A5AF-E23C026D27B4}.Local|Any CPU.ActiveCfg = Local|Any CPU
		{F73CD930-B9EF-4158-A5AF-E23C026D27B4}.Local|Any CPU.Build.0 = Local|Any CPU
		{F73CD930-B9EF-4158-A5AF-E23C026D27B4}.Local|iPhone.ActiveCfg = Local|Any CPU
		{F73CD930-B9EF-4158-A5AF-E23C026D27B4}.Local|iPhone.Build.0 = Local|Any CPU
		{F73CD930-B9EF-4158-A5AF-E23C026D27B4}.Local|iPhoneSimulator.ActiveCfg = Local|Any CPU
		{F73CD930-B9EF-4158-A5AF-E23C026D27B4}.Local|iPhoneSimulator.Build.0 = Local|Any CPU
		{F73CD930-B9EF-4158-A5AF-E23C026D27B4}.Market|Any CPU.ActiveCfg = Market|Any CPU
		{F73CD930-B9EF-4158-A5AF-E23C026D27B4}.Market|Any CPU.Build.0 = Market|Any CPU
		{F73CD930-B9EF-4158-A5AF-E23C026D27B4}.Market|iPhone.ActiveCfg = Market|Any CPU
		{F73CD930-B9EF-4158-A5AF-E23C026D27B4}.Market|iPhone.Build.0 = Market|Any CPU
		{F73CD930-B9EF-4158-A5AF-E23C026D27B4}.Market|iPhoneSimulator.ActiveCfg = Market|Any CPU
		{F73CD930-B9EF-4158-A5AF-E23C026D27B4}.Market|iPhoneSimulator.Build.0 = Market|Any CPU
		{F73CD930-B9EF-4158-A5AF-E23C026D27B4}.Release|Any CPU.ActiveCfg = Release|Any CPU
		{F73CD930-B9EF-4158-A5AF-E23C026D27B4}.Release|Any CPU.Build.0 = Release|Any CPU
		{F73CD930-B9EF-4158-A5AF-E23C026D27B4}.Release|iPhone.ActiveCfg = Release|Any CPU
		{F73CD930-B9EF-4158-A5AF-E23C026D27B4}.Release|iPhone.Build.0 = Release|Any CPU
		{F73CD930-B9EF-4158-A5AF-E23C026D27B4}.Release|iPhoneSimulator.ActiveCfg = Release|Any CPU
		{F73CD930-B9EF-4158-A5AF-E23C026D27B4}.Release|iPhoneSimulator.Build.0 = Release|Any CPU
		{D257F5B6-CDE7-4AD1-8A74-1BFE51E4C737}.awsmarket|Any CPU.ActiveCfg = awsmarket|Any CPU
		{D257F5B6-CDE7-4AD1-8A74-1BFE51E4C737}.awsmarket|Any CPU.Build.0 = awsmarket|Any CPU
		{D257F5B6-CDE7-4AD1-8A74-1BFE51E4C737}.awsmarket|iPhone.ActiveCfg = awsmarket|Any CPU
		{D257F5B6-CDE7-4AD1-8A74-1BFE51E4C737}.awsmarket|iPhone.Build.0 = awsmarket|Any CPU
		{D257F5B6-CDE7-4AD1-8A74-1BFE51E4C737}.awsmarket|iPhoneSimulator.ActiveCfg = awsmarket|Any CPU
		{D257F5B6-CDE7-4AD1-8A74-1BFE51E4C737}.awsmarket|iPhoneSimulator.Build.0 = awsmarket|Any CPU
		{D257F5B6-CDE7-4AD1-8A74-1BFE51E4C737}.BackTest|Any CPU.ActiveCfg = BackTest|Any CPU
		{D257F5B6-CDE7-4AD1-8A74-1BFE51E4C737}.BackTest|Any CPU.Build.0 = BackTest|Any CPU
		{D257F5B6-CDE7-4AD1-8A74-1BFE51E4C737}.BackTest|iPhone.ActiveCfg = BackTest|Any CPU
		{D257F5B6-CDE7-4AD1-8A74-1BFE51E4C737}.BackTest|iPhone.Build.0 = BackTest|Any CPU
		{D257F5B6-CDE7-4AD1-8A74-1BFE51E4C737}.BackTest|iPhoneSimulator.ActiveCfg = BackTest|Any CPU
		{D257F5B6-CDE7-4AD1-8A74-1BFE51E4C737}.BackTest|iPhoneSimulator.Build.0 = BackTest|Any CPU
		{D257F5B6-CDE7-4AD1-8A74-1BFE51E4C737}.Debug|Any CPU.ActiveCfg = Debug|Any CPU
		{D257F5B6-CDE7-4AD1-8A74-1BFE51E4C737}.Debug|Any CPU.Build.0 = Debug|Any CPU
		{D257F5B6-CDE7-4AD1-8A74-1BFE51E4C737}.Debug|iPhone.ActiveCfg = Debug|Any CPU
		{D257F5B6-CDE7-4AD1-8A74-1BFE51E4C737}.Debug|iPhone.Build.0 = Debug|Any CPU
		{D257F5B6-CDE7-4AD1-8A74-1BFE51E4C737}.Debug|iPhoneSimulator.ActiveCfg = Debug|Any CPU
		{D257F5B6-CDE7-4AD1-8A74-1BFE51E4C737}.Debug|iPhoneSimulator.Build.0 = Debug|Any CPU
		{D257F5B6-CDE7-4AD1-8A74-1BFE51E4C737}.Local|Any CPU.ActiveCfg = Local|Any CPU
		{D257F5B6-CDE7-4AD1-8A74-1BFE51E4C737}.Local|Any CPU.Build.0 = Local|Any CPU
		{D257F5B6-CDE7-4AD1-8A74-1BFE51E4C737}.Local|iPhone.ActiveCfg = Local|Any CPU
		{D257F5B6-CDE7-4AD1-8A74-1BFE51E4C737}.Local|iPhone.Build.0 = Local|Any CPU
		{D257F5B6-CDE7-4AD1-8A74-1BFE51E4C737}.Local|iPhoneSimulator.ActiveCfg = Local|Any CPU
		{D257F5B6-CDE7-4AD1-8A74-1BFE51E4C737}.Local|iPhoneSimulator.Build.0 = Local|Any CPU
		{D257F5B6-CDE7-4AD1-8A74-1BFE51E4C737}.Market|Any CPU.ActiveCfg = Market|Any CPU
		{D257F5B6-CDE7-4AD1-8A74-1BFE51E4C737}.Market|Any CPU.Build.0 = Market|Any CPU
		{D257F5B6-CDE7-4AD1-8A74-1BFE51E4C737}.Market|iPhone.ActiveCfg = Market|Any CPU
		{D257F5B6-CDE7-4AD1-8A74-1BFE51E4C737}.Market|iPhone.Build.0 = Market|Any CPU
		{D257F5B6-CDE7-4AD1-8A74-1BFE51E4C737}.Market|iPhoneSimulator.ActiveCfg = Market|Any CPU
		{D257F5B6-CDE7-4AD1-8A74-1BFE51E4C737}.Market|iPhoneSimulator.Build.0 = Market|Any CPU
		{D257F5B6-CDE7-4AD1-8A74-1BFE51E4C737}.Release|Any CPU.ActiveCfg = Release|Any CPU
		{D257F5B6-CDE7-4AD1-8A74-1BFE51E4C737}.Release|Any CPU.Build.0 = Release|Any CPU
		{D257F5B6-CDE7-4AD1-8A74-1BFE51E4C737}.Release|iPhone.ActiveCfg = Release|Any CPU
		{D257F5B6-CDE7-4AD1-8A74-1BFE51E4C737}.Release|iPhone.Build.0 = Release|Any CPU
		{D257F5B6-CDE7-4AD1-8A74-1BFE51E4C737}.Release|iPhoneSimulator.ActiveCfg = Release|Any CPU
		{D257F5B6-CDE7-4AD1-8A74-1BFE51E4C737}.Release|iPhoneSimulator.Build.0 = Release|Any CPU
		{84075661-616D-4A4B-805D-3C589EA0DF36}.awsmarket|Any CPU.ActiveCfg = awsmarket|Any CPU
		{84075661-616D-4A4B-805D-3C589EA0DF36}.awsmarket|Any CPU.Build.0 = awsmarket|Any CPU
		{84075661-616D-4A4B-805D-3C589EA0DF36}.awsmarket|iPhone.ActiveCfg = awsmarket|Any CPU
		{84075661-616D-4A4B-805D-3C589EA0DF36}.awsmarket|iPhone.Build.0 = awsmarket|Any CPU
		{84075661-616D-4A4B-805D-3C589EA0DF36}.awsmarket|iPhoneSimulator.ActiveCfg = awsmarket|Any CPU
		{84075661-616D-4A4B-805D-3C589EA0DF36}.awsmarket|iPhoneSimulator.Build.0 = awsmarket|Any CPU
		{84075661-616D-4A4B-805D-3C589EA0DF36}.BackTest|Any CPU.ActiveCfg = BackTest|Any CPU
		{84075661-616D-4A4B-805D-3C589EA0DF36}.BackTest|Any CPU.Build.0 = BackTest|Any CPU
		{84075661-616D-4A4B-805D-3C589EA0DF36}.BackTest|iPhone.ActiveCfg = BackTest|Any CPU
		{84075661-616D-4A4B-805D-3C589EA0DF36}.BackTest|iPhone.Build.0 = BackTest|Any CPU
		{84075661-616D-4A4B-805D-3C589EA0DF36}.BackTest|iPhoneSimulator.ActiveCfg = BackTest|Any CPU
		{84075661-616D-4A4B-805D-3C589EA0DF36}.BackTest|iPhoneSimulator.Build.0 = BackTest|Any CPU
		{84075661-616D-4A4B-805D-3C589EA0DF36}.Debug|Any CPU.ActiveCfg = Debug|Any CPU
		{84075661-616D-4A4B-805D-3C589EA0DF36}.Debug|Any CPU.Build.0 = Debug|Any CPU
		{84075661-616D-4A4B-805D-3C589EA0DF36}.Debug|iPhone.ActiveCfg = Debug|Any CPU
		{84075661-616D-4A4B-805D-3C589EA0DF36}.Debug|iPhone.Build.0 = Debug|Any CPU
		{84075661-616D-4A4B-805D-3C589EA0DF36}.Debug|iPhoneSimulator.ActiveCfg = Debug|Any CPU
		{84075661-616D-4A4B-805D-3C589EA0DF36}.Debug|iPhoneSimulator.Build.0 = Debug|Any CPU
		{84075661-616D-4A4B-805D-3C589EA0DF36}.Local|Any CPU.ActiveCfg = Local|Any CPU
		{84075661-616D-4A4B-805D-3C589EA0DF36}.Local|Any CPU.Build.0 = Local|Any CPU
		{84075661-616D-4A4B-805D-3C589EA0DF36}.Local|iPhone.ActiveCfg = Local|Any CPU
		{84075661-616D-4A4B-805D-3C589EA0DF36}.Local|iPhone.Build.0 = Local|Any CPU
		{84075661-616D-4A4B-805D-3C589EA0DF36}.Local|iPhoneSimulator.ActiveCfg = Local|Any CPU
		{84075661-616D-4A4B-805D-3C589EA0DF36}.Local|iPhoneSimulator.Build.0 = Local|Any CPU
		{84075661-616D-4A4B-805D-3C589EA0DF36}.Market|Any CPU.ActiveCfg = Market|Any CPU
		{84075661-616D-4A4B-805D-3C589EA0DF36}.Market|Any CPU.Build.0 = Market|Any CPU
		{84075661-616D-4A4B-805D-3C589EA0DF36}.Market|iPhone.ActiveCfg = Market|Any CPU
		{84075661-616D-4A4B-805D-3C589EA0DF36}.Market|iPhone.Build.0 = Market|Any CPU
		{84075661-616D-4A4B-805D-3C589EA0DF36}.Market|iPhoneSimulator.ActiveCfg = Market|Any CPU
		{84075661-616D-4A4B-805D-3C589EA0DF36}.Market|iPhoneSimulator.Build.0 = Market|Any CPU
		{84075661-616D-4A4B-805D-3C589EA0DF36}.Release|Any CPU.ActiveCfg = Release|Any CPU
		{84075661-616D-4A4B-805D-3C589EA0DF36}.Release|Any CPU.Build.0 = Release|Any CPU
		{84075661-616D-4A4B-805D-3C589EA0DF36}.Release|iPhone.ActiveCfg = Release|Any CPU
		{84075661-616D-4A4B-805D-3C589EA0DF36}.Release|iPhone.Build.0 = Release|Any CPU
		{84075661-616D-4A4B-805D-3C589EA0DF36}.Release|iPhoneSimulator.ActiveCfg = Release|Any CPU
		{84075661-616D-4A4B-805D-3C589EA0DF36}.Release|iPhoneSimulator.Build.0 = Release|Any CPU
		{7F572967-ABD8-41F4-994B-5BB56F3394AC}.awsmarket|Any CPU.ActiveCfg = awsmarket|Any CPU
		{7F572967-ABD8-41F4-994B-5BB56F3394AC}.awsmarket|Any CPU.Build.0 = awsmarket|Any CPU
		{7F572967-ABD8-41F4-994B-5BB56F3394AC}.awsmarket|iPhone.ActiveCfg = awsmarket|Any CPU
		{7F572967-ABD8-41F4-994B-5BB56F3394AC}.awsmarket|iPhone.Build.0 = awsmarket|Any CPU
		{7F572967-ABD8-41F4-994B-5BB56F3394AC}.awsmarket|iPhoneSimulator.ActiveCfg = awsmarket|Any CPU
		{7F572967-ABD8-41F4-994B-5BB56F3394AC}.awsmarket|iPhoneSimulator.Build.0 = awsmarket|Any CPU
		{7F572967-ABD8-41F4-994B-5BB56F3394AC}.BackTest|Any CPU.ActiveCfg = BackTest|Any CPU
		{7F572967-ABD8-41F4-994B-5BB56F3394AC}.BackTest|Any CPU.Build.0 = BackTest|Any CPU
		{7F572967-ABD8-41F4-994B-5BB56F3394AC}.BackTest|iPhone.ActiveCfg = BackTest|Any CPU
		{7F572967-ABD8-41F4-994B-5BB56F3394AC}.BackTest|iPhone.Build.0 = BackTest|Any CPU
		{7F572967-ABD8-41F4-994B-5BB56F3394AC}.BackTest|iPhoneSimulator.ActiveCfg = BackTest|Any CPU
		{7F572967-ABD8-41F4-994B-5BB56F3394AC}.BackTest|iPhoneSimulator.Build.0 = BackTest|Any CPU
		{7F572967-ABD8-41F4-994B-5BB56F3394AC}.Debug|Any CPU.ActiveCfg = Debug|Any CPU
		{7F572967-ABD8-41F4-994B-5BB56F3394AC}.Debug|Any CPU.Build.0 = Debug|Any CPU
		{7F572967-ABD8-41F4-994B-5BB56F3394AC}.Debug|iPhone.ActiveCfg = Debug|Any CPU
		{7F572967-ABD8-41F4-994B-5BB56F3394AC}.Debug|iPhone.Build.0 = Debug|Any CPU
		{7F572967-ABD8-41F4-994B-5BB56F3394AC}.Debug|iPhoneSimulator.ActiveCfg = Debug|Any CPU
		{7F572967-ABD8-41F4-994B-5BB56F3394AC}.Debug|iPhoneSimulator.Build.0 = Debug|Any CPU
		{7F572967-ABD8-41F4-994B-5BB56F3394AC}.Local|Any CPU.ActiveCfg = Local|Any CPU
		{7F572967-ABD8-41F4-994B-5BB56F3394AC}.Local|Any CPU.Build.0 = Local|Any CPU
		{7F572967-ABD8-41F4-994B-5BB56F3394AC}.Local|iPhone.ActiveCfg = Local|Any CPU
		{7F572967-ABD8-41F4-994B-5BB56F3394AC}.Local|iPhone.Build.0 = Local|Any CPU
		{7F572967-ABD8-41F4-994B-5BB56F3394AC}.Local|iPhoneSimulator.ActiveCfg = Local|Any CPU
		{7F572967-ABD8-41F4-994B-5BB56F3394AC}.Local|iPhoneSimulator.Build.0 = Local|Any CPU
		{7F572967-ABD8-41F4-994B-5BB56F3394AC}.Market|Any CPU.ActiveCfg = Market|Any CPU
		{7F572967-ABD8-41F4-994B-5BB56F3394AC}.Market|Any CPU.Build.0 = Market|Any CPU
		{7F572967-ABD8-41F4-994B-5BB56F3394AC}.Market|iPhone.ActiveCfg = Market|Any CPU
		{7F572967-ABD8-41F4-994B-5BB56F3394AC}.Market|iPhone.Build.0 = Market|Any CPU
		{7F572967-ABD8-41F4-994B-5BB56F3394AC}.Market|iPhoneSimulator.ActiveCfg = Market|Any CPU
		{7F572967-ABD8-41F4-994B-5BB56F3394AC}.Market|iPhoneSimulator.Build.0 = Market|Any CPU
		{7F572967-ABD8-41F4-994B-5BB56F3394AC}.Release|Any CPU.ActiveCfg = Release|Any CPU
		{7F572967-ABD8-41F4-994B-5BB56F3394AC}.Release|Any CPU.Build.0 = Release|Any CPU
		{7F572967-ABD8-41F4-994B-5BB56F3394AC}.Release|iPhone.ActiveCfg = Release|Any CPU
		{7F572967-ABD8-41F4-994B-5BB56F3394AC}.Release|iPhone.Build.0 = Release|Any CPU
		{7F572967-ABD8-41F4-994B-5BB56F3394AC}.Release|iPhoneSimulator.ActiveCfg = Release|Any CPU
		{7F572967-ABD8-41F4-994B-5BB56F3394AC}.Release|iPhoneSimulator.Build.0 = Release|Any CPU
		{D2C7B3DB-A4B0-40FB-87BE-6DAB9709606B}.awsmarket|Any CPU.ActiveCfg = awsmarket|Any CPU
		{D2C7B3DB-A4B0-40FB-87BE-6DAB9709606B}.awsmarket|Any CPU.Build.0 = awsmarket|Any CPU
		{D2C7B3DB-A4B0-40FB-87BE-6DAB9709606B}.awsmarket|iPhone.ActiveCfg = awsmarket|Any CPU
		{D2C7B3DB-A4B0-40FB-87BE-6DAB9709606B}.awsmarket|iPhone.Build.0 = awsmarket|Any CPU
		{D2C7B3DB-A4B0-40FB-87BE-6DAB9709606B}.awsmarket|iPhoneSimulator.ActiveCfg = awsmarket|Any CPU
		{D2C7B3DB-A4B0-40FB-87BE-6DAB9709606B}.awsmarket|iPhoneSimulator.Build.0 = awsmarket|Any CPU
		{D2C7B3DB-A4B0-40FB-87BE-6DAB9709606B}.BackTest|Any CPU.ActiveCfg = BackTest|Any CPU
		{D2C7B3DB-A4B0-40FB-87BE-6DAB9709606B}.BackTest|Any CPU.Build.0 = BackTest|Any CPU
		{D2C7B3DB-A4B0-40FB-87BE-6DAB9709606B}.BackTest|iPhone.ActiveCfg = BackTest|Any CPU
		{D2C7B3DB-A4B0-40FB-87BE-6DAB9709606B}.BackTest|iPhone.Build.0 = BackTest|Any CPU
		{D2C7B3DB-A4B0-40FB-87BE-6DAB9709606B}.BackTest|iPhoneSimulator.ActiveCfg = BackTest|Any CPU
		{D2C7B3DB-A4B0-40FB-87BE-6DAB9709606B}.BackTest|iPhoneSimulator.Build.0 = BackTest|Any CPU
		{D2C7B3DB-A4B0-40FB-87BE-6DAB9709606B}.Debug|Any CPU.ActiveCfg = Debug|Any CPU
		{D2C7B3DB-A4B0-40FB-87BE-6DAB9709606B}.Debug|Any CPU.Build.0 = Debug|Any CPU
		{D2C7B3DB-A4B0-40FB-87BE-6DAB9709606B}.Debug|iPhone.ActiveCfg = Debug|Any CPU
		{D2C7B3DB-A4B0-40FB-87BE-6DAB9709606B}.Debug|iPhone.Build.0 = Debug|Any CPU
		{D2C7B3DB-A4B0-40FB-87BE-6DAB9709606B}.Debug|iPhoneSimulator.ActiveCfg = Debug|Any CPU
		{D2C7B3DB-A4B0-40FB-87BE-6DAB9709606B}.Debug|iPhoneSimulator.Build.0 = Debug|Any CPU
		{D2C7B3DB-A4B0-40FB-87BE-6DAB9709606B}.Local|Any CPU.ActiveCfg = Local|Any CPU
		{D2C7B3DB-A4B0-40FB-87BE-6DAB9709606B}.Local|Any CPU.Build.0 = Local|Any CPU
		{D2C7B3DB-A4B0-40FB-87BE-6DAB9709606B}.Local|iPhone.ActiveCfg = Local|Any CPU
		{D2C7B3DB-A4B0-40FB-87BE-6DAB9709606B}.Local|iPhone.Build.0 = Local|Any CPU
		{D2C7B3DB-A4B0-40FB-87BE-6DAB9709606B}.Local|iPhoneSimulator.ActiveCfg = Local|Any CPU
		{D2C7B3DB-A4B0-40FB-87BE-6DAB9709606B}.Local|iPhoneSimulator.Build.0 = Local|Any CPU
		{D2C7B3DB-A4B0-40FB-87BE-6DAB9709606B}.Market|Any CPU.ActiveCfg = Market|Any CPU
		{D2C7B3DB-A4B0-40FB-87BE-6DAB9709606B}.Market|Any CPU.Build.0 = Market|Any CPU
		{D2C7B3DB-A4B0-40FB-87BE-6DAB9709606B}.Market|iPhone.ActiveCfg = Market|Any CPU
		{D2C7B3DB-A4B0-40FB-87BE-6DAB9709606B}.Market|iPhone.Build.0 = Market|Any CPU
		{D2C7B3DB-A4B0-40FB-87BE-6DAB9709606B}.Market|iPhoneSimulator.ActiveCfg = Market|Any CPU
		{D2C7B3DB-A4B0-40FB-87BE-6DAB9709606B}.Market|iPhoneSimulator.Build.0 = Market|Any CPU
		{D2C7B3DB-A4B0-40FB-87BE-6DAB9709606B}.Release|Any CPU.ActiveCfg = Release|Any CPU
		{D2C7B3DB-A4B0-40FB-87BE-6DAB9709606B}.Release|Any CPU.Build.0 = Release|Any CPU
		{D2C7B3DB-A4B0-40FB-87BE-6DAB9709606B}.Release|iPhone.ActiveCfg = Release|Any CPU
		{D2C7B3DB-A4B0-40FB-87BE-6DAB9709606B}.Release|iPhone.Build.0 = Release|Any CPU
		{D2C7B3DB-A4B0-40FB-87BE-6DAB9709606B}.Release|iPhoneSimulator.ActiveCfg = Release|Any CPU
		{D2C7B3DB-A4B0-40FB-87BE-6DAB9709606B}.Release|iPhoneSimulator.Build.0 = Release|Any CPU
		{FFBCFEAA-CD47-4C53-A746-51919DE9F6E0}.awsmarket|Any CPU.ActiveCfg = awsmarket|Any CPU
		{FFBCFEAA-CD47-4C53-A746-51919DE9F6E0}.awsmarket|Any CPU.Build.0 = awsmarket|Any CPU
		{FFBCFEAA-CD47-4C53-A746-51919DE9F6E0}.awsmarket|iPhone.ActiveCfg = awsmarket|Any CPU
		{FFBCFEAA-CD47-4C53-A746-51919DE9F6E0}.awsmarket|iPhone.Build.0 = awsmarket|Any CPU
		{FFBCFEAA-CD47-4C53-A746-51919DE9F6E0}.awsmarket|iPhoneSimulator.ActiveCfg = awsmarket|Any CPU
		{FFBCFEAA-CD47-4C53-A746-51919DE9F6E0}.awsmarket|iPhoneSimulator.Build.0 = awsmarket|Any CPU
		{FFBCFEAA-CD47-4C53-A746-51919DE9F6E0}.BackTest|Any CPU.ActiveCfg = BackTest|Any CPU
		{FFBCFEAA-CD47-4C53-A746-51919DE9F6E0}.BackTest|Any CPU.Build.0 = BackTest|Any CPU
		{FFBCFEAA-CD47-4C53-A746-51919DE9F6E0}.BackTest|iPhone.ActiveCfg = BackTest|Any CPU
		{FFBCFEAA-CD47-4C53-A746-51919DE9F6E0}.BackTest|iPhone.Build.0 = BackTest|Any CPU
		{FFBCFEAA-CD47-4C53-A746-51919DE9F6E0}.BackTest|iPhoneSimulator.ActiveCfg = BackTest|Any CPU
		{FFBCFEAA-CD47-4C53-A746-51919DE9F6E0}.BackTest|iPhoneSimulator.Build.0 = BackTest|Any CPU
		{FFBCFEAA-CD47-4C53-A746-51919DE9F6E0}.Debug|Any CPU.ActiveCfg = Debug|Any CPU
		{FFBCFEAA-CD47-4C53-A746-51919DE9F6E0}.Debug|Any CPU.Build.0 = Debug|Any CPU
		{FFBCFEAA-CD47-4C53-A746-51919DE9F6E0}.Debug|iPhone.ActiveCfg = Debug|Any CPU
		{FFBCFEAA-CD47-4C53-A746-51919DE9F6E0}.Debug|iPhone.Build.0 = Debug|Any CPU
		{FFBCFEAA-CD47-4C53-A746-51919DE9F6E0}.Debug|iPhoneSimulator.ActiveCfg = Debug|Any CPU
		{FFBCFEAA-CD47-4C53-A746-51919DE9F6E0}.Debug|iPhoneSimulator.Build.0 = Debug|Any CPU
		{FFBCFEAA-CD47-4C53-A746-51919DE9F6E0}.Local|Any CPU.ActiveCfg = Local|Any CPU
		{FFBCFEAA-CD47-4C53-A746-51919DE9F6E0}.Local|Any CPU.Build.0 = Local|Any CPU
		{FFBCFEAA-CD47-4C53-A746-51919DE9F6E0}.Local|iPhone.ActiveCfg = Local|Any CPU
		{FFBCFEAA-CD47-4C53-A746-51919DE9F6E0}.Local|iPhone.Build.0 = Local|Any CPU
		{FFBCFEAA-CD47-4C53-A746-51919DE9F6E0}.Local|iPhoneSimulator.ActiveCfg = Local|Any CPU
		{FFBCFEAA-CD47-4C53-A746-51919DE9F6E0}.Local|iPhoneSimulator.Build.0 = Local|Any CPU
		{FFBCFEAA-CD47-4C53-A746-51919DE9F6E0}.Market|Any CPU.ActiveCfg = Market|Any CPU
		{FFBCFEAA-CD47-4C53-A746-51919DE9F6E0}.Market|Any CPU.Build.0 = Market|Any CPU
		{FFBCFEAA-CD47-4C53-A746-51919DE9F6E0}.Market|iPhone.ActiveCfg = Market|Any CPU
		{FFBCFEAA-CD47-4C53-A746-51919DE9F6E0}.Market|iPhone.Build.0 = Market|Any CPU
		{FFBCFEAA-CD47-4C53-A746-51919DE9F6E0}.Market|iPhoneSimulator.ActiveCfg = Market|Any CPU
		{FFBCFEAA-CD47-4C53-A746-51919DE9F6E0}.Market|iPhoneSimulator.Build.0 = Market|Any CPU
		{FFBCFEAA-CD47-4C53-A746-51919DE9F6E0}.Release|Any CPU.ActiveCfg = Release|Any CPU
		{FFBCFEAA-CD47-4C53-A746-51919DE9F6E0}.Release|Any CPU.Build.0 = Release|Any CPU
		{FFBCFEAA-CD47-4C53-A746-51919DE9F6E0}.Release|iPhone.ActiveCfg = Release|Any CPU
		{FFBCFEAA-CD47-4C53-A746-51919DE9F6E0}.Release|iPhone.Build.0 = Release|Any CPU
		{FFBCFEAA-CD47-4C53-A746-51919DE9F6E0}.Release|iPhoneSimulator.ActiveCfg = Release|Any CPU
		{FFBCFEAA-CD47-4C53-A746-51919DE9F6E0}.Release|iPhoneSimulator.Build.0 = Release|Any CPU
		{C3C96B72-ECC8-4CC7-B1D9-8C1C4F087FF1}.awsmarket|Any CPU.ActiveCfg = awsmarket|Any CPU
		{C3C96B72-ECC8-4CC7-B1D9-8C1C4F087FF1}.awsmarket|Any CPU.Build.0 = awsmarket|Any CPU
		{C3C96B72-ECC8-4CC7-B1D9-8C1C4F087FF1}.awsmarket|iPhone.ActiveCfg = awsmarket|Any CPU
		{C3C96B72-ECC8-4CC7-B1D9-8C1C4F087FF1}.awsmarket|iPhone.Build.0 = awsmarket|Any CPU
		{C3C96B72-ECC8-4CC7-B1D9-8C1C4F087FF1}.awsmarket|iPhoneSimulator.ActiveCfg = awsmarket|Any CPU
		{C3C96B72-ECC8-4CC7-B1D9-8C1C4F087FF1}.awsmarket|iPhoneSimulator.Build.0 = awsmarket|Any CPU
		{C3C96B72-ECC8-4CC7-B1D9-8C1C4F087FF1}.BackTest|Any CPU.ActiveCfg = BackTest|Any CPU
		{C3C96B72-ECC8-4CC7-B1D9-8C1C4F087FF1}.BackTest|Any CPU.Build.0 = BackTest|Any CPU
		{C3C96B72-ECC8-4CC7-B1D9-8C1C4F087FF1}.BackTest|iPhone.ActiveCfg = BackTest|Any CPU
		{C3C96B72-ECC8-4CC7-B1D9-8C1C4F087FF1}.BackTest|iPhone.Build.0 = BackTest|Any CPU
		{C3C96B72-ECC8-4CC7-B1D9-8C1C4F087FF1}.BackTest|iPhoneSimulator.ActiveCfg = BackTest|Any CPU
		{C3C96B72-ECC8-4CC7-B1D9-8C1C4F087FF1}.BackTest|iPhoneSimulator.Build.0 = BackTest|Any CPU
		{C3C96B72-ECC8-4CC7-B1D9-8C1C4F087FF1}.Debug|Any CPU.ActiveCfg = Debug|Any CPU
		{C3C96B72-ECC8-4CC7-B1D9-8C1C4F087FF1}.Debug|Any CPU.Build.0 = Debug|Any CPU
		{C3C96B72-ECC8-4CC7-B1D9-8C1C4F087FF1}.Debug|iPhone.ActiveCfg = Debug|Any CPU
		{C3C96B72-ECC8-4CC7-B1D9-8C1C4F087FF1}.Debug|iPhone.Build.0 = Debug|Any CPU
		{C3C96B72-ECC8-4CC7-B1D9-8C1C4F087FF1}.Debug|iPhoneSimulator.ActiveCfg = Debug|Any CPU
		{C3C96B72-ECC8-4CC7-B1D9-8C1C4F087FF1}.Debug|iPhoneSimulator.Build.0 = Debug|Any CPU
		{C3C96B72-ECC8-4CC7-B1D9-8C1C4F087FF1}.Local|Any CPU.ActiveCfg = Local|Any CPU
		{C3C96B72-ECC8-4CC7-B1D9-8C1C4F087FF1}.Local|Any CPU.Build.0 = Local|Any CPU
		{C3C96B72-ECC8-4CC7-B1D9-8C1C4F087FF1}.Local|iPhone.ActiveCfg = Local|Any CPU
		{C3C96B72-ECC8-4CC7-B1D9-8C1C4F087FF1}.Local|iPhone.Build.0 = Local|Any CPU
		{C3C96B72-ECC8-4CC7-B1D9-8C1C4F087FF1}.Local|iPhoneSimulator.ActiveCfg = Local|Any CPU
		{C3C96B72-ECC8-4CC7-B1D9-8C1C4F087FF1}.Local|iPhoneSimulator.Build.0 = Local|Any CPU
		{C3C96B72-ECC8-4CC7-B1D9-8C1C4F087FF1}.Market|Any CPU.ActiveCfg = Market|Any CPU
		{C3C96B72-ECC8-4CC7-B1D9-8C1C4F087FF1}.Market|Any CPU.Build.0 = Market|Any CPU
		{C3C96B72-ECC8-4CC7-B1D9-8C1C4F087FF1}.Market|iPhone.ActiveCfg = Market|Any CPU
		{C3C96B72-ECC8-4CC7-B1D9-8C1C4F087FF1}.Market|iPhone.Build.0 = Market|Any CPU
		{C3C96B72-ECC8-4CC7-B1D9-8C1C4F087FF1}.Market|iPhoneSimulator.ActiveCfg = Market|Any CPU
		{C3C96B72-ECC8-4CC7-B1D9-8C1C4F087FF1}.Market|iPhoneSimulator.Build.0 = Market|Any CPU
		{C3C96B72-ECC8-4CC7-B1D9-8C1C4F087FF1}.Release|Any CPU.ActiveCfg = Release|Any CPU
		{C3C96B72-ECC8-4CC7-B1D9-8C1C4F087FF1}.Release|Any CPU.Build.0 = Release|Any CPU
		{C3C96B72-ECC8-4CC7-B1D9-8C1C4F087FF1}.Release|iPhone.ActiveCfg = Release|Any CPU
		{C3C96B72-ECC8-4CC7-B1D9-8C1C4F087FF1}.Release|iPhone.Build.0 = Release|Any CPU
		{C3C96B72-ECC8-4CC7-B1D9-8C1C4F087FF1}.Release|iPhoneSimulator.ActiveCfg = Release|Any CPU
		{C3C96B72-ECC8-4CC7-B1D9-8C1C4F087FF1}.Release|iPhoneSimulator.Build.0 = Release|Any CPU
		{EEB039AB-CE58-48A6-A902-A70A421D33A1}.awsmarket|Any CPU.ActiveCfg = awsmarket|Any CPU
		{EEB039AB-CE58-48A6-A902-A70A421D33A1}.awsmarket|Any CPU.Build.0 = awsmarket|Any CPU
		{EEB039AB-CE58-48A6-A902-A70A421D33A1}.awsmarket|iPhone.ActiveCfg = awsmarket|Any CPU
		{EEB039AB-CE58-48A6-A902-A70A421D33A1}.awsmarket|iPhone.Build.0 = awsmarket|Any CPU
		{EEB039AB-CE58-48A6-A902-A70A421D33A1}.awsmarket|iPhoneSimulator.ActiveCfg = awsmarket|Any CPU
		{EEB039AB-CE58-48A6-A902-A70A421D33A1}.awsmarket|iPhoneSimulator.Build.0 = awsmarket|Any CPU
		{EEB039AB-CE58-48A6-A902-A70A421D33A1}.BackTest|Any CPU.ActiveCfg = BackTest|Any CPU
		{EEB039AB-CE58-48A6-A902-A70A421D33A1}.BackTest|Any CPU.Build.0 = BackTest|Any CPU
		{EEB039AB-CE58-48A6-A902-A70A421D33A1}.BackTest|iPhone.ActiveCfg = BackTest|Any CPU
		{EEB039AB-CE58-48A6-A902-A70A421D33A1}.BackTest|iPhone.Build.0 = BackTest|Any CPU
		{EEB039AB-CE58-48A6-A902-A70A421D33A1}.BackTest|iPhoneSimulator.ActiveCfg = BackTest|Any CPU
		{EEB039AB-CE58-48A6-A902-A70A421D33A1}.BackTest|iPhoneSimulator.Build.0 = BackTest|Any CPU
		{EEB039AB-CE58-48A6-A902-A70A421D33A1}.Debug|Any CPU.ActiveCfg = Debug|Any CPU
		{EEB039AB-CE58-48A6-A902-A70A421D33A1}.Debug|Any CPU.Build.0 = Debug|Any CPU
		{EEB039AB-CE58-48A6-A902-A70A421D33A1}.Debug|iPhone.ActiveCfg = Debug|Any CPU
		{EEB039AB-CE58-48A6-A902-A70A421D33A1}.Debug|iPhone.Build.0 = Debug|Any CPU
		{EEB039AB-CE58-48A6-A902-A70A421D33A1}.Debug|iPhoneSimulator.ActiveCfg = Debug|Any CPU
		{EEB039AB-CE58-48A6-A902-A70A421D33A1}.Debug|iPhoneSimulator.Build.0 = Debug|Any CPU
		{EEB039AB-CE58-48A6-A902-A70A421D33A1}.Local|Any CPU.ActiveCfg = Local|Any CPU
		{EEB039AB-CE58-48A6-A902-A70A421D33A1}.Local|Any CPU.Build.0 = Local|Any CPU
		{EEB039AB-CE58-48A6-A902-A70A421D33A1}.Local|iPhone.ActiveCfg = Local|Any CPU
		{EEB039AB-CE58-48A6-A902-A70A421D33A1}.Local|iPhone.Build.0 = Local|Any CPU
		{EEB039AB-CE58-48A6-A902-A70A421D33A1}.Local|iPhoneSimulator.ActiveCfg = Local|Any CPU
		{EEB039AB-CE58-48A6-A902-A70A421D33A1}.Local|iPhoneSimulator.Build.0 = Local|Any CPU
		{EEB039AB-CE58-48A6-A902-A70A421D33A1}.Market|Any CPU.ActiveCfg = Market|Any CPU
		{EEB039AB-CE58-48A6-A902-A70A421D33A1}.Market|Any CPU.Build.0 = Market|Any CPU
		{EEB039AB-CE58-48A6-A902-A70A421D33A1}.Market|iPhone.ActiveCfg = Market|Any CPU
		{EEB039AB-CE58-48A6-A902-A70A421D33A1}.Market|iPhone.Build.0 = Market|Any CPU
		{EEB039AB-CE58-48A6-A902-A70A421D33A1}.Market|iPhoneSimulator.ActiveCfg = Market|Any CPU
		{EEB039AB-CE58-48A6-A902-A70A421D33A1}.Market|iPhoneSimulator.Build.0 = Market|Any CPU
		{EEB039AB-CE58-48A6-A902-A70A421D33A1}.Release|Any CPU.ActiveCfg = Release|Any CPU
		{EEB039AB-CE58-48A6-A902-A70A421D33A1}.Release|Any CPU.Build.0 = Release|Any CPU
		{EEB039AB-CE58-48A6-A902-A70A421D33A1}.Release|iPhone.ActiveCfg = Release|Any CPU
		{EEB039AB-CE58-48A6-A902-A70A421D33A1}.Release|iPhone.Build.0 = Release|Any CPU
		{EEB039AB-CE58-48A6-A902-A70A421D33A1}.Release|iPhoneSimulator.ActiveCfg = Release|Any CPU
		{EEB039AB-CE58-48A6-A902-A70A421D33A1}.Release|iPhoneSimulator.Build.0 = Release|Any CPU
		{9676DA68-04E7-483D-824D-AFC007C982C1}.awsmarket|Any CPU.ActiveCfg = awsmarket|Any CPU
		{9676DA68-04E7-483D-824D-AFC007C982C1}.awsmarket|Any CPU.Build.0 = awsmarket|Any CPU
		{9676DA68-04E7-483D-824D-AFC007C982C1}.awsmarket|iPhone.ActiveCfg = awsmarket|Any CPU
		{9676DA68-04E7-483D-824D-AFC007C982C1}.awsmarket|iPhone.Build.0 = awsmarket|Any CPU
		{9676DA68-04E7-483D-824D-AFC007C982C1}.awsmarket|iPhoneSimulator.ActiveCfg = awsmarket|Any CPU
		{9676DA68-04E7-483D-824D-AFC007C982C1}.awsmarket|iPhoneSimulator.Build.0 = awsmarket|Any CPU
		{9676DA68-04E7-483D-824D-AFC007C982C1}.BackTest|Any CPU.ActiveCfg = BackTest|Any CPU
		{9676DA68-04E7-483D-824D-AFC007C982C1}.BackTest|Any CPU.Build.0 = BackTest|Any CPU
		{9676DA68-04E7-483D-824D-AFC007C982C1}.BackTest|iPhone.ActiveCfg = BackTest|Any CPU
		{9676DA68-04E7-483D-824D-AFC007C982C1}.BackTest|iPhone.Build.0 = BackTest|Any CPU
		{9676DA68-04E7-483D-824D-AFC007C982C1}.BackTest|iPhoneSimulator.ActiveCfg = BackTest|Any CPU
		{9676DA68-04E7-483D-824D-AFC007C982C1}.BackTest|iPhoneSimulator.Build.0 = BackTest|Any CPU
		{9676DA68-04E7-483D-824D-AFC007C982C1}.Debug|Any CPU.ActiveCfg = Debug|Any CPU
		{9676DA68-04E7-483D-824D-AFC007C982C1}.Debug|Any CPU.Build.0 = Debug|Any CPU
		{9676DA68-04E7-483D-824D-AFC007C982C1}.Debug|iPhone.ActiveCfg = Debug|Any CPU
		{9676DA68-04E7-483D-824D-AFC007C982C1}.Debug|iPhone.Build.0 = Debug|Any CPU
		{9676DA68-04E7-483D-824D-AFC007C982C1}.Debug|iPhoneSimulator.ActiveCfg = Debug|Any CPU
		{9676DA68-04E7-483D-824D-AFC007C982C1}.Debug|iPhoneSimulator.Build.0 = Debug|Any CPU
		{9676DA68-04E7-483D-824D-AFC007C982C1}.Local|Any CPU.ActiveCfg = Local|Any CPU
		{9676DA68-04E7-483D-824D-AFC007C982C1}.Local|Any CPU.Build.0 = Local|Any CPU
		{9676DA68-04E7-483D-824D-AFC007C982C1}.Local|iPhone.ActiveCfg = Local|Any CPU
		{9676DA68-04E7-483D-824D-AFC007C982C1}.Local|iPhone.Build.0 = Local|Any CPU
		{9676DA68-04E7-483D-824D-AFC007C982C1}.Local|iPhoneSimulator.ActiveCfg = Local|Any CPU
		{9676DA68-04E7-483D-824D-AFC007C982C1}.Local|iPhoneSimulator.Build.0 = Local|Any CPU
		{9676DA68-04E7-483D-824D-AFC007C982C1}.Market|Any CPU.ActiveCfg = Market|Any CPU
		{9676DA68-04E7-483D-824D-AFC007C982C1}.Market|Any CPU.Build.0 = Market|Any CPU
		{9676DA68-04E7-483D-824D-AFC007C982C1}.Market|iPhone.ActiveCfg = Market|Any CPU
		{9676DA68-04E7-483D-824D-AFC007C982C1}.Market|iPhone.Build.0 = Market|Any CPU
		{9676DA68-04E7-483D-824D-AFC007C982C1}.Market|iPhoneSimulator.ActiveCfg = Market|Any CPU
		{9676DA68-04E7-483D-824D-AFC007C982C1}.Market|iPhoneSimulator.Build.0 = Market|Any CPU
		{9676DA68-04E7-483D-824D-AFC007C982C1}.Release|Any CPU.ActiveCfg = Release|Any CPU
		{9676DA68-04E7-483D-824D-AFC007C982C1}.Release|Any CPU.Build.0 = Release|Any CPU
		{9676DA68-04E7-483D-824D-AFC007C982C1}.Release|iPhone.ActiveCfg = Release|Any CPU
		{9676DA68-04E7-483D-824D-AFC007C982C1}.Release|iPhone.Build.0 = Release|Any CPU
		{9676DA68-04E7-483D-824D-AFC007C982C1}.Release|iPhoneSimulator.ActiveCfg = Release|Any CPU
		{9676DA68-04E7-483D-824D-AFC007C982C1}.Release|iPhoneSimulator.Build.0 = Release|Any CPU
		{0ED0946F-E485-4671-9119-2CA800AC169F}.awsmarket|Any CPU.ActiveCfg = awsmarket|Any CPU
		{0ED0946F-E485-4671-9119-2CA800AC169F}.awsmarket|Any CPU.Build.0 = awsmarket|Any CPU
		{0ED0946F-E485-4671-9119-2CA800AC169F}.awsmarket|iPhone.ActiveCfg = awsmarket|Any CPU
		{0ED0946F-E485-4671-9119-2CA800AC169F}.awsmarket|iPhone.Build.0 = awsmarket|Any CPU
		{0ED0946F-E485-4671-9119-2CA800AC169F}.awsmarket|iPhoneSimulator.ActiveCfg = awsmarket|Any CPU
		{0ED0946F-E485-4671-9119-2CA800AC169F}.awsmarket|iPhoneSimulator.Build.0 = awsmarket|Any CPU
		{0ED0946F-E485-4671-9119-2CA800AC169F}.BackTest|Any CPU.ActiveCfg = BackTest|Any CPU
		{0ED0946F-E485-4671-9119-2CA800AC169F}.BackTest|Any CPU.Build.0 = BackTest|Any CPU
		{0ED0946F-E485-4671-9119-2CA800AC169F}.BackTest|iPhone.ActiveCfg = BackTest|Any CPU
		{0ED0946F-E485-4671-9119-2CA800AC169F}.BackTest|iPhone.Build.0 = BackTest|Any CPU
		{0ED0946F-E485-4671-9119-2CA800AC169F}.BackTest|iPhoneSimulator.ActiveCfg = BackTest|Any CPU
		{0ED0946F-E485-4671-9119-2CA800AC169F}.BackTest|iPhoneSimulator.Build.0 = BackTest|Any CPU
		{0ED0946F-E485-4671-9119-2CA800AC169F}.Debug|Any CPU.ActiveCfg = Debug|Any CPU
		{0ED0946F-E485-4671-9119-2CA800AC169F}.Debug|Any CPU.Build.0 = Debug|Any CPU
		{0ED0946F-E485-4671-9119-2CA800AC169F}.Debug|iPhone.ActiveCfg = Debug|Any CPU
		{0ED0946F-E485-4671-9119-2CA800AC169F}.Debug|iPhone.Build.0 = Debug|Any CPU
		{0ED0946F-E485-4671-9119-2CA800AC169F}.Debug|iPhoneSimulator.ActiveCfg = Debug|Any CPU
		{0ED0946F-E485-4671-9119-2CA800AC169F}.Debug|iPhoneSimulator.Build.0 = Debug|Any CPU
		{0ED0946F-E485-4671-9119-2CA800AC169F}.Local|Any CPU.ActiveCfg = Local|Any CPU
		{0ED0946F-E485-4671-9119-2CA800AC169F}.Local|Any CPU.Build.0 = Local|Any CPU
		{0ED0946F-E485-4671-9119-2CA800AC169F}.Local|iPhone.ActiveCfg = Local|Any CPU
		{0ED0946F-E485-4671-9119-2CA800AC169F}.Local|iPhone.Build.0 = Local|Any CPU
		{0ED0946F-E485-4671-9119-2CA800AC169F}.Local|iPhoneSimulator.ActiveCfg = Local|Any CPU
		{0ED0946F-E485-4671-9119-2CA800AC169F}.Local|iPhoneSimulator.Build.0 = Local|Any CPU
		{0ED0946F-E485-4671-9119-2CA800AC169F}.Market|Any CPU.ActiveCfg = Market|Any CPU
		{0ED0946F-E485-4671-9119-2CA800AC169F}.Market|Any CPU.Build.0 = Market|Any CPU
		{0ED0946F-E485-4671-9119-2CA800AC169F}.Market|iPhone.ActiveCfg = Market|Any CPU
		{0ED0946F-E485-4671-9119-2CA800AC169F}.Market|iPhone.Build.0 = Market|Any CPU
		{0ED0946F-E485-4671-9119-2CA800AC169F}.Market|iPhoneSimulator.ActiveCfg = Market|Any CPU
		{0ED0946F-E485-4671-9119-2CA800AC169F}.Market|iPhoneSimulator.Build.0 = Market|Any CPU
		{0ED0946F-E485-4671-9119-2CA800AC169F}.Release|Any CPU.ActiveCfg = Release|Any CPU
		{0ED0946F-E485-4671-9119-2CA800AC169F}.Release|Any CPU.Build.0 = Release|Any CPU
		{0ED0946F-E485-4671-9119-2CA800AC169F}.Release|iPhone.ActiveCfg = Release|Any CPU
		{0ED0946F-E485-4671-9119-2CA800AC169F}.Release|iPhone.Build.0 = Release|Any CPU
		{0ED0946F-E485-4671-9119-2CA800AC169F}.Release|iPhoneSimulator.ActiveCfg = Release|Any CPU
		{0ED0946F-E485-4671-9119-2CA800AC169F}.Release|iPhoneSimulator.Build.0 = Release|Any CPU
		{27D0B3DB-5CD3-43C7-979F-1FB518BEB851}.awsmarket|Any CPU.ActiveCfg = awsmarket|Any CPU
		{27D0B3DB-5CD3-43C7-979F-1FB518BEB851}.awsmarket|Any CPU.Build.0 = awsmarket|Any CPU
		{27D0B3DB-5CD3-43C7-979F-1FB518BEB851}.awsmarket|iPhone.ActiveCfg = awsmarket|Any CPU
		{27D0B3DB-5CD3-43C7-979F-1FB518BEB851}.awsmarket|iPhone.Build.0 = awsmarket|Any CPU
		{27D0B3DB-5CD3-43C7-979F-1FB518BEB851}.awsmarket|iPhoneSimulator.ActiveCfg = awsmarket|Any CPU
		{27D0B3DB-5CD3-43C7-979F-1FB518BEB851}.awsmarket|iPhoneSimulator.Build.0 = awsmarket|Any CPU
		{27D0B3DB-5CD3-43C7-979F-1FB518BEB851}.BackTest|Any CPU.ActiveCfg = BackTest|Any CPU
		{27D0B3DB-5CD3-43C7-979F-1FB518BEB851}.BackTest|Any CPU.Build.0 = BackTest|Any CPU
		{27D0B3DB-5CD3-43C7-979F-1FB518BEB851}.BackTest|iPhone.ActiveCfg = BackTest|Any CPU
		{27D0B3DB-5CD3-43C7-979F-1FB518BEB851}.BackTest|iPhone.Build.0 = BackTest|Any CPU
		{27D0B3DB-5CD3-43C7-979F-1FB518BEB851}.BackTest|iPhoneSimulator.ActiveCfg = BackTest|Any CPU
		{27D0B3DB-5CD3-43C7-979F-1FB518BEB851}.BackTest|iPhoneSimulator.Build.0 = BackTest|Any CPU
		{27D0B3DB-5CD3-43C7-979F-1FB518BEB851}.Debug|Any CPU.ActiveCfg = Debug|Any CPU
		{27D0B3DB-5CD3-43C7-979F-1FB518BEB851}.Debug|Any CPU.Build.0 = Debug|Any CPU
		{27D0B3DB-5CD3-43C7-979F-1FB518BEB851}.Debug|iPhone.ActiveCfg = Debug|Any CPU
		{27D0B3DB-5CD3-43C7-979F-1FB518BEB851}.Debug|iPhone.Build.0 = Debug|Any CPU
		{27D0B3DB-5CD3-43C7-979F-1FB518BEB851}.Debug|iPhoneSimulator.ActiveCfg = Debug|Any CPU
		{27D0B3DB-5CD3-43C7-979F-1FB518BEB851}.Debug|iPhoneSimulator.Build.0 = Debug|Any CPU
		{27D0B3DB-5CD3-43C7-979F-1FB518BEB851}.Local|Any CPU.ActiveCfg = Local|Any CPU
		{27D0B3DB-5CD3-43C7-979F-1FB518BEB851}.Local|Any CPU.Build.0 = Local|Any CPU
		{27D0B3DB-5CD3-43C7-979F-1FB518BEB851}.Local|iPhone.ActiveCfg = Local|Any CPU
		{27D0B3DB-5CD3-43C7-979F-1FB518BEB851}.Local|iPhone.Build.0 = Local|Any CPU
		{27D0B3DB-5CD3-43C7-979F-1FB518BEB851}.Local|iPhoneSimulator.ActiveCfg = Local|Any CPU
		{27D0B3DB-5CD3-43C7-979F-1FB518BEB851}.Local|iPhoneSimulator.Build.0 = Local|Any CPU
		{27D0B3DB-5CD3-43C7-979F-1FB518BEB851}.Market|Any CPU.ActiveCfg = Market|Any CPU
		{27D0B3DB-5CD3-43C7-979F-1FB518BEB851}.Market|Any CPU.Build.0 = Market|Any CPU
		{27D0B3DB-5CD3-43C7-979F-1FB518BEB851}.Market|iPhone.ActiveCfg = Market|Any CPU
		{27D0B3DB-5CD3-43C7-979F-1FB518BEB851}.Market|iPhone.Build.0 = Market|Any CPU
		{27D0B3DB-5CD3-43C7-979F-1FB518BEB851}.Market|iPhoneSimulator.ActiveCfg = Market|Any CPU
		{27D0B3DB-5CD3-43C7-979F-1FB518BEB851}.Market|iPhoneSimulator.Build.0 = Market|Any CPU
		{27D0B3DB-5CD3-43C7-979F-1FB518BEB851}.Release|Any CPU.ActiveCfg = Release|Any CPU
		{27D0B3DB-5CD3-43C7-979F-1FB518BEB851}.Release|Any CPU.Build.0 = Release|Any CPU
		{27D0B3DB-5CD3-43C7-979F-1FB518BEB851}.Release|iPhone.ActiveCfg = Release|Any CPU
		{27D0B3DB-5CD3-43C7-979F-1FB518BEB851}.Release|iPhone.Build.0 = Release|Any CPU
		{27D0B3DB-5CD3-43C7-979F-1FB518BEB851}.Release|iPhoneSimulator.ActiveCfg = Release|Any CPU
		{27D0B3DB-5CD3-43C7-979F-1FB518BEB851}.Release|iPhoneSimulator.Build.0 = Release|Any CPU
		{E55C9FA0-79DA-4279-93DB-1E8562E7C027}.awsmarket|Any CPU.ActiveCfg = awsmarket|Any CPU
		{E55C9FA0-79DA-4279-93DB-1E8562E7C027}.awsmarket|Any CPU.Build.0 = awsmarket|Any CPU
		{E55C9FA0-79DA-4279-93DB-1E8562E7C027}.awsmarket|iPhone.ActiveCfg = awsmarket|Any CPU
		{E55C9FA0-79DA-4279-93DB-1E8562E7C027}.awsmarket|iPhone.Build.0 = awsmarket|Any CPU
		{E55C9FA0-79DA-4279-93DB-1E8562E7C027}.awsmarket|iPhoneSimulator.ActiveCfg = awsmarket|Any CPU
		{E55C9FA0-79DA-4279-93DB-1E8562E7C027}.awsmarket|iPhoneSimulator.Build.0 = awsmarket|Any CPU
		{E55C9FA0-79DA-4279-93DB-1E8562E7C027}.BackTest|Any CPU.ActiveCfg = BackTest|Any CPU
		{E55C9FA0-79DA-4279-93DB-1E8562E7C027}.BackTest|Any CPU.Build.0 = BackTest|Any CPU
		{E55C9FA0-79DA-4279-93DB-1E8562E7C027}.BackTest|iPhone.ActiveCfg = BackTest|Any CPU
		{E55C9FA0-79DA-4279-93DB-1E8562E7C027}.BackTest|iPhone.Build.0 = BackTest|Any CPU
		{E55C9FA0-79DA-4279-93DB-1E8562E7C027}.BackTest|iPhoneSimulator.ActiveCfg = BackTest|Any CPU
		{E55C9FA0-79DA-4279-93DB-1E8562E7C027}.BackTest|iPhoneSimulator.Build.0 = BackTest|Any CPU
		{E55C9FA0-79DA-4279-93DB-1E8562E7C027}.Debug|Any CPU.ActiveCfg = Debug|Any CPU
		{E55C9FA0-79DA-4279-93DB-1E8562E7C027}.Debug|Any CPU.Build.0 = Debug|Any CPU
		{E55C9FA0-79DA-4279-93DB-1E8562E7C027}.Debug|iPhone.ActiveCfg = Debug|Any CPU
		{E55C9FA0-79DA-4279-93DB-1E8562E7C027}.Debug|iPhone.Build.0 = Debug|Any CPU
		{E55C9FA0-79DA-4279-93DB-1E8562E7C027}.Debug|iPhoneSimulator.ActiveCfg = Debug|Any CPU
		{E55C9FA0-79DA-4279-93DB-1E8562E7C027}.Debug|iPhoneSimulator.Build.0 = Debug|Any CPU
		{E55C9FA0-79DA-4279-93DB-1E8562E7C027}.Local|Any CPU.ActiveCfg = Local|Any CPU
		{E55C9FA0-79DA-4279-93DB-1E8562E7C027}.Local|Any CPU.Build.0 = Local|Any CPU
		{E55C9FA0-79DA-4279-93DB-1E8562E7C027}.Local|iPhone.ActiveCfg = Local|Any CPU
		{E55C9FA0-79DA-4279-93DB-1E8562E7C027}.Local|iPhone.Build.0 = Local|Any CPU
		{E55C9FA0-79DA-4279-93DB-1E8562E7C027}.Local|iPhoneSimulator.ActiveCfg = Local|Any CPU
		{E55C9FA0-79DA-4279-93DB-1E8562E7C027}.Local|iPhoneSimulator.Build.0 = Local|Any CPU
		{E55C9FA0-79DA-4279-93DB-1E8562E7C027}.Market|Any CPU.ActiveCfg = Market|Any CPU
		{E55C9FA0-79DA-4279-93DB-1E8562E7C027}.Market|Any CPU.Build.0 = Market|Any CPU
		{E55C9FA0-79DA-4279-93DB-1E8562E7C027}.Market|iPhone.ActiveCfg = Market|Any CPU
		{E55C9FA0-79DA-4279-93DB-1E8562E7C027}.Market|iPhone.Build.0 = Market|Any CPU
		{E55C9FA0-79DA-4279-93DB-1E8562E7C027}.Market|iPhoneSimulator.ActiveCfg = Market|Any CPU
		{E55C9FA0-79DA-4279-93DB-1E8562E7C027}.Market|iPhoneSimulator.Build.0 = Market|Any CPU
		{E55C9FA0-79DA-4279-93DB-1E8562E7C027}.Release|Any CPU.ActiveCfg = Release|Any CPU
		{E55C9FA0-79DA-4279-93DB-1E8562E7C027}.Release|Any CPU.Build.0 = Release|Any CPU
		{E55C9FA0-79DA-4279-93DB-1E8562E7C027}.Release|iPhone.ActiveCfg = Release|Any CPU
		{E55C9FA0-79DA-4279-93DB-1E8562E7C027}.Release|iPhone.Build.0 = Release|Any CPU
		{E55C9FA0-79DA-4279-93DB-1E8562E7C027}.Release|iPhoneSimulator.ActiveCfg = Release|Any CPU
		{E55C9FA0-79DA-4279-93DB-1E8562E7C027}.Release|iPhoneSimulator.Build.0 = Release|Any CPU
		{BC3024F9-7361-4720-8C2C-44F648739B1E}.awsmarket|Any CPU.ActiveCfg = awsmarket|Any CPU
		{BC3024F9-7361-4720-8C2C-44F648739B1E}.awsmarket|Any CPU.Build.0 = awsmarket|Any CPU
		{BC3024F9-7361-4720-8C2C-44F648739B1E}.awsmarket|iPhone.ActiveCfg = awsmarket|Any CPU
		{BC3024F9-7361-4720-8C2C-44F648739B1E}.awsmarket|iPhone.Build.0 = awsmarket|Any CPU
		{BC3024F9-7361-4720-8C2C-44F648739B1E}.awsmarket|iPhoneSimulator.ActiveCfg = awsmarket|Any CPU
		{BC3024F9-7361-4720-8C2C-44F648739B1E}.awsmarket|iPhoneSimulator.Build.0 = awsmarket|Any CPU
		{BC3024F9-7361-4720-8C2C-44F648739B1E}.BackTest|Any CPU.ActiveCfg = BackTest|Any CPU
		{BC3024F9-7361-4720-8C2C-44F648739B1E}.BackTest|Any CPU.Build.0 = BackTest|Any CPU
		{BC3024F9-7361-4720-8C2C-44F648739B1E}.BackTest|iPhone.ActiveCfg = BackTest|Any CPU
		{BC3024F9-7361-4720-8C2C-44F648739B1E}.BackTest|iPhone.Build.0 = BackTest|Any CPU
		{BC3024F9-7361-4720-8C2C-44F648739B1E}.BackTest|iPhoneSimulator.ActiveCfg = BackTest|Any CPU
		{BC3024F9-7361-4720-8C2C-44F648739B1E}.BackTest|iPhoneSimulator.Build.0 = BackTest|Any CPU
		{BC3024F9-7361-4720-8C2C-44F648739B1E}.Debug|Any CPU.ActiveCfg = Debug|Any CPU
		{BC3024F9-7361-4720-8C2C-44F648739B1E}.Debug|Any CPU.Build.0 = Debug|Any CPU
		{BC3024F9-7361-4720-8C2C-44F648739B1E}.Debug|iPhone.ActiveCfg = Debug|Any CPU
		{BC3024F9-7361-4720-8C2C-44F648739B1E}.Debug|iPhone.Build.0 = Debug|Any CPU
		{BC3024F9-7361-4720-8C2C-44F648739B1E}.Debug|iPhoneSimulator.ActiveCfg = Debug|Any CPU
		{BC3024F9-7361-4720-8C2C-44F648739B1E}.Debug|iPhoneSimulator.Build.0 = Debug|Any CPU
		{BC3024F9-7361-4720-8C2C-44F648739B1E}.Local|Any CPU.ActiveCfg = Local|Any CPU
		{BC3024F9-7361-4720-8C2C-44F648739B1E}.Local|Any CPU.Build.0 = Local|Any CPU
		{BC3024F9-7361-4720-8C2C-44F648739B1E}.Local|iPhone.ActiveCfg = Local|Any CPU
		{BC3024F9-7361-4720-8C2C-44F648739B1E}.Local|iPhone.Build.0 = Local|Any CPU
		{BC3024F9-7361-4720-8C2C-44F648739B1E}.Local|iPhoneSimulator.ActiveCfg = Local|Any CPU
		{BC3024F9-7361-4720-8C2C-44F648739B1E}.Local|iPhoneSimulator.Build.0 = Local|Any CPU
		{BC3024F9-7361-4720-8C2C-44F648739B1E}.Market|Any CPU.ActiveCfg = Market|Any CPU
		{BC3024F9-7361-4720-8C2C-44F648739B1E}.Market|Any CPU.Build.0 = Market|Any CPU
		{BC3024F9-7361-4720-8C2C-44F648739B1E}.Market|iPhone.ActiveCfg = Market|Any CPU
		{BC3024F9-7361-4720-8C2C-44F648739B1E}.Market|iPhone.Build.0 = Market|Any CPU
		{BC3024F9-7361-4720-8C2C-44F648739B1E}.Market|iPhoneSimulator.ActiveCfg = Market|Any CPU
		{BC3024F9-7361-4720-8C2C-44F648739B1E}.Market|iPhoneSimulator.Build.0 = Market|Any CPU
		{BC3024F9-7361-4720-8C2C-44F648739B1E}.Release|Any CPU.ActiveCfg = Release|Any CPU
		{BC3024F9-7361-4720-8C2C-44F648739B1E}.Release|Any CPU.Build.0 = Release|Any CPU
		{BC3024F9-7361-4720-8C2C-44F648739B1E}.Release|iPhone.ActiveCfg = Release|Any CPU
		{BC3024F9-7361-4720-8C2C-44F648739B1E}.Release|iPhone.Build.0 = Release|Any CPU
		{BC3024F9-7361-4720-8C2C-44F648739B1E}.Release|iPhoneSimulator.ActiveCfg = Release|Any CPU
		{BC3024F9-7361-4720-8C2C-44F648739B1E}.Release|iPhoneSimulator.Build.0 = Release|Any CPU
		{B393C21B-4FEE-4E47-AD00-B24CD70F7D48}.awsmarket|Any CPU.ActiveCfg = Release|Any CPU
		{B393C21B-4FEE-4E47-AD00-B24CD70F7D48}.awsmarket|iPhone.ActiveCfg = Release|Any CPU
		{B393C21B-4FEE-4E47-AD00-B24CD70F7D48}.awsmarket|iPhoneSimulator.ActiveCfg = Release|Any CPU
		{B393C21B-4FEE-4E47-AD00-B24CD70F7D48}.BackTest|Any CPU.ActiveCfg = BackTest|Any CPU
		{B393C21B-4FEE-4E47-AD00-B24CD70F7D48}.BackTest|Any CPU.Build.0 = BackTest|Any CPU
		{B393C21B-4FEE-4E47-AD00-B24CD70F7D48}.BackTest|iPhone.ActiveCfg = BackTest|Any CPU
		{B393C21B-4FEE-4E47-AD00-B24CD70F7D48}.BackTest|iPhone.Build.0 = BackTest|Any CPU
		{B393C21B-4FEE-4E47-AD00-B24CD70F7D48}.BackTest|iPhoneSimulator.ActiveCfg = BackTest|Any CPU
		{B393C21B-4FEE-4E47-AD00-B24CD70F7D48}.BackTest|iPhoneSimulator.Build.0 = BackTest|Any CPU
		{B393C21B-4FEE-4E47-AD00-B24CD70F7D48}.Debug|Any CPU.ActiveCfg = Debug|Any CPU
		{B393C21B-4FEE-4E47-AD00-B24CD70F7D48}.Debug|Any CPU.Build.0 = Debug|Any CPU
		{B393C21B-4FEE-4E47-AD00-B24CD70F7D48}.Debug|iPhone.ActiveCfg = Debug|Any CPU
		{B393C21B-4FEE-4E47-AD00-B24CD70F7D48}.Debug|iPhone.Build.0 = Debug|Any CPU
		{B393C21B-4FEE-4E47-AD00-B24CD70F7D48}.Debug|iPhoneSimulator.ActiveCfg = Debug|Any CPU
		{B393C21B-4FEE-4E47-AD00-B24CD70F7D48}.Debug|iPhoneSimulator.Build.0 = Debug|Any CPU
		{B393C21B-4FEE-4E47-AD00-B24CD70F7D48}.Local|Any CPU.ActiveCfg = Local|Any CPU
		{B393C21B-4FEE-4E47-AD00-B24CD70F7D48}.Local|Any CPU.Build.0 = Local|Any CPU
		{B393C21B-4FEE-4E47-AD00-B24CD70F7D48}.Local|iPhone.ActiveCfg = Local|Any CPU
		{B393C21B-4FEE-4E47-AD00-B24CD70F7D48}.Local|iPhone.Build.0 = Local|Any CPU
		{B393C21B-4FEE-4E47-AD00-B24CD70F7D48}.Local|iPhoneSimulator.ActiveCfg = Local|Any CPU
		{B393C21B-4FEE-4E47-AD00-B24CD70F7D48}.Local|iPhoneSimulator.Build.0 = Local|Any CPU
		{B393C21B-4FEE-4E47-AD00-B24CD70F7D48}.Market|Any CPU.ActiveCfg = Market|Any CPU
		{B393C21B-4FEE-4E47-AD00-B24CD70F7D48}.Market|Any CPU.Build.0 = Market|Any CPU
		{B393C21B-4FEE-4E47-AD00-B24CD70F7D48}.Market|iPhone.ActiveCfg = Market|Any CPU
		{B393C21B-4FEE-4E47-AD00-B24CD70F7D48}.Market|iPhone.Build.0 = Market|Any CPU
		{B393C21B-4FEE-4E47-AD00-B24CD70F7D48}.Market|iPhoneSimulator.ActiveCfg = Market|Any CPU
		{B393C21B-4FEE-4E47-AD00-B24CD70F7D48}.Market|iPhoneSimulator.Build.0 = Market|Any CPU
		{B393C21B-4FEE-4E47-AD00-B24CD70F7D48}.Release|Any CPU.ActiveCfg = Release|Any CPU
		{B393C21B-4FEE-4E47-AD00-B24CD70F7D48}.Release|Any CPU.Build.0 = Release|Any CPU
		{B393C21B-4FEE-4E47-AD00-B24CD70F7D48}.Release|iPhone.ActiveCfg = Release|Any CPU
		{B393C21B-4FEE-4E47-AD00-B24CD70F7D48}.Release|iPhone.Build.0 = Release|Any CPU
		{B393C21B-4FEE-4E47-AD00-B24CD70F7D48}.Release|iPhoneSimulator.ActiveCfg = Release|Any CPU
		{B393C21B-4FEE-4E47-AD00-B24CD70F7D48}.Release|iPhoneSimulator.Build.0 = Release|Any CPU
		{0B2B9054-0BDC-4072-A852-91D5CB4AD5D5}.awsmarket|Any CPU.ActiveCfg = Release|Any CPU
		{0B2B9054-0BDC-4072-A852-91D5CB4AD5D5}.awsmarket|iPhone.ActiveCfg = Release|Any CPU
		{0B2B9054-0BDC-4072-A852-91D5CB4AD5D5}.awsmarket|iPhoneSimulator.ActiveCfg = Release|Any CPU
		{0B2B9054-0BDC-4072-A852-91D5CB4AD5D5}.BackTest|Any CPU.ActiveCfg = BackTest|Any CPU
		{0B2B9054-0BDC-4072-A852-91D5CB4AD5D5}.BackTest|Any CPU.Build.0 = BackTest|Any CPU
		{0B2B9054-0BDC-4072-A852-91D5CB4AD5D5}.BackTest|iPhone.ActiveCfg = BackTest|Any CPU
		{0B2B9054-0BDC-4072-A852-91D5CB4AD5D5}.BackTest|iPhone.Build.0 = BackTest|Any CPU
		{0B2B9054-0BDC-4072-A852-91D5CB4AD5D5}.BackTest|iPhoneSimulator.ActiveCfg = BackTest|Any CPU
		{0B2B9054-0BDC-4072-A852-91D5CB4AD5D5}.BackTest|iPhoneSimulator.Build.0 = BackTest|Any CPU
		{0B2B9054-0BDC-4072-A852-91D5CB4AD5D5}.Debug|Any CPU.ActiveCfg = Debug|Any CPU
		{0B2B9054-0BDC-4072-A852-91D5CB4AD5D5}.Debug|Any CPU.Build.0 = Debug|Any CPU
		{0B2B9054-0BDC-4072-A852-91D5CB4AD5D5}.Debug|iPhone.ActiveCfg = Debug|Any CPU
		{0B2B9054-0BDC-4072-A852-91D5CB4AD5D5}.Debug|iPhone.Build.0 = Debug|Any CPU
		{0B2B9054-0BDC-4072-A852-91D5CB4AD5D5}.Debug|iPhoneSimulator.ActiveCfg = Debug|Any CPU
		{0B2B9054-0BDC-4072-A852-91D5CB4AD5D5}.Debug|iPhoneSimulator.Build.0 = Debug|Any CPU
		{0B2B9054-0BDC-4072-A852-91D5CB4AD5D5}.Local|Any CPU.ActiveCfg = Local|Any CPU
		{0B2B9054-0BDC-4072-A852-91D5CB4AD5D5}.Local|Any CPU.Build.0 = Local|Any CPU
		{0B2B9054-0BDC-4072-A852-91D5CB4AD5D5}.Local|iPhone.ActiveCfg = Local|Any CPU
		{0B2B9054-0BDC-4072-A852-91D5CB4AD5D5}.Local|iPhone.Build.0 = Local|Any CPU
		{0B2B9054-0BDC-4072-A852-91D5CB4AD5D5}.Local|iPhoneSimulator.ActiveCfg = Local|Any CPU
		{0B2B9054-0BDC-4072-A852-91D5CB4AD5D5}.Local|iPhoneSimulator.Build.0 = Local|Any CPU
		{0B2B9054-0BDC-4072-A852-91D5CB4AD5D5}.Market|Any CPU.ActiveCfg = Market|Any CPU
		{0B2B9054-0BDC-4072-A852-91D5CB4AD5D5}.Market|Any CPU.Build.0 = Market|Any CPU
		{0B2B9054-0BDC-4072-A852-91D5CB4AD5D5}.Market|iPhone.ActiveCfg = Market|Any CPU
		{0B2B9054-0BDC-4072-A852-91D5CB4AD5D5}.Market|iPhone.Build.0 = Market|Any CPU
		{0B2B9054-0BDC-4072-A852-91D5CB4AD5D5}.Market|iPhoneSimulator.ActiveCfg = Market|Any CPU
		{0B2B9054-0BDC-4072-A852-91D5CB4AD5D5}.Market|iPhoneSimulator.Build.0 = Market|Any CPU
		{0B2B9054-0BDC-4072-A852-91D5CB4AD5D5}.Release|Any CPU.ActiveCfg = Release|Any CPU
		{0B2B9054-0BDC-4072-A852-91D5CB4AD5D5}.Release|Any CPU.Build.0 = Release|Any CPU
		{0B2B9054-0BDC-4072-A852-91D5CB4AD5D5}.Release|iPhone.ActiveCfg = Release|Any CPU
		{0B2B9054-0BDC-4072-A852-91D5CB4AD5D5}.Release|iPhone.Build.0 = Release|Any CPU
		{0B2B9054-0BDC-4072-A852-91D5CB4AD5D5}.Release|iPhoneSimulator.ActiveCfg = Release|Any CPU
		{0B2B9054-0BDC-4072-A852-91D5CB4AD5D5}.Release|iPhoneSimulator.Build.0 = Release|Any CPU
		{FFEEBA17-DF0B-4C0C-9FD3-8A0457C9A726}.awsmarket|Any CPU.ActiveCfg = awsmarket|Any CPU
		{FFEEBA17-DF0B-4C0C-9FD3-8A0457C9A726}.awsmarket|Any CPU.Build.0 = awsmarket|Any CPU
		{FFEEBA17-DF0B-4C0C-9FD3-8A0457C9A726}.awsmarket|iPhone.ActiveCfg = awsmarket|Any CPU
		{FFEEBA17-DF0B-4C0C-9FD3-8A0457C9A726}.awsmarket|iPhone.Build.0 = awsmarket|Any CPU
		{FFEEBA17-DF0B-4C0C-9FD3-8A0457C9A726}.awsmarket|iPhoneSimulator.ActiveCfg = awsmarket|Any CPU
		{FFEEBA17-DF0B-4C0C-9FD3-8A0457C9A726}.awsmarket|iPhoneSimulator.Build.0 = awsmarket|Any CPU
		{FFEEBA17-DF0B-4C0C-9FD3-8A0457C9A726}.BackTest|Any CPU.ActiveCfg = BackTest|Any CPU
		{FFEEBA17-DF0B-4C0C-9FD3-8A0457C9A726}.BackTest|Any CPU.Build.0 = BackTest|Any CPU
		{FFEEBA17-DF0B-4C0C-9FD3-8A0457C9A726}.BackTest|iPhone.ActiveCfg = BackTest|Any CPU
		{FFEEBA17-DF0B-4C0C-9FD3-8A0457C9A726}.BackTest|iPhone.Build.0 = BackTest|Any CPU
		{FFEEBA17-DF0B-4C0C-9FD3-8A0457C9A726}.BackTest|iPhoneSimulator.ActiveCfg = BackTest|Any CPU
		{FFEEBA17-DF0B-4C0C-9FD3-8A0457C9A726}.BackTest|iPhoneSimulator.Build.0 = BackTest|Any CPU
		{FFEEBA17-DF0B-4C0C-9FD3-8A0457C9A726}.Debug|Any CPU.ActiveCfg = Debug|Any CPU
		{FFEEBA17-DF0B-4C0C-9FD3-8A0457C9A726}.Debug|Any CPU.Build.0 = Debug|Any CPU
		{FFEEBA17-DF0B-4C0C-9FD3-8A0457C9A726}.Debug|iPhone.ActiveCfg = Debug|Any CPU
		{FFEEBA17-DF0B-4C0C-9FD3-8A0457C9A726}.Debug|iPhone.Build.0 = Debug|Any CPU
		{FFEEBA17-DF0B-4C0C-9FD3-8A0457C9A726}.Debug|iPhoneSimulator.ActiveCfg = Debug|Any CPU
		{FFEEBA17-DF0B-4C0C-9FD3-8A0457C9A726}.Debug|iPhoneSimulator.Build.0 = Debug|Any CPU
		{FFEEBA17-DF0B-4C0C-9FD3-8A0457C9A726}.Local|Any CPU.ActiveCfg = Local|Any CPU
		{FFEEBA17-DF0B-4C0C-9FD3-8A0457C9A726}.Local|Any CPU.Build.0 = Local|Any CPU
		{FFEEBA17-DF0B-4C0C-9FD3-8A0457C9A726}.Local|iPhone.ActiveCfg = Local|Any CPU
		{FFEEBA17-DF0B-4C0C-9FD3-8A0457C9A726}.Local|iPhone.Build.0 = Local|Any CPU
		{FFEEBA17-DF0B-4C0C-9FD3-8A0457C9A726}.Local|iPhoneSimulator.ActiveCfg = Local|Any CPU
		{FFEEBA17-DF0B-4C0C-9FD3-8A0457C9A726}.Local|iPhoneSimulator.Build.0 = Local|Any CPU
		{FFEEBA17-DF0B-4C0C-9FD3-8A0457C9A726}.Market|Any CPU.ActiveCfg = Market|Any CPU
		{FFEEBA17-DF0B-4C0C-9FD3-8A0457C9A726}.Market|Any CPU.Build.0 = Market|Any CPU
		{FFEEBA17-DF0B-4C0C-9FD3-8A0457C9A726}.Market|iPhone.ActiveCfg = Market|Any CPU
		{FFEEBA17-DF0B-4C0C-9FD3-8A0457C9A726}.Market|iPhone.Build.0 = Market|Any CPU
		{FFEEBA17-DF0B-4C0C-9FD3-8A0457C9A726}.Market|iPhoneSimulator.ActiveCfg = Market|Any CPU
		{FFEEBA17-DF0B-4C0C-9FD3-8A0457C9A726}.Market|iPhoneSimulator.Build.0 = Market|Any CPU
		{FFEEBA17-DF0B-4C0C-9FD3-8A0457C9A726}.Release|Any CPU.ActiveCfg = Release|Any CPU
		{FFEEBA17-DF0B-4C0C-9FD3-8A0457C9A726}.Release|Any CPU.Build.0 = Release|Any CPU
		{FFEEBA17-DF0B-4C0C-9FD3-8A0457C9A726}.Release|iPhone.ActiveCfg = Release|Any CPU
		{FFEEBA17-DF0B-4C0C-9FD3-8A0457C9A726}.Release|iPhone.Build.0 = Release|Any CPU
		{FFEEBA17-DF0B-4C0C-9FD3-8A0457C9A726}.Release|iPhoneSimulator.ActiveCfg = Release|Any CPU
		{FFEEBA17-DF0B-4C0C-9FD3-8A0457C9A726}.Release|iPhoneSimulator.Build.0 = Release|Any CPU
		{C41BCCC6-08FB-42AC-A5C6-550570F563FE}.awsmarket|Any CPU.ActiveCfg = awsmarket|Any CPU
		{C41BCCC6-08FB-42AC-A5C6-550570F563FE}.awsmarket|Any CPU.Build.0 = awsmarket|Any CPU
		{C41BCCC6-08FB-42AC-A5C6-550570F563FE}.awsmarket|iPhone.ActiveCfg = awsmarket|Any CPU
		{C41BCCC6-08FB-42AC-A5C6-550570F563FE}.awsmarket|iPhone.Build.0 = awsmarket|Any CPU
		{C41BCCC6-08FB-42AC-A5C6-550570F563FE}.awsmarket|iPhoneSimulator.ActiveCfg = awsmarket|Any CPU
		{C41BCCC6-08FB-42AC-A5C6-550570F563FE}.awsmarket|iPhoneSimulator.Build.0 = awsmarket|Any CPU
		{C41BCCC6-08FB-42AC-A5C6-550570F563FE}.BackTest|Any CPU.ActiveCfg = BackTest|Any CPU
		{C41BCCC6-08FB-42AC-A5C6-550570F563FE}.BackTest|Any CPU.Build.0 = BackTest|Any CPU
		{C41BCCC6-08FB-42AC-A5C6-550570F563FE}.BackTest|iPhone.ActiveCfg = BackTest|Any CPU
		{C41BCCC6-08FB-42AC-A5C6-550570F563FE}.BackTest|iPhone.Build.0 = BackTest|Any CPU
		{C41BCCC6-08FB-42AC-A5C6-550570F563FE}.BackTest|iPhoneSimulator.ActiveCfg = BackTest|Any CPU
		{C41BCCC6-08FB-42AC-A5C6-550570F563FE}.BackTest|iPhoneSimulator.Build.0 = BackTest|Any CPU
		{C41BCCC6-08FB-42AC-A5C6-550570F563FE}.Debug|Any CPU.ActiveCfg = Debug|Any CPU
		{C41BCCC6-08FB-42AC-A5C6-550570F563FE}.Debug|Any CPU.Build.0 = Debug|Any CPU
		{C41BCCC6-08FB-42AC-A5C6-550570F563FE}.Debug|iPhone.ActiveCfg = Debug|Any CPU
		{C41BCCC6-08FB-42AC-A5C6-550570F563FE}.Debug|iPhone.Build.0 = Debug|Any CPU
		{C41BCCC6-08FB-42AC-A5C6-550570F563FE}.Debug|iPhoneSimulator.ActiveCfg = Debug|Any CPU
		{C41BCCC6-08FB-42AC-A5C6-550570F563FE}.Debug|iPhoneSimulator.Build.0 = Debug|Any CPU
		{C41BCCC6-08FB-42AC-A5C6-550570F563FE}.Local|Any CPU.ActiveCfg = Debug|Any CPU
		{C41BCCC6-08FB-42AC-A5C6-550570F563FE}.Local|Any CPU.Build.0 = Debug|Any CPU
		{C41BCCC6-08FB-42AC-A5C6-550570F563FE}.Local|iPhone.ActiveCfg = Debug|Any CPU
		{C41BCCC6-08FB-42AC-A5C6-550570F563FE}.Local|iPhone.Build.0 = Debug|Any CPU
		{C41BCCC6-08FB-42AC-A5C6-550570F563FE}.Local|iPhoneSimulator.ActiveCfg = Debug|Any CPU
		{C41BCCC6-08FB-42AC-A5C6-550570F563FE}.Local|iPhoneSimulator.Build.0 = Debug|Any CPU
		{C41BCCC6-08FB-42AC-A5C6-550570F563FE}.Market|Any CPU.ActiveCfg = Market|Any CPU
		{C41BCCC6-08FB-42AC-A5C6-550570F563FE}.Market|Any CPU.Build.0 = Market|Any CPU
		{C41BCCC6-08FB-42AC-A5C6-550570F563FE}.Market|iPhone.ActiveCfg = Market|Any CPU
		{C41BCCC6-08FB-42AC-A5C6-550570F563FE}.Market|iPhone.Build.0 = Market|Any CPU
		{C41BCCC6-08FB-42AC-A5C6-550570F563FE}.Market|iPhoneSimulator.ActiveCfg = Market|Any CPU
		{C41BCCC6-08FB-42AC-A5C6-550570F563FE}.Market|iPhoneSimulator.Build.0 = Market|Any CPU
		{C41BCCC6-08FB-42AC-A5C6-550570F563FE}.Release|Any CPU.ActiveCfg = Release|Any CPU
		{C41BCCC6-08FB-42AC-A5C6-550570F563FE}.Release|Any CPU.Build.0 = Release|Any CPU
		{C41BCCC6-08FB-42AC-A5C6-550570F563FE}.Release|iPhone.ActiveCfg = Release|Any CPU
		{C41BCCC6-08FB-42AC-A5C6-550570F563FE}.Release|iPhone.Build.0 = Release|Any CPU
		{C41BCCC6-08FB-42AC-A5C6-550570F563FE}.Release|iPhoneSimulator.ActiveCfg = Release|Any CPU
		{C41BCCC6-08FB-42AC-A5C6-550570F563FE}.Release|iPhoneSimulator.Build.0 = Release|Any CPU
		{89215256-6419-44BF-9EF5-EB7AD0B059A9}.awsmarket|Any CPU.ActiveCfg = awsmarket|Any CPU
		{89215256-6419-44BF-9EF5-EB7AD0B059A9}.awsmarket|Any CPU.Build.0 = awsmarket|Any CPU
		{89215256-6419-44BF-9EF5-EB7AD0B059A9}.awsmarket|iPhone.ActiveCfg = awsmarket|Any CPU
		{89215256-6419-44BF-9EF5-EB7AD0B059A9}.awsmarket|iPhone.Build.0 = awsmarket|Any CPU
		{89215256-6419-44BF-9EF5-EB7AD0B059A9}.awsmarket|iPhoneSimulator.ActiveCfg = awsmarket|Any CPU
		{89215256-6419-44BF-9EF5-EB7AD0B059A9}.awsmarket|iPhoneSimulator.Build.0 = awsmarket|Any CPU
		{89215256-6419-44BF-9EF5-EB7AD0B059A9}.BackTest|Any CPU.ActiveCfg = BackTest|Any CPU
		{89215256-6419-44BF-9EF5-EB7AD0B059A9}.BackTest|Any CPU.Build.0 = BackTest|Any CPU
		{89215256-6419-44BF-9EF5-EB7AD0B059A9}.BackTest|iPhone.ActiveCfg = Debug|Any CPU
		{89215256-6419-44BF-9EF5-EB7AD0B059A9}.BackTest|iPhone.Build.0 = Debug|Any CPU
		{89215256-6419-44BF-9EF5-EB7AD0B059A9}.BackTest|iPhoneSimulator.ActiveCfg = Debug|Any CPU
		{89215256-6419-44BF-9EF5-EB7AD0B059A9}.BackTest|iPhoneSimulator.Build.0 = Debug|Any CPU
		{89215256-6419-44BF-9EF5-EB7AD0B059A9}.Debug|Any CPU.ActiveCfg = Debug|Any CPU
		{89215256-6419-44BF-9EF5-EB7AD0B059A9}.Debug|Any CPU.Build.0 = Debug|Any CPU
		{89215256-6419-44BF-9EF5-EB7AD0B059A9}.Debug|iPhone.ActiveCfg = Debug|Any CPU
		{89215256-6419-44BF-9EF5-EB7AD0B059A9}.Debug|iPhone.Build.0 = Debug|Any CPU
		{89215256-6419-44BF-9EF5-EB7AD0B059A9}.Debug|iPhoneSimulator.ActiveCfg = Debug|Any CPU
		{89215256-6419-44BF-9EF5-EB7AD0B059A9}.Debug|iPhoneSimulator.Build.0 = Debug|Any CPU
		{89215256-6419-44BF-9EF5-EB7AD0B059A9}.Local|Any CPU.ActiveCfg = Debug|Any CPU
		{89215256-6419-44BF-9EF5-EB7AD0B059A9}.Local|Any CPU.Build.0 = Debug|Any CPU
		{89215256-6419-44BF-9EF5-EB7AD0B059A9}.Local|iPhone.ActiveCfg = Debug|Any CPU
		{89215256-6419-44BF-9EF5-EB7AD0B059A9}.Local|iPhone.Build.0 = Debug|Any CPU
		{89215256-6419-44BF-9EF5-EB7AD0B059A9}.Local|iPhoneSimulator.ActiveCfg = Debug|Any CPU
		{89215256-6419-44BF-9EF5-EB7AD0B059A9}.Local|iPhoneSimulator.Build.0 = Debug|Any CPU
		{89215256-6419-44BF-9EF5-EB7AD0B059A9}.Market|Any CPU.ActiveCfg = Market|Any CPU
		{89215256-6419-44BF-9EF5-EB7AD0B059A9}.Market|Any CPU.Build.0 = Market|Any CPU
		{89215256-6419-44BF-9EF5-EB7AD0B059A9}.Market|iPhone.ActiveCfg = Debug|Any CPU
		{89215256-6419-44BF-9EF5-EB7AD0B059A9}.Market|iPhone.Build.0 = Debug|Any CPU
		{89215256-6419-44BF-9EF5-EB7AD0B059A9}.Market|iPhoneSimulator.ActiveCfg = Debug|Any CPU
		{89215256-6419-44BF-9EF5-EB7AD0B059A9}.Market|iPhoneSimulator.Build.0 = Debug|Any CPU
		{89215256-6419-44BF-9EF5-EB7AD0B059A9}.Release|Any CPU.ActiveCfg = Release|Any CPU
		{89215256-6419-44BF-9EF5-EB7AD0B059A9}.Release|Any CPU.Build.0 = Release|Any CPU
		{89215256-6419-44BF-9EF5-EB7AD0B059A9}.Release|iPhone.ActiveCfg = Release|Any CPU
		{89215256-6419-44BF-9EF5-EB7AD0B059A9}.Release|iPhone.Build.0 = Release|Any CPU
		{89215256-6419-44BF-9EF5-EB7AD0B059A9}.Release|iPhoneSimulator.ActiveCfg = Release|Any CPU
		{89215256-6419-44BF-9EF5-EB7AD0B059A9}.Release|iPhoneSimulator.Build.0 = Release|Any CPU
		{A8FCB3A4-A5BC-48FF-8FFE-46089EBC3337}.awsmarket|Any CPU.ActiveCfg = awsmarket|Any CPU
		{A8FCB3A4-A5BC-48FF-8FFE-46089EBC3337}.awsmarket|Any CPU.Build.0 = awsmarket|Any CPU
		{A8FCB3A4-A5BC-48FF-8FFE-46089EBC3337}.awsmarket|iPhone.ActiveCfg = awsmarket|Any CPU
		{A8FCB3A4-A5BC-48FF-8FFE-46089EBC3337}.awsmarket|iPhone.Build.0 = awsmarket|Any CPU
		{A8FCB3A4-A5BC-48FF-8FFE-46089EBC3337}.awsmarket|iPhoneSimulator.ActiveCfg = awsmarket|Any CPU
		{A8FCB3A4-A5BC-48FF-8FFE-46089EBC3337}.awsmarket|iPhoneSimulator.Build.0 = awsmarket|Any CPU
		{A8FCB3A4-A5BC-48FF-8FFE-46089EBC3337}.BackTest|Any CPU.ActiveCfg = BackTest|Any CPU
		{A8FCB3A4-A5BC-48FF-8FFE-46089EBC3337}.BackTest|Any CPU.Build.0 = BackTest|Any CPU
		{A8FCB3A4-A5BC-48FF-8FFE-46089EBC3337}.BackTest|iPhone.ActiveCfg = Debug|Any CPU
		{A8FCB3A4-A5BC-48FF-8FFE-46089EBC3337}.BackTest|iPhone.Build.0 = Debug|Any CPU
		{A8FCB3A4-A5BC-48FF-8FFE-46089EBC3337}.BackTest|iPhoneSimulator.ActiveCfg = Debug|Any CPU
		{A8FCB3A4-A5BC-48FF-8FFE-46089EBC3337}.BackTest|iPhoneSimulator.Build.0 = Debug|Any CPU
		{A8FCB3A4-A5BC-48FF-8FFE-46089EBC3337}.Debug|Any CPU.ActiveCfg = Debug|Any CPU
		{A8FCB3A4-A5BC-48FF-8FFE-46089EBC3337}.Debug|Any CPU.Build.0 = Debug|Any CPU
		{A8FCB3A4-A5BC-48FF-8FFE-46089EBC3337}.Debug|iPhone.ActiveCfg = Debug|Any CPU
		{A8FCB3A4-A5BC-48FF-8FFE-46089EBC3337}.Debug|iPhone.Build.0 = Debug|Any CPU
		{A8FCB3A4-A5BC-48FF-8FFE-46089EBC3337}.Debug|iPhoneSimulator.ActiveCfg = Debug|Any CPU
		{A8FCB3A4-A5BC-48FF-8FFE-46089EBC3337}.Debug|iPhoneSimulator.Build.0 = Debug|Any CPU
		{A8FCB3A4-A5BC-48FF-8FFE-46089EBC3337}.Local|Any CPU.ActiveCfg = Debug|Any CPU
		{A8FCB3A4-A5BC-48FF-8FFE-46089EBC3337}.Local|Any CPU.Build.0 = Debug|Any CPU
		{A8FCB3A4-A5BC-48FF-8FFE-46089EBC3337}.Local|iPhone.ActiveCfg = Debug|Any CPU
		{A8FCB3A4-A5BC-48FF-8FFE-46089EBC3337}.Local|iPhone.Build.0 = Debug|Any CPU
		{A8FCB3A4-A5BC-48FF-8FFE-46089EBC3337}.Local|iPhoneSimulator.ActiveCfg = Debug|Any CPU
		{A8FCB3A4-A5BC-48FF-8FFE-46089EBC3337}.Local|iPhoneSimulator.Build.0 = Debug|Any CPU
		{A8FCB3A4-A5BC-48FF-8FFE-46089EBC3337}.Market|Any CPU.ActiveCfg = Market|Any CPU
		{A8FCB3A4-A5BC-48FF-8FFE-46089EBC3337}.Market|Any CPU.Build.0 = Market|Any CPU
		{A8FCB3A4-A5BC-48FF-8FFE-46089EBC3337}.Market|iPhone.ActiveCfg = Debug|Any CPU
		{A8FCB3A4-A5BC-48FF-8FFE-46089EBC3337}.Market|iPhone.Build.0 = Debug|Any CPU
		{A8FCB3A4-A5BC-48FF-8FFE-46089EBC3337}.Market|iPhoneSimulator.ActiveCfg = Debug|Any CPU
		{A8FCB3A4-A5BC-48FF-8FFE-46089EBC3337}.Market|iPhoneSimulator.Build.0 = Debug|Any CPU
		{A8FCB3A4-A5BC-48FF-8FFE-46089EBC3337}.Release|Any CPU.ActiveCfg = Release|Any CPU
		{A8FCB3A4-A5BC-48FF-8FFE-46089EBC3337}.Release|Any CPU.Build.0 = Release|Any CPU
		{A8FCB3A4-A5BC-48FF-8FFE-46089EBC3337}.Release|iPhone.ActiveCfg = Release|Any CPU
		{A8FCB3A4-A5BC-48FF-8FFE-46089EBC3337}.Release|iPhone.Build.0 = Release|Any CPU
		{A8FCB3A4-A5BC-48FF-8FFE-46089EBC3337}.Release|iPhoneSimulator.ActiveCfg = Release|Any CPU
		{A8FCB3A4-A5BC-48FF-8FFE-46089EBC3337}.Release|iPhoneSimulator.Build.0 = Release|Any CPU
		{72C6EB6F-07E7-4E55-8035-86FCB5DE2C72}.awsmarket|Any CPU.ActiveCfg = awsmarket|Any CPU
		{72C6EB6F-07E7-4E55-8035-86FCB5DE2C72}.awsmarket|Any CPU.Build.0 = awsmarket|Any CPU
		{72C6EB6F-07E7-4E55-8035-86FCB5DE2C72}.awsmarket|iPhone.ActiveCfg = awsmarket|Any CPU
		{72C6EB6F-07E7-4E55-8035-86FCB5DE2C72}.awsmarket|iPhone.Build.0 = awsmarket|Any CPU
		{72C6EB6F-07E7-4E55-8035-86FCB5DE2C72}.awsmarket|iPhoneSimulator.ActiveCfg = awsmarket|Any CPU
		{72C6EB6F-07E7-4E55-8035-86FCB5DE2C72}.awsmarket|iPhoneSimulator.Build.0 = awsmarket|Any CPU
		{72C6EB6F-07E7-4E55-8035-86FCB5DE2C72}.BackTest|Any CPU.ActiveCfg = BackTest|Any CPU
		{72C6EB6F-07E7-4E55-8035-86FCB5DE2C72}.BackTest|Any CPU.Build.0 = BackTest|Any CPU
		{72C6EB6F-07E7-4E55-8035-86FCB5DE2C72}.BackTest|iPhone.ActiveCfg = Debug|Any CPU
		{72C6EB6F-07E7-4E55-8035-86FCB5DE2C72}.BackTest|iPhone.Build.0 = Debug|Any CPU
		{72C6EB6F-07E7-4E55-8035-86FCB5DE2C72}.BackTest|iPhoneSimulator.ActiveCfg = Debug|Any CPU
		{72C6EB6F-07E7-4E55-8035-86FCB5DE2C72}.BackTest|iPhoneSimulator.Build.0 = Debug|Any CPU
		{72C6EB6F-07E7-4E55-8035-86FCB5DE2C72}.Debug|Any CPU.ActiveCfg = Debug|Any CPU
		{72C6EB6F-07E7-4E55-8035-86FCB5DE2C72}.Debug|Any CPU.Build.0 = Debug|Any CPU
		{72C6EB6F-07E7-4E55-8035-86FCB5DE2C72}.Debug|iPhone.ActiveCfg = Debug|Any CPU
		{72C6EB6F-07E7-4E55-8035-86FCB5DE2C72}.Debug|iPhone.Build.0 = Debug|Any CPU
		{72C6EB6F-07E7-4E55-8035-86FCB5DE2C72}.Debug|iPhoneSimulator.ActiveCfg = Debug|Any CPU
		{72C6EB6F-07E7-4E55-8035-86FCB5DE2C72}.Debug|iPhoneSimulator.Build.0 = Debug|Any CPU
		{72C6EB6F-07E7-4E55-8035-86FCB5DE2C72}.Local|Any CPU.ActiveCfg = Debug|Any CPU
		{72C6EB6F-07E7-4E55-8035-86FCB5DE2C72}.Local|Any CPU.Build.0 = Debug|Any CPU
		{72C6EB6F-07E7-4E55-8035-86FCB5DE2C72}.Local|iPhone.ActiveCfg = Debug|Any CPU
		{72C6EB6F-07E7-4E55-8035-86FCB5DE2C72}.Local|iPhone.Build.0 = Debug|Any CPU
		{72C6EB6F-07E7-4E55-8035-86FCB5DE2C72}.Local|iPhoneSimulator.ActiveCfg = Debug|Any CPU
		{72C6EB6F-07E7-4E55-8035-86FCB5DE2C72}.Local|iPhoneSimulator.Build.0 = Debug|Any CPU
		{72C6EB6F-07E7-4E55-8035-86FCB5DE2C72}.Market|Any CPU.ActiveCfg = Market|Any CPU
		{72C6EB6F-07E7-4E55-8035-86FCB5DE2C72}.Market|Any CPU.Build.0 = Market|Any CPU
		{72C6EB6F-07E7-4E55-8035-86FCB5DE2C72}.Market|iPhone.ActiveCfg = Debug|Any CPU
		{72C6EB6F-07E7-4E55-8035-86FCB5DE2C72}.Market|iPhone.Build.0 = Debug|Any CPU
		{72C6EB6F-07E7-4E55-8035-86FCB5DE2C72}.Market|iPhoneSimulator.ActiveCfg = Debug|Any CPU
		{72C6EB6F-07E7-4E55-8035-86FCB5DE2C72}.Market|iPhoneSimulator.Build.0 = Debug|Any CPU
		{72C6EB6F-07E7-4E55-8035-86FCB5DE2C72}.Release|Any CPU.ActiveCfg = Release|Any CPU
		{72C6EB6F-07E7-4E55-8035-86FCB5DE2C72}.Release|Any CPU.Build.0 = Release|Any CPU
		{72C6EB6F-07E7-4E55-8035-86FCB5DE2C72}.Release|iPhone.ActiveCfg = Release|Any CPU
		{72C6EB6F-07E7-4E55-8035-86FCB5DE2C72}.Release|iPhone.Build.0 = Release|Any CPU
		{72C6EB6F-07E7-4E55-8035-86FCB5DE2C72}.Release|iPhoneSimulator.ActiveCfg = Release|Any CPU
		{72C6EB6F-07E7-4E55-8035-86FCB5DE2C72}.Release|iPhoneSimulator.Build.0 = Release|Any CPU
		{A375EE1C-5108-4199-BE80-BA466E4F92F2}.awsmarket|Any CPU.ActiveCfg = awsmarket|Any CPU
		{A375EE1C-5108-4199-BE80-BA466E4F92F2}.awsmarket|Any CPU.Build.0 = awsmarket|Any CPU
		{A375EE1C-5108-4199-BE80-BA466E4F92F2}.awsmarket|iPhone.ActiveCfg = awsmarket|Any CPU
		{A375EE1C-5108-4199-BE80-BA466E4F92F2}.awsmarket|iPhone.Build.0 = awsmarket|Any CPU
		{A375EE1C-5108-4199-BE80-BA466E4F92F2}.awsmarket|iPhoneSimulator.ActiveCfg = awsmarket|Any CPU
		{A375EE1C-5108-4199-BE80-BA466E4F92F2}.awsmarket|iPhoneSimulator.Build.0 = awsmarket|Any CPU
		{A375EE1C-5108-4199-BE80-BA466E4F92F2}.BackTest|Any CPU.ActiveCfg = BackTest|Any CPU
		{A375EE1C-5108-4199-BE80-BA466E4F92F2}.BackTest|Any CPU.Build.0 = BackTest|Any CPU
		{A375EE1C-5108-4199-BE80-BA466E4F92F2}.BackTest|iPhone.ActiveCfg = Debug|Any CPU
		{A375EE1C-5108-4199-BE80-BA466E4F92F2}.BackTest|iPhone.Build.0 = Debug|Any CPU
		{A375EE1C-5108-4199-BE80-BA466E4F92F2}.BackTest|iPhoneSimulator.ActiveCfg = Debug|Any CPU
		{A375EE1C-5108-4199-BE80-BA466E4F92F2}.BackTest|iPhoneSimulator.Build.0 = Debug|Any CPU
		{A375EE1C-5108-4199-BE80-BA466E4F92F2}.Debug|Any CPU.ActiveCfg = Debug|Any CPU
		{A375EE1C-5108-4199-BE80-BA466E4F92F2}.Debug|Any CPU.Build.0 = Debug|Any CPU
		{A375EE1C-5108-4199-BE80-BA466E4F92F2}.Debug|iPhone.ActiveCfg = Debug|Any CPU
		{A375EE1C-5108-4199-BE80-BA466E4F92F2}.Debug|iPhone.Build.0 = Debug|Any CPU
		{A375EE1C-5108-4199-BE80-BA466E4F92F2}.Debug|iPhoneSimulator.ActiveCfg = Debug|Any CPU
		{A375EE1C-5108-4199-BE80-BA466E4F92F2}.Debug|iPhoneSimulator.Build.0 = Debug|Any CPU
		{A375EE1C-5108-4199-BE80-BA466E4F92F2}.Local|Any CPU.ActiveCfg = Debug|Any CPU
		{A375EE1C-5108-4199-BE80-BA466E4F92F2}.Local|Any CPU.Build.0 = Debug|Any CPU
		{A375EE1C-5108-4199-BE80-BA466E4F92F2}.Local|iPhone.ActiveCfg = Debug|Any CPU
		{A375EE1C-5108-4199-BE80-BA466E4F92F2}.Local|iPhone.Build.0 = Debug|Any CPU
		{A375EE1C-5108-4199-BE80-BA466E4F92F2}.Local|iPhoneSimulator.ActiveCfg = Debug|Any CPU
		{A375EE1C-5108-4199-BE80-BA466E4F92F2}.Local|iPhoneSimulator.Build.0 = Debug|Any CPU
		{A375EE1C-5108-4199-BE80-BA466E4F92F2}.Market|Any CPU.ActiveCfg = Market|Any CPU
		{A375EE1C-5108-4199-BE80-BA466E4F92F2}.Market|Any CPU.Build.0 = Market|Any CPU
		{A375EE1C-5108-4199-BE80-BA466E4F92F2}.Market|iPhone.ActiveCfg = Debug|Any CPU
		{A375EE1C-5108-4199-BE80-BA466E4F92F2}.Market|iPhone.Build.0 = Debug|Any CPU
		{A375EE1C-5108-4199-BE80-BA466E4F92F2}.Market|iPhoneSimulator.ActiveCfg = Debug|Any CPU
		{A375EE1C-5108-4199-BE80-BA466E4F92F2}.Market|iPhoneSimulator.Build.0 = Debug|Any CPU
		{A375EE1C-5108-4199-BE80-BA466E4F92F2}.Release|Any CPU.ActiveCfg = Release|Any CPU
		{A375EE1C-5108-4199-BE80-BA466E4F92F2}.Release|Any CPU.Build.0 = Release|Any CPU
		{A375EE1C-5108-4199-BE80-BA466E4F92F2}.Release|iPhone.ActiveCfg = Release|Any CPU
		{A375EE1C-5108-4199-BE80-BA466E4F92F2}.Release|iPhone.Build.0 = Release|Any CPU
		{A375EE1C-5108-4199-BE80-BA466E4F92F2}.Release|iPhoneSimulator.ActiveCfg = Release|Any CPU
		{A375EE1C-5108-4199-BE80-BA466E4F92F2}.Release|iPhoneSimulator.Build.0 = Release|Any CPU
		{9CE9DBF0-817B-4B41-B632-62C0F05FEAE7}.awsmarket|Any CPU.ActiveCfg = awsmarket|Any CPU
		{9CE9DBF0-817B-4B41-B632-62C0F05FEAE7}.awsmarket|Any CPU.Build.0 = awsmarket|Any CPU
		{9CE9DBF0-817B-4B41-B632-62C0F05FEAE7}.awsmarket|iPhone.ActiveCfg = awsmarket|Any CPU
		{9CE9DBF0-817B-4B41-B632-62C0F05FEAE7}.awsmarket|iPhone.Build.0 = awsmarket|Any CPU
		{9CE9DBF0-817B-4B41-B632-62C0F05FEAE7}.awsmarket|iPhoneSimulator.ActiveCfg = awsmarket|Any CPU
		{9CE9DBF0-817B-4B41-B632-62C0F05FEAE7}.awsmarket|iPhoneSimulator.Build.0 = awsmarket|Any CPU
		{9CE9DBF0-817B-4B41-B632-62C0F05FEAE7}.BackTest|Any CPU.ActiveCfg = BackTest|Any CPU
		{9CE9DBF0-817B-4B41-B632-62C0F05FEAE7}.BackTest|Any CPU.Build.0 = BackTest|Any CPU
		{9CE9DBF0-817B-4B41-B632-62C0F05FEAE7}.BackTest|iPhone.ActiveCfg = Debug|Any CPU
		{9CE9DBF0-817B-4B41-B632-62C0F05FEAE7}.BackTest|iPhone.Build.0 = Debug|Any CPU
		{9CE9DBF0-817B-4B41-B632-62C0F05FEAE7}.BackTest|iPhoneSimulator.ActiveCfg = Debug|Any CPU
		{9CE9DBF0-817B-4B41-B632-62C0F05FEAE7}.BackTest|iPhoneSimulator.Build.0 = Debug|Any CPU
		{9CE9DBF0-817B-4B41-B632-62C0F05FEAE7}.Debug|Any CPU.ActiveCfg = Debug|Any CPU
		{9CE9DBF0-817B-4B41-B632-62C0F05FEAE7}.Debug|Any CPU.Build.0 = Debug|Any CPU
		{9CE9DBF0-817B-4B41-B632-62C0F05FEAE7}.Debug|iPhone.ActiveCfg = Debug|Any CPU
		{9CE9DBF0-817B-4B41-B632-62C0F05FEAE7}.Debug|iPhone.Build.0 = Debug|Any CPU
		{9CE9DBF0-817B-4B41-B632-62C0F05FEAE7}.Debug|iPhoneSimulator.ActiveCfg = Debug|Any CPU
		{9CE9DBF0-817B-4B41-B632-62C0F05FEAE7}.Debug|iPhoneSimulator.Build.0 = Debug|Any CPU
		{9CE9DBF0-817B-4B41-B632-62C0F05FEAE7}.Local|Any CPU.ActiveCfg = Debug|Any CPU
		{9CE9DBF0-817B-4B41-B632-62C0F05FEAE7}.Local|Any CPU.Build.0 = Debug|Any CPU
		{9CE9DBF0-817B-4B41-B632-62C0F05FEAE7}.Local|iPhone.ActiveCfg = Debug|Any CPU
		{9CE9DBF0-817B-4B41-B632-62C0F05FEAE7}.Local|iPhone.Build.0 = Debug|Any CPU
		{9CE9DBF0-817B-4B41-B632-62C0F05FEAE7}.Local|iPhoneSimulator.ActiveCfg = Debug|Any CPU
		{9CE9DBF0-817B-4B41-B632-62C0F05FEAE7}.Local|iPhoneSimulator.Build.0 = Debug|Any CPU
		{9CE9DBF0-817B-4B41-B632-62C0F05FEAE7}.Market|Any CPU.ActiveCfg = Market|Any CPU
		{9CE9DBF0-817B-4B41-B632-62C0F05FEAE7}.Market|Any CPU.Build.0 = Market|Any CPU
		{9CE9DBF0-817B-4B41-B632-62C0F05FEAE7}.Market|iPhone.ActiveCfg = Debug|Any CPU
		{9CE9DBF0-817B-4B41-B632-62C0F05FEAE7}.Market|iPhone.Build.0 = Debug|Any CPU
		{9CE9DBF0-817B-4B41-B632-62C0F05FEAE7}.Market|iPhoneSimulator.ActiveCfg = Debug|Any CPU
		{9CE9DBF0-817B-4B41-B632-62C0F05FEAE7}.Market|iPhoneSimulator.Build.0 = Debug|Any CPU
		{9CE9DBF0-817B-4B41-B632-62C0F05FEAE7}.Release|Any CPU.ActiveCfg = Release|Any CPU
		{9CE9DBF0-817B-4B41-B632-62C0F05FEAE7}.Release|Any CPU.Build.0 = Release|Any CPU
		{9CE9DBF0-817B-4B41-B632-62C0F05FEAE7}.Release|iPhone.ActiveCfg = Release|Any CPU
		{9CE9DBF0-817B-4B41-B632-62C0F05FEAE7}.Release|iPhone.Build.0 = Release|Any CPU
		{9CE9DBF0-817B-4B41-B632-62C0F05FEAE7}.Release|iPhoneSimulator.ActiveCfg = Release|Any CPU
		{9CE9DBF0-817B-4B41-B632-62C0F05FEAE7}.Release|iPhoneSimulator.Build.0 = Release|Any CPU
		{FAA00EC1-A253-4805-9000-735EC89457A2}.awsmarket|Any CPU.ActiveCfg = awsmarket|Any CPU
		{FAA00EC1-A253-4805-9000-735EC89457A2}.awsmarket|Any CPU.Build.0 = awsmarket|Any CPU
		{FAA00EC1-A253-4805-9000-735EC89457A2}.awsmarket|iPhone.ActiveCfg = awsmarket|Any CPU
		{FAA00EC1-A253-4805-9000-735EC89457A2}.awsmarket|iPhone.Build.0 = awsmarket|Any CPU
		{FAA00EC1-A253-4805-9000-735EC89457A2}.awsmarket|iPhoneSimulator.ActiveCfg = awsmarket|Any CPU
		{FAA00EC1-A253-4805-9000-735EC89457A2}.awsmarket|iPhoneSimulator.Build.0 = awsmarket|Any CPU
		{FAA00EC1-A253-4805-9000-735EC89457A2}.BackTest|Any CPU.ActiveCfg = BackTest|Any CPU
		{FAA00EC1-A253-4805-9000-735EC89457A2}.BackTest|Any CPU.Build.0 = BackTest|Any CPU
		{FAA00EC1-A253-4805-9000-735EC89457A2}.BackTest|iPhone.ActiveCfg = BackTest|Any CPU
		{FAA00EC1-A253-4805-9000-735EC89457A2}.BackTest|iPhone.Build.0 = BackTest|Any CPU
		{FAA00EC1-A253-4805-9000-735EC89457A2}.BackTest|iPhoneSimulator.ActiveCfg = BackTest|Any CPU
		{FAA00EC1-A253-4805-9000-735EC89457A2}.BackTest|iPhoneSimulator.Build.0 = BackTest|Any CPU
		{FAA00EC1-A253-4805-9000-735EC89457A2}.Debug|Any CPU.ActiveCfg = Debug|Any CPU
		{FAA00EC1-A253-4805-9000-735EC89457A2}.Debug|Any CPU.Build.0 = Debug|Any CPU
		{FAA00EC1-A253-4805-9000-735EC89457A2}.Debug|iPhone.ActiveCfg = Debug|Any CPU
		{FAA00EC1-A253-4805-9000-735EC89457A2}.Debug|iPhone.Build.0 = Debug|Any CPU
		{FAA00EC1-A253-4805-9000-735EC89457A2}.Debug|iPhoneSimulator.ActiveCfg = Debug|Any CPU
		{FAA00EC1-A253-4805-9000-735EC89457A2}.Debug|iPhoneSimulator.Build.0 = Debug|Any CPU
		{FAA00EC1-A253-4805-9000-735EC89457A2}.Local|Any CPU.ActiveCfg = Local|Any CPU
		{FAA00EC1-A253-4805-9000-735EC89457A2}.Local|Any CPU.Build.0 = Local|Any CPU
		{FAA00EC1-A253-4805-9000-735EC89457A2}.Local|iPhone.ActiveCfg = Local|Any CPU
		{FAA00EC1-A253-4805-9000-735EC89457A2}.Local|iPhone.Build.0 = Local|Any CPU
		{FAA00EC1-A253-4805-9000-735EC89457A2}.Local|iPhoneSimulator.ActiveCfg = Local|Any CPU
		{FAA00EC1-A253-4805-9000-735EC89457A2}.Local|iPhoneSimulator.Build.0 = Local|Any CPU
		{FAA00EC1-A253-4805-9000-735EC89457A2}.Market|Any CPU.ActiveCfg = Market|Any CPU
		{FAA00EC1-A253-4805-9000-735EC89457A2}.Market|Any CPU.Build.0 = Market|Any CPU
		{FAA00EC1-A253-4805-9000-735EC89457A2}.Market|iPhone.ActiveCfg = Market|Any CPU
		{FAA00EC1-A253-4805-9000-735EC89457A2}.Market|iPhone.Build.0 = Market|Any CPU
		{FAA00EC1-A253-4805-9000-735EC89457A2}.Market|iPhoneSimulator.ActiveCfg = Market|Any CPU
		{FAA00EC1-A253-4805-9000-735EC89457A2}.Market|iPhoneSimulator.Build.0 = Market|Any CPU
		{FAA00EC1-A253-4805-9000-735EC89457A2}.Release|Any CPU.ActiveCfg = Release|Any CPU
		{FAA00EC1-A253-4805-9000-735EC89457A2}.Release|Any CPU.Build.0 = Release|Any CPU
		{FAA00EC1-A253-4805-9000-735EC89457A2}.Release|iPhone.ActiveCfg = Release|Any CPU
		{FAA00EC1-A253-4805-9000-735EC89457A2}.Release|iPhone.Build.0 = Release|Any CPU
		{FAA00EC1-A253-4805-9000-735EC89457A2}.Release|iPhoneSimulator.ActiveCfg = Release|Any CPU
		{FAA00EC1-A253-4805-9000-735EC89457A2}.Release|iPhoneSimulator.Build.0 = Release|Any CPU
		{64BCE673-461E-42B5-B820-EC698EAF7A2C}.awsmarket|Any CPU.ActiveCfg = awsmarket|Any CPU
		{64BCE673-461E-42B5-B820-EC698EAF7A2C}.awsmarket|Any CPU.Build.0 = awsmarket|Any CPU
		{64BCE673-461E-42B5-B820-EC698EAF7A2C}.awsmarket|iPhone.ActiveCfg = awsmarket|Any CPU
		{64BCE673-461E-42B5-B820-EC698EAF7A2C}.awsmarket|iPhone.Build.0 = awsmarket|Any CPU
		{64BCE673-461E-42B5-B820-EC698EAF7A2C}.awsmarket|iPhoneSimulator.ActiveCfg = awsmarket|Any CPU
		{64BCE673-461E-42B5-B820-EC698EAF7A2C}.awsmarket|iPhoneSimulator.Build.0 = awsmarket|Any CPU
		{64BCE673-461E-42B5-B820-EC698EAF7A2C}.BackTest|Any CPU.ActiveCfg = BackTest|Any CPU
		{64BCE673-461E-42B5-B820-EC698EAF7A2C}.BackTest|Any CPU.Build.0 = BackTest|Any CPU
		{64BCE673-461E-42B5-B820-EC698EAF7A2C}.BackTest|iPhone.ActiveCfg = Debug|Any CPU
		{64BCE673-461E-42B5-B820-EC698EAF7A2C}.BackTest|iPhone.Build.0 = Debug|Any CPU
		{64BCE673-461E-42B5-B820-EC698EAF7A2C}.BackTest|iPhoneSimulator.ActiveCfg = Debug|Any CPU
		{64BCE673-461E-42B5-B820-EC698EAF7A2C}.BackTest|iPhoneSimulator.Build.0 = Debug|Any CPU
		{64BCE673-461E-42B5-B820-EC698EAF7A2C}.Debug|Any CPU.ActiveCfg = Debug|Any CPU
		{64BCE673-461E-42B5-B820-EC698EAF7A2C}.Debug|Any CPU.Build.0 = Debug|Any CPU
		{64BCE673-461E-42B5-B820-EC698EAF7A2C}.Debug|iPhone.ActiveCfg = Debug|Any CPU
		{64BCE673-461E-42B5-B820-EC698EAF7A2C}.Debug|iPhone.Build.0 = Debug|Any CPU
		{64BCE673-461E-42B5-B820-EC698EAF7A2C}.Debug|iPhoneSimulator.ActiveCfg = Debug|Any CPU
		{64BCE673-461E-42B5-B820-EC698EAF7A2C}.Debug|iPhoneSimulator.Build.0 = Debug|Any CPU
		{64BCE673-461E-42B5-B820-EC698EAF7A2C}.Local|Any CPU.ActiveCfg = Local|Any CPU
		{64BCE673-461E-42B5-B820-EC698EAF7A2C}.Local|Any CPU.Build.0 = Local|Any CPU
		{64BCE673-461E-42B5-B820-EC698EAF7A2C}.Local|iPhone.ActiveCfg = Debug|Any CPU
		{64BCE673-461E-42B5-B820-EC698EAF7A2C}.Local|iPhone.Build.0 = Debug|Any CPU
		{64BCE673-461E-42B5-B820-EC698EAF7A2C}.Local|iPhoneSimulator.ActiveCfg = Debug|Any CPU
		{64BCE673-461E-42B5-B820-EC698EAF7A2C}.Local|iPhoneSimulator.Build.0 = Debug|Any CPU
		{64BCE673-461E-42B5-B820-EC698EAF7A2C}.Market|Any CPU.ActiveCfg = Market|Any CPU
		{64BCE673-461E-42B5-B820-EC698EAF7A2C}.Market|Any CPU.Build.0 = Market|Any CPU
		{64BCE673-461E-42B5-B820-EC698EAF7A2C}.Market|iPhone.ActiveCfg = Debug|Any CPU
		{64BCE673-461E-42B5-B820-EC698EAF7A2C}.Market|iPhone.Build.0 = Debug|Any CPU
		{64BCE673-461E-42B5-B820-EC698EAF7A2C}.Market|iPhoneSimulator.ActiveCfg = Debug|Any CPU
		{64BCE673-461E-42B5-B820-EC698EAF7A2C}.Market|iPhoneSimulator.Build.0 = Debug|Any CPU
		{64BCE673-461E-42B5-B820-EC698EAF7A2C}.Release|Any CPU.ActiveCfg = Release|Any CPU
		{64BCE673-461E-42B5-B820-EC698EAF7A2C}.Release|Any CPU.Build.0 = Release|Any CPU
		{64BCE673-461E-42B5-B820-EC698EAF7A2C}.Release|iPhone.ActiveCfg = Release|Any CPU
		{64BCE673-461E-42B5-B820-EC698EAF7A2C}.Release|iPhone.Build.0 = Release|Any CPU
		{64BCE673-461E-42B5-B820-EC698EAF7A2C}.Release|iPhoneSimulator.ActiveCfg = Release|Any CPU
		{64BCE673-461E-42B5-B820-EC698EAF7A2C}.Release|iPhoneSimulator.Build.0 = Release|Any CPU
		{A037F26F-71FE-46CE-AE82-B1E5A6A33184}.awsmarket|Any CPU.ActiveCfg = awsmarket|Any CPU
		{A037F26F-71FE-46CE-AE82-B1E5A6A33184}.awsmarket|Any CPU.Build.0 = awsmarket|Any CPU
		{A037F26F-71FE-46CE-AE82-B1E5A6A33184}.awsmarket|iPhone.ActiveCfg = awsmarket|Any CPU
		{A037F26F-71FE-46CE-AE82-B1E5A6A33184}.awsmarket|iPhone.Build.0 = awsmarket|Any CPU
		{A037F26F-71FE-46CE-AE82-B1E5A6A33184}.awsmarket|iPhoneSimulator.ActiveCfg = awsmarket|Any CPU
		{A037F26F-71FE-46CE-AE82-B1E5A6A33184}.awsmarket|iPhoneSimulator.Build.0 = awsmarket|Any CPU
		{A037F26F-71FE-46CE-AE82-B1E5A6A33184}.BackTest|Any CPU.ActiveCfg = BackTest|Any CPU
		{A037F26F-71FE-46CE-AE82-B1E5A6A33184}.BackTest|Any CPU.Build.0 = BackTest|Any CPU
		{A037F26F-71FE-46CE-AE82-B1E5A6A33184}.BackTest|iPhone.ActiveCfg = Debug|Any CPU
		{A037F26F-71FE-46CE-AE82-B1E5A6A33184}.BackTest|iPhone.Build.0 = Debug|Any CPU
		{A037F26F-71FE-46CE-AE82-B1E5A6A33184}.BackTest|iPhoneSimulator.ActiveCfg = Debug|Any CPU
		{A037F26F-71FE-46CE-AE82-B1E5A6A33184}.BackTest|iPhoneSimulator.Build.0 = Debug|Any CPU
		{A037F26F-71FE-46CE-AE82-B1E5A6A33184}.Debug|Any CPU.ActiveCfg = Debug|Any CPU
		{A037F26F-71FE-46CE-AE82-B1E5A6A33184}.Debug|Any CPU.Build.0 = Debug|Any CPU
		{A037F26F-71FE-46CE-AE82-B1E5A6A33184}.Debug|iPhone.ActiveCfg = Debug|Any CPU
		{A037F26F-71FE-46CE-AE82-B1E5A6A33184}.Debug|iPhone.Build.0 = Debug|Any CPU
		{A037F26F-71FE-46CE-AE82-B1E5A6A33184}.Debug|iPhoneSimulator.ActiveCfg = Debug|Any CPU
		{A037F26F-71FE-46CE-AE82-B1E5A6A33184}.Debug|iPhoneSimulator.Build.0 = Debug|Any CPU
		{A037F26F-71FE-46CE-AE82-B1E5A6A33184}.Local|Any CPU.ActiveCfg = Local|Any CPU
		{A037F26F-71FE-46CE-AE82-B1E5A6A33184}.Local|Any CPU.Build.0 = Local|Any CPU
		{A037F26F-71FE-46CE-AE82-B1E5A6A33184}.Local|iPhone.ActiveCfg = Debug|Any CPU
		{A037F26F-71FE-46CE-AE82-B1E5A6A33184}.Local|iPhone.Build.0 = Debug|Any CPU
		{A037F26F-71FE-46CE-AE82-B1E5A6A33184}.Local|iPhoneSimulator.ActiveCfg = Debug|Any CPU
		{A037F26F-71FE-46CE-AE82-B1E5A6A33184}.Local|iPhoneSimulator.Build.0 = Debug|Any CPU
		{A037F26F-71FE-46CE-AE82-B1E5A6A33184}.Market|Any CPU.ActiveCfg = Market|Any CPU
		{A037F26F-71FE-46CE-AE82-B1E5A6A33184}.Market|Any CPU.Build.0 = Market|Any CPU
		{A037F26F-71FE-46CE-AE82-B1E5A6A33184}.Market|iPhone.ActiveCfg = Debug|Any CPU
		{A037F26F-71FE-46CE-AE82-B1E5A6A33184}.Market|iPhone.Build.0 = Debug|Any CPU
		{A037F26F-71FE-46CE-AE82-B1E5A6A33184}.Market|iPhoneSimulator.ActiveCfg = Debug|Any CPU
		{A037F26F-71FE-46CE-AE82-B1E5A6A33184}.Market|iPhoneSimulator.Build.0 = Debug|Any CPU
		{A037F26F-71FE-46CE-AE82-B1E5A6A33184}.Release|Any CPU.ActiveCfg = Release|Any CPU
		{A037F26F-71FE-46CE-AE82-B1E5A6A33184}.Release|Any CPU.Build.0 = Release|Any CPU
		{A037F26F-71FE-46CE-AE82-B1E5A6A33184}.Release|iPhone.ActiveCfg = Release|Any CPU
		{A037F26F-71FE-46CE-AE82-B1E5A6A33184}.Release|iPhone.Build.0 = Release|Any CPU
		{A037F26F-71FE-46CE-AE82-B1E5A6A33184}.Release|iPhoneSimulator.ActiveCfg = Release|Any CPU
		{A037F26F-71FE-46CE-AE82-B1E5A6A33184}.Release|iPhoneSimulator.Build.0 = Release|Any CPU
		{C2B7B1BD-24C0-4E66-9E85-0F17D876D853}.awsmarket|Any CPU.ActiveCfg = awsmarket|Any CPU
		{C2B7B1BD-24C0-4E66-9E85-0F17D876D853}.awsmarket|Any CPU.Build.0 = awsmarket|Any CPU
		{C2B7B1BD-24C0-4E66-9E85-0F17D876D853}.awsmarket|Any CPU.Deploy.0 = awsmarket|Any CPU
		{C2B7B1BD-24C0-4E66-9E85-0F17D876D853}.awsmarket|iPhone.ActiveCfg = awsmarket|Any CPU
		{C2B7B1BD-24C0-4E66-9E85-0F17D876D853}.awsmarket|iPhone.Build.0 = awsmarket|Any CPU
		{C2B7B1BD-24C0-4E66-9E85-0F17D876D853}.awsmarket|iPhone.Deploy.0 = awsmarket|Any CPU
		{C2B7B1BD-24C0-4E66-9E85-0F17D876D853}.awsmarket|iPhoneSimulator.ActiveCfg = awsmarket|Any CPU
		{C2B7B1BD-24C0-4E66-9E85-0F17D876D853}.awsmarket|iPhoneSimulator.Build.0 = awsmarket|Any CPU
		{C2B7B1BD-24C0-4E66-9E85-0F17D876D853}.awsmarket|iPhoneSimulator.Deploy.0 = awsmarket|Any CPU
		{C2B7B1BD-24C0-4E66-9E85-0F17D876D853}.BackTest|Any CPU.ActiveCfg = Release|Any CPU
		{C2B7B1BD-24C0-4E66-9E85-0F17D876D853}.BackTest|Any CPU.Build.0 = Release|Any CPU
		{C2B7B1BD-24C0-4E66-9E85-0F17D876D853}.BackTest|Any CPU.Deploy.0 = Release|Any CPU
		{C2B7B1BD-24C0-4E66-9E85-0F17D876D853}.BackTest|iPhone.ActiveCfg = Release|Any CPU
		{C2B7B1BD-24C0-4E66-9E85-0F17D876D853}.BackTest|iPhone.Build.0 = Release|Any CPU
		{C2B7B1BD-24C0-4E66-9E85-0F17D876D853}.BackTest|iPhone.Deploy.0 = Release|Any CPU
		{C2B7B1BD-24C0-4E66-9E85-0F17D876D853}.BackTest|iPhoneSimulator.ActiveCfg = Release|Any CPU
		{C2B7B1BD-24C0-4E66-9E85-0F17D876D853}.BackTest|iPhoneSimulator.Build.0 = Release|Any CPU
		{C2B7B1BD-24C0-4E66-9E85-0F17D876D853}.BackTest|iPhoneSimulator.Deploy.0 = Release|Any CPU
		{C2B7B1BD-24C0-4E66-9E85-0F17D876D853}.Debug|Any CPU.ActiveCfg = Debug|Any CPU
		{C2B7B1BD-24C0-4E66-9E85-0F17D876D853}.Debug|Any CPU.Build.0 = Debug|Any CPU
		{C2B7B1BD-24C0-4E66-9E85-0F17D876D853}.Debug|Any CPU.Deploy.0 = Debug|Any CPU
		{C2B7B1BD-24C0-4E66-9E85-0F17D876D853}.Debug|iPhone.ActiveCfg = Debug|Any CPU
		{C2B7B1BD-24C0-4E66-9E85-0F17D876D853}.Debug|iPhone.Build.0 = Debug|Any CPU
		{C2B7B1BD-24C0-4E66-9E85-0F17D876D853}.Debug|iPhone.Deploy.0 = Debug|Any CPU
		{C2B7B1BD-24C0-4E66-9E85-0F17D876D853}.Debug|iPhoneSimulator.ActiveCfg = Debug|Any CPU
		{C2B7B1BD-24C0-4E66-9E85-0F17D876D853}.Debug|iPhoneSimulator.Build.0 = Debug|Any CPU
		{C2B7B1BD-24C0-4E66-9E85-0F17D876D853}.Debug|iPhoneSimulator.Deploy.0 = Debug|Any CPU
		{C2B7B1BD-24C0-4E66-9E85-0F17D876D853}.Local|Any CPU.ActiveCfg = Release|Any CPU
		{C2B7B1BD-24C0-4E66-9E85-0F17D876D853}.Local|Any CPU.Build.0 = Release|Any CPU
		{C2B7B1BD-24C0-4E66-9E85-0F17D876D853}.Local|Any CPU.Deploy.0 = Release|Any CPU
		{C2B7B1BD-24C0-4E66-9E85-0F17D876D853}.Local|iPhone.ActiveCfg = Release|Any CPU
		{C2B7B1BD-24C0-4E66-9E85-0F17D876D853}.Local|iPhone.Build.0 = Release|Any CPU
		{C2B7B1BD-24C0-4E66-9E85-0F17D876D853}.Local|iPhone.Deploy.0 = Release|Any CPU
		{C2B7B1BD-24C0-4E66-9E85-0F17D876D853}.Local|iPhoneSimulator.ActiveCfg = Release|Any CPU
		{C2B7B1BD-24C0-4E66-9E85-0F17D876D853}.Local|iPhoneSimulator.Build.0 = Release|Any CPU
		{C2B7B1BD-24C0-4E66-9E85-0F17D876D853}.Local|iPhoneSimulator.Deploy.0 = Release|Any CPU
		{C2B7B1BD-24C0-4E66-9E85-0F17D876D853}.Market|Any CPU.ActiveCfg = Release|Any CPU
		{C2B7B1BD-24C0-4E66-9E85-0F17D876D853}.Market|Any CPU.Build.0 = Release|Any CPU
		{C2B7B1BD-24C0-4E66-9E85-0F17D876D853}.Market|Any CPU.Deploy.0 = Release|Any CPU
		{C2B7B1BD-24C0-4E66-9E85-0F17D876D853}.Market|iPhone.ActiveCfg = Release|Any CPU
		{C2B7B1BD-24C0-4E66-9E85-0F17D876D853}.Market|iPhone.Build.0 = Release|Any CPU
		{C2B7B1BD-24C0-4E66-9E85-0F17D876D853}.Market|iPhone.Deploy.0 = Release|Any CPU
		{C2B7B1BD-24C0-4E66-9E85-0F17D876D853}.Market|iPhoneSimulator.ActiveCfg = Release|Any CPU
		{C2B7B1BD-24C0-4E66-9E85-0F17D876D853}.Market|iPhoneSimulator.Build.0 = Release|Any CPU
		{C2B7B1BD-24C0-4E66-9E85-0F17D876D853}.Market|iPhoneSimulator.Deploy.0 = Release|Any CPU
		{C2B7B1BD-24C0-4E66-9E85-0F17D876D853}.Release|Any CPU.ActiveCfg = Release|Any CPU
		{C2B7B1BD-24C0-4E66-9E85-0F17D876D853}.Release|Any CPU.Build.0 = Release|Any CPU
		{C2B7B1BD-24C0-4E66-9E85-0F17D876D853}.Release|Any CPU.Deploy.0 = Release|Any CPU
		{C2B7B1BD-24C0-4E66-9E85-0F17D876D853}.Release|iPhone.ActiveCfg = Release|Any CPU
		{C2B7B1BD-24C0-4E66-9E85-0F17D876D853}.Release|iPhone.Build.0 = Release|Any CPU
		{C2B7B1BD-24C0-4E66-9E85-0F17D876D853}.Release|iPhone.Deploy.0 = Release|Any CPU
		{C2B7B1BD-24C0-4E66-9E85-0F17D876D853}.Release|iPhoneSimulator.ActiveCfg = Release|Any CPU
		{C2B7B1BD-24C0-4E66-9E85-0F17D876D853}.Release|iPhoneSimulator.Build.0 = Release|Any CPU
		{C2B7B1BD-24C0-4E66-9E85-0F17D876D853}.Release|iPhoneSimulator.Deploy.0 = Release|Any CPU
		{2B086E3A-87B6-4B5E-9D4F-56AB3A5401ED}.awsmarket|Any CPU.ActiveCfg = awsmarket|Any CPU
		{2B086E3A-87B6-4B5E-9D4F-56AB3A5401ED}.awsmarket|Any CPU.Build.0 = awsmarket|Any CPU
		{2B086E3A-87B6-4B5E-9D4F-56AB3A5401ED}.awsmarket|iPhone.ActiveCfg = awsmarket|Any CPU
		{2B086E3A-87B6-4B5E-9D4F-56AB3A5401ED}.awsmarket|iPhone.Build.0 = awsmarket|Any CPU
		{2B086E3A-87B6-4B5E-9D4F-56AB3A5401ED}.awsmarket|iPhoneSimulator.ActiveCfg = awsmarket|Any CPU
		{2B086E3A-87B6-4B5E-9D4F-56AB3A5401ED}.awsmarket|iPhoneSimulator.Build.0 = awsmarket|Any CPU
		{2B086E3A-87B6-4B5E-9D4F-56AB3A5401ED}.BackTest|Any CPU.ActiveCfg = Debug|Any CPU
		{2B086E3A-87B6-4B5E-9D4F-56AB3A5401ED}.BackTest|Any CPU.Build.0 = Debug|Any CPU
		{2B086E3A-87B6-4B5E-9D4F-56AB3A5401ED}.BackTest|iPhone.ActiveCfg = Debug|Any CPU
		{2B086E3A-87B6-4B5E-9D4F-56AB3A5401ED}.BackTest|iPhone.Build.0 = Debug|Any CPU
		{2B086E3A-87B6-4B5E-9D4F-56AB3A5401ED}.BackTest|iPhoneSimulator.ActiveCfg = Debug|Any CPU
		{2B086E3A-87B6-4B5E-9D4F-56AB3A5401ED}.BackTest|iPhoneSimulator.Build.0 = Debug|Any CPU
		{2B086E3A-87B6-4B5E-9D4F-56AB3A5401ED}.Debug|Any CPU.ActiveCfg = Debug|Any CPU
		{2B086E3A-87B6-4B5E-9D4F-56AB3A5401ED}.Debug|Any CPU.Build.0 = Debug|Any CPU
		{2B086E3A-87B6-4B5E-9D4F-56AB3A5401ED}.Debug|iPhone.ActiveCfg = Debug|Any CPU
		{2B086E3A-87B6-4B5E-9D4F-56AB3A5401ED}.Debug|iPhone.Build.0 = Debug|Any CPU
		{2B086E3A-87B6-4B5E-9D4F-56AB3A5401ED}.Debug|iPhoneSimulator.ActiveCfg = Debug|Any CPU
		{2B086E3A-87B6-4B5E-9D4F-56AB3A5401ED}.Debug|iPhoneSimulator.Build.0 = Debug|Any CPU
		{2B086E3A-87B6-4B5E-9D4F-56AB3A5401ED}.Local|Any CPU.ActiveCfg = Debug|Any CPU
		{2B086E3A-87B6-4B5E-9D4F-56AB3A5401ED}.Local|Any CPU.Build.0 = Debug|Any CPU
		{2B086E3A-87B6-4B5E-9D4F-56AB3A5401ED}.Local|iPhone.ActiveCfg = Debug|Any CPU
		{2B086E3A-87B6-4B5E-9D4F-56AB3A5401ED}.Local|iPhone.Build.0 = Debug|Any CPU
		{2B086E3A-87B6-4B5E-9D4F-56AB3A5401ED}.Local|iPhoneSimulator.ActiveCfg = Debug|Any CPU
		{2B086E3A-87B6-4B5E-9D4F-56AB3A5401ED}.Local|iPhoneSimulator.Build.0 = Debug|Any CPU
		{2B086E3A-87B6-4B5E-9D4F-56AB3A5401ED}.Market|Any CPU.ActiveCfg = Debug|Any CPU
		{2B086E3A-87B6-4B5E-9D4F-56AB3A5401ED}.Market|Any CPU.Build.0 = Debug|Any CPU
		{2B086E3A-87B6-4B5E-9D4F-56AB3A5401ED}.Market|iPhone.ActiveCfg = Debug|Any CPU
		{2B086E3A-87B6-4B5E-9D4F-56AB3A5401ED}.Market|iPhone.Build.0 = Debug|Any CPU
		{2B086E3A-87B6-4B5E-9D4F-56AB3A5401ED}.Market|iPhoneSimulator.ActiveCfg = Debug|Any CPU
		{2B086E3A-87B6-4B5E-9D4F-56AB3A5401ED}.Market|iPhoneSimulator.Build.0 = Debug|Any CPU
		{2B086E3A-87B6-4B5E-9D4F-56AB3A5401ED}.Release|Any CPU.ActiveCfg = Release|Any CPU
		{2B086E3A-87B6-4B5E-9D4F-56AB3A5401ED}.Release|Any CPU.Build.0 = Release|Any CPU
		{2B086E3A-87B6-4B5E-9D4F-56AB3A5401ED}.Release|iPhone.ActiveCfg = Release|Any CPU
		{2B086E3A-87B6-4B5E-9D4F-56AB3A5401ED}.Release|iPhone.Build.0 = Release|Any CPU
		{2B086E3A-87B6-4B5E-9D4F-56AB3A5401ED}.Release|iPhoneSimulator.ActiveCfg = Release|Any CPU
		{2B086E3A-87B6-4B5E-9D4F-56AB3A5401ED}.Release|iPhoneSimulator.Build.0 = Release|Any CPU
	EndGlobalSection
	GlobalSection(SolutionProperties) = preSolution
		HideSolutionNode = FALSE
	EndGlobalSection
	GlobalSection(NestedProjects) = preSolution
		{EEB039AB-CE58-48A6-A902-A70A421D33A1} = {3256EC78-FB7D-48E5-BD76-71D02D20D4A5}
		{0ED0946F-E485-4671-9119-2CA800AC169F} = {F189E267-6C9C-4BDD-930A-7E4A3B97793B}
		{E55C9FA0-79DA-4279-93DB-1E8562E7C027} = {F189E267-6C9C-4BDD-930A-7E4A3B97793B}
		{BC3024F9-7361-4720-8C2C-44F648739B1E} = {3256EC78-FB7D-48E5-BD76-71D02D20D4A5}
		{B393C21B-4FEE-4E47-AD00-B24CD70F7D48} = {F189E267-6C9C-4BDD-930A-7E4A3B97793B}
		{0B2B9054-0BDC-4072-A852-91D5CB4AD5D5} = {F189E267-6C9C-4BDD-930A-7E4A3B97793B}
		{89215256-6419-44BF-9EF5-EB7AD0B059A9} = {706E5E9F-07BD-4E51-BE96-B11DA903EE2C}
		{A8FCB3A4-A5BC-48FF-8FFE-46089EBC3337} = {706E5E9F-07BD-4E51-BE96-B11DA903EE2C}
		{72C6EB6F-07E7-4E55-8035-86FCB5DE2C72} = {BF8340B1-9B6B-4785-8F63-B46A24FAD192}
		{A375EE1C-5108-4199-BE80-BA466E4F92F2} = {BF8340B1-9B6B-4785-8F63-B46A24FAD192}
		{9CE9DBF0-817B-4B41-B632-62C0F05FEAE7} = {706E5E9F-07BD-4E51-BE96-B11DA903EE2C}
		{2B086E3A-87B6-4B5E-9D4F-56AB3A5401ED} = {F189E267-6C9C-4BDD-930A-7E4A3B97793B}
	EndGlobalSection
	GlobalSection(ExtensibilityGlobals) = postSolution
		SolutionGuid = {9060E967-EBC9-4DDF-A564-499577491C91}
	EndGlobalSection
EndGlobal
