
Microsoft Visual Studio Solution File, Format Version 12.00
# Visual Studio Version 16
VisualStudioVersion = 16.0.30406.217
MinimumVisualStudioVersion = 10.0.40219.1
Project("{9A19103F-16F7-4668-BE54-9A1E7A4F7556}") = "GlobalLayer", "GlobalLayer\GlobalLayer.csproj", "{F73CD930-B9EF-4158-A5AF-E23C026D27B4}"
EndProject
Project("{9A19103F-16F7-4668-BE54-9A1E7A4F7556}") = "Algo.Utils", "Algo.Utils\Algo.Utils.csproj", "{D257F5B6-CDE7-4AD1-8A74-1BFE51E4C737}"
EndProject
Project("{9A19103F-16F7-4668-BE54-9A1E7A4F7556}") = "ZMQFacade", "ZMQFacade\ZMQFacade.csproj", "{84075661-616D-4A4B-805D-3C589EA0DF36}"
EndProject
Project("{9A19103F-16F7-4668-BE54-9A1E7A4F7556}") = "DBAccess", "DBAccess\DBAccess.csproj", "{7F572967-ABD8-41F4-994B-5BB56F3394AC}"
EndProject
Project("{9A19103F-16F7-4668-BE54-9A1E7A4F7556}") = "KiteConnect", "KiteConnect\KiteConnect.csproj", "{D2C7B3DB-A4B0-40FB-87BE-6DAB9709606B}"
EndProject
Project("{9A19103F-16F7-4668-BE54-9A1E7A4F7556}") = "GlobalCore", "GlobalCore\GlobalCore.csproj", "{FFBCFEAA-CD47-4C53-A746-51919DE9F6E0}"
EndProject
Project("{9A19103F-16F7-4668-BE54-9A1E7A4F7556}") = "LocalDBData", "LocalDBData\LocalDBData.csproj", "{C3C96B72-ECC8-4CC7-B1D9-8C1C4F087FF1}"
EndProject
Project("{9A19103F-16F7-4668-BE54-9A1E7A4F7556}") = "KiteConnectWrapper", "KiteConnectWrapper\KiteConnectWrapper.csproj", "{4B711571-9ACD-471C-A4C6-943A584C661D}"
EndProject
Project("{2150E333-8FDC-42A3-9474-1A3956D46DE8}") = "gRPC", "gRPC", "{3256EC78-FB7D-48E5-BD76-71D02D20D4A5}"
EndProject
Project("{9A19103F-16F7-4668-BE54-9A1E7A4F7556}") = "GrpcLoggerClient", "GrpcLoggerClient\GrpcLoggerClient.csproj", "{EEB039AB-CE58-48A6-A902-A70A421D33A1}"
EndProject
Project("{9A19103F-16F7-4668-BE54-9A1E7A4F7556}") = "Algos", "Algos\Algos.csproj", "{9676DA68-04E7-483D-824D-AFC007C982C1}"
EndProject
Project("{2150E333-8FDC-42A3-9474-1A3956D46DE8}") = "Algo Services", "Algo Services", "{F189E267-6C9C-4BDD-930A-7E4A3B97793B}"
EndProject
Project("{9A19103F-16F7-4668-BE54-9A1E7A4F7556}") = "DeltaManagerService", "Algo Services\DeltaManagerService\DeltaManagerService.csproj", "{8554CD0B-C1FD-49DA-8EC8-6324B521443C}"
EndProject
Project("{9A19103F-16F7-4668-BE54-9A1E7A4F7556}") = "ExpiryStrangle", "Algo Services\ExpiryStrangle\ExpiryStrangle.csproj", "{BEAF3294-0910-448D-AA84-8D5F7B3C67ED}"
EndProject
Project("{9A19103F-16F7-4668-BE54-9A1E7A4F7556}") = "ManageStrangleValueService", "Algo Services\ManageStrangleValueService\ManageStrangleValueService.csproj", "{41A8950F-1696-4B50-99A3-E9AD4D55B0D0}"
EndProject
Project("{9A19103F-16F7-4668-BE54-9A1E7A4F7556}") = "MarketView", "Algo Services\MarketView\MarketView.csproj", "{0ED0946F-E485-4671-9119-2CA800AC169F}"
EndProject
Project("{9A19103F-16F7-4668-BE54-9A1E7A4F7556}") = "MyData", "Algo Services\MyData\MyData.csproj", "{DF0EB493-4786-443B-988F-EF2D63C72950}"
EndProject
Project("{9A19103F-16F7-4668-BE54-9A1E7A4F7556}") = "StoreData", "Algo Services\StoreData\StoreData.csproj", "{5CEFAB48-FE54-40E1-BB11-D90D9F5560EB}"
EndProject
Project("{9A19103F-16F7-4668-BE54-9A1E7A4F7556}") = "StrangleValueManager", "Algo Services\StrangleValueManager\StrangleValueManager.csproj", "{6EB28DC8-9A08-4C1D-B99A-59F833A32AB6}"
EndProject
Project("{9A19103F-16F7-4668-BE54-9A1E7A4F7556}") = "MarketDataService", "MarketDataService\MarketDataService.csproj", "{27D0B3DB-5CD3-43C7-979F-1FB518BEB851}"
EndProject
Project("{9A19103F-16F7-4668-BE54-9A1E7A4F7556}") = "DalalStreetView", "DalalStreetView\DalalStreetView.csproj", "{818EB039-9FBB-49E0-AB26-782B4B140A76}"
EndProject
Project("{9A19103F-16F7-4668-BE54-9A1E7A4F7556}") = "TradeEMACross", "Algo Services\TradeEMACross\TradeEMACross.csproj", "{E55C9FA0-79DA-4279-93DB-1E8562E7C027}"
EndProject
Project("{9A19103F-16F7-4668-BE54-9A1E7A4F7556}") = "GrpcLoggerService", "GrpcLoggerService\GrpcLoggerService.csproj", "{BC3024F9-7361-4720-8C2C-44F648739B1E}"
EndProject
Global
	GlobalSection(SolutionConfigurationPlatforms) = preSolution
		Debug|Any CPU = Debug|Any CPU
		Local|Any CPU = Local|Any CPU
		Market|Any CPU = Market|Any CPU
		Release|Any CPU = Release|Any CPU
	EndGlobalSection
	GlobalSection(ProjectConfigurationPlatforms) = postSolution
		{F73CD930-B9EF-4158-A5AF-E23C026D27B4}.Debug|Any CPU.ActiveCfg = Debug|Any CPU
		{F73CD930-B9EF-4158-A5AF-E23C026D27B4}.Debug|Any CPU.Build.0 = Debug|Any CPU
		{F73CD930-B9EF-4158-A5AF-E23C026D27B4}.Local|Any CPU.ActiveCfg = Local|Any CPU
		{F73CD930-B9EF-4158-A5AF-E23C026D27B4}.Local|Any CPU.Build.0 = Local|Any CPU
		{F73CD930-B9EF-4158-A5AF-E23C026D27B4}.Market|Any CPU.ActiveCfg = Market|Any CPU
		{F73CD930-B9EF-4158-A5AF-E23C026D27B4}.Market|Any CPU.Build.0 = Market|Any CPU
		{F73CD930-B9EF-4158-A5AF-E23C026D27B4}.Release|Any CPU.ActiveCfg = Release|Any CPU
		{F73CD930-B9EF-4158-A5AF-E23C026D27B4}.Release|Any CPU.Build.0 = Release|Any CPU
		{D257F5B6-CDE7-4AD1-8A74-1BFE51E4C737}.Debug|Any CPU.ActiveCfg = Debug|Any CPU
		{D257F5B6-CDE7-4AD1-8A74-1BFE51E4C737}.Debug|Any CPU.Build.0 = Debug|Any CPU
		{D257F5B6-CDE7-4AD1-8A74-1BFE51E4C737}.Local|Any CPU.ActiveCfg = Local|Any CPU
		{D257F5B6-CDE7-4AD1-8A74-1BFE51E4C737}.Local|Any CPU.Build.0 = Local|Any CPU
		{D257F5B6-CDE7-4AD1-8A74-1BFE51E4C737}.Market|Any CPU.ActiveCfg = Market|Any CPU
		{D257F5B6-CDE7-4AD1-8A74-1BFE51E4C737}.Market|Any CPU.Build.0 = Market|Any CPU
		{D257F5B6-CDE7-4AD1-8A74-1BFE51E4C737}.Release|Any CPU.ActiveCfg = Release|Any CPU
		{D257F5B6-CDE7-4AD1-8A74-1BFE51E4C737}.Release|Any CPU.Build.0 = Release|Any CPU
		{84075661-616D-4A4B-805D-3C589EA0DF36}.Debug|Any CPU.ActiveCfg = Debug|Any CPU
		{84075661-616D-4A4B-805D-3C589EA0DF36}.Debug|Any CPU.Build.0 = Debug|Any CPU
		{84075661-616D-4A4B-805D-3C589EA0DF36}.Local|Any CPU.ActiveCfg = Local|Any CPU
		{84075661-616D-4A4B-805D-3C589EA0DF36}.Local|Any CPU.Build.0 = Local|Any CPU
		{84075661-616D-4A4B-805D-3C589EA0DF36}.Market|Any CPU.ActiveCfg = Market|Any CPU
		{84075661-616D-4A4B-805D-3C589EA0DF36}.Market|Any CPU.Build.0 = Market|Any CPU
		{84075661-616D-4A4B-805D-3C589EA0DF36}.Release|Any CPU.ActiveCfg = Release|Any CPU
		{84075661-616D-4A4B-805D-3C589EA0DF36}.Release|Any CPU.Build.0 = Release|Any CPU
		{7F572967-ABD8-41F4-994B-5BB56F3394AC}.Debug|Any CPU.ActiveCfg = Debug|Any CPU
		{7F572967-ABD8-41F4-994B-5BB56F3394AC}.Debug|Any CPU.Build.0 = Debug|Any CPU
		{7F572967-ABD8-41F4-994B-5BB56F3394AC}.Local|Any CPU.ActiveCfg = Local|Any CPU
		{7F572967-ABD8-41F4-994B-5BB56F3394AC}.Local|Any CPU.Build.0 = Local|Any CPU
		{7F572967-ABD8-41F4-994B-5BB56F3394AC}.Market|Any CPU.ActiveCfg = Market|Any CPU
		{7F572967-ABD8-41F4-994B-5BB56F3394AC}.Market|Any CPU.Build.0 = Market|Any CPU
		{7F572967-ABD8-41F4-994B-5BB56F3394AC}.Release|Any CPU.ActiveCfg = Release|Any CPU
		{7F572967-ABD8-41F4-994B-5BB56F3394AC}.Release|Any CPU.Build.0 = Release|Any CPU
		{D2C7B3DB-A4B0-40FB-87BE-6DAB9709606B}.Debug|Any CPU.ActiveCfg = Debug|Any CPU
		{D2C7B3DB-A4B0-40FB-87BE-6DAB9709606B}.Debug|Any CPU.Build.0 = Debug|Any CPU
		{D2C7B3DB-A4B0-40FB-87BE-6DAB9709606B}.Local|Any CPU.ActiveCfg = Local|Any CPU
		{D2C7B3DB-A4B0-40FB-87BE-6DAB9709606B}.Local|Any CPU.Build.0 = Local|Any CPU
		{D2C7B3DB-A4B0-40FB-87BE-6DAB9709606B}.Market|Any CPU.ActiveCfg = Market|Any CPU
		{D2C7B3DB-A4B0-40FB-87BE-6DAB9709606B}.Market|Any CPU.Build.0 = Market|Any CPU
		{D2C7B3DB-A4B0-40FB-87BE-6DAB9709606B}.Release|Any CPU.ActiveCfg = Release|Any CPU
		{D2C7B3DB-A4B0-40FB-87BE-6DAB9709606B}.Release|Any CPU.Build.0 = Release|Any CPU
		{FFBCFEAA-CD47-4C53-A746-51919DE9F6E0}.Debug|Any CPU.ActiveCfg = Debug|Any CPU
		{FFBCFEAA-CD47-4C53-A746-51919DE9F6E0}.Debug|Any CPU.Build.0 = Debug|Any CPU
		{FFBCFEAA-CD47-4C53-A746-51919DE9F6E0}.Local|Any CPU.ActiveCfg = Local|Any CPU
		{FFBCFEAA-CD47-4C53-A746-51919DE9F6E0}.Local|Any CPU.Build.0 = Local|Any CPU
		{FFBCFEAA-CD47-4C53-A746-51919DE9F6E0}.Market|Any CPU.ActiveCfg = Market|Any CPU
		{FFBCFEAA-CD47-4C53-A746-51919DE9F6E0}.Market|Any CPU.Build.0 = Market|Any CPU
		{FFBCFEAA-CD47-4C53-A746-51919DE9F6E0}.Release|Any CPU.ActiveCfg = Release|Any CPU
		{FFBCFEAA-CD47-4C53-A746-51919DE9F6E0}.Release|Any CPU.Build.0 = Release|Any CPU
		{C3C96B72-ECC8-4CC7-B1D9-8C1C4F087FF1}.Debug|Any CPU.ActiveCfg = Debug|Any CPU
		{C3C96B72-ECC8-4CC7-B1D9-8C1C4F087FF1}.Debug|Any CPU.Build.0 = Debug|Any CPU
		{C3C96B72-ECC8-4CC7-B1D9-8C1C4F087FF1}.Local|Any CPU.ActiveCfg = Local|Any CPU
		{C3C96B72-ECC8-4CC7-B1D9-8C1C4F087FF1}.Local|Any CPU.Build.0 = Local|Any CPU
		{C3C96B72-ECC8-4CC7-B1D9-8C1C4F087FF1}.Market|Any CPU.ActiveCfg = Market|Any CPU
		{C3C96B72-ECC8-4CC7-B1D9-8C1C4F087FF1}.Market|Any CPU.Build.0 = Market|Any CPU
		{C3C96B72-ECC8-4CC7-B1D9-8C1C4F087FF1}.Release|Any CPU.ActiveCfg = Release|Any CPU
		{C3C96B72-ECC8-4CC7-B1D9-8C1C4F087FF1}.Release|Any CPU.Build.0 = Release|Any CPU
		{4B711571-9ACD-471C-A4C6-943A584C661D}.Debug|Any CPU.ActiveCfg = Debug|Any CPU
		{4B711571-9ACD-471C-A4C6-943A584C661D}.Debug|Any CPU.Build.0 = Debug|Any CPU
		{4B711571-9ACD-471C-A4C6-943A584C661D}.Local|Any CPU.ActiveCfg = Local|Any CPU
		{4B711571-9ACD-471C-A4C6-943A584C661D}.Local|Any CPU.Build.0 = Local|Any CPU
		{4B711571-9ACD-471C-A4C6-943A584C661D}.Market|Any CPU.ActiveCfg = Market|Any CPU
		{4B711571-9ACD-471C-A4C6-943A584C661D}.Market|Any CPU.Build.0 = Market|Any CPU
		{4B711571-9ACD-471C-A4C6-943A584C661D}.Release|Any CPU.ActiveCfg = Release|Any CPU
		{4B711571-9ACD-471C-A4C6-943A584C661D}.Release|Any CPU.Build.0 = Release|Any CPU
		{EEB039AB-CE58-48A6-A902-A70A421D33A1}.Debug|Any CPU.ActiveCfg = Debug|Any CPU
		{EEB039AB-CE58-48A6-A902-A70A421D33A1}.Debug|Any CPU.Build.0 = Debug|Any CPU
		{EEB039AB-CE58-48A6-A902-A70A421D33A1}.Local|Any CPU.ActiveCfg = Local|Any CPU
		{EEB039AB-CE58-48A6-A902-A70A421D33A1}.Local|Any CPU.Build.0 = Local|Any CPU
		{EEB039AB-CE58-48A6-A902-A70A421D33A1}.Market|Any CPU.ActiveCfg = Market|Any CPU
		{EEB039AB-CE58-48A6-A902-A70A421D33A1}.Market|Any CPU.Build.0 = Market|Any CPU
		{EEB039AB-CE58-48A6-A902-A70A421D33A1}.Release|Any CPU.ActiveCfg = Release|Any CPU
		{EEB039AB-CE58-48A6-A902-A70A421D33A1}.Release|Any CPU.Build.0 = Release|Any CPU
		{9676DA68-04E7-483D-824D-AFC007C982C1}.Debug|Any CPU.ActiveCfg = Debug|Any CPU
		{9676DA68-04E7-483D-824D-AFC007C982C1}.Debug|Any CPU.Build.0 = Debug|Any CPU
		{9676DA68-04E7-483D-824D-AFC007C982C1}.Local|Any CPU.ActiveCfg = Local|Any CPU
		{9676DA68-04E7-483D-824D-AFC007C982C1}.Local|Any CPU.Build.0 = Local|Any CPU
		{9676DA68-04E7-483D-824D-AFC007C982C1}.Market|Any CPU.ActiveCfg = Market|Any CPU
		{9676DA68-04E7-483D-824D-AFC007C982C1}.Market|Any CPU.Build.0 = Market|Any CPU
		{9676DA68-04E7-483D-824D-AFC007C982C1}.Release|Any CPU.ActiveCfg = Release|Any CPU
		{9676DA68-04E7-483D-824D-AFC007C982C1}.Release|Any CPU.Build.0 = Release|Any CPU
		{8554CD0B-C1FD-49DA-8EC8-6324B521443C}.Debug|Any CPU.ActiveCfg = Debug|Any CPU
		{8554CD0B-C1FD-49DA-8EC8-6324B521443C}.Debug|Any CPU.Build.0 = Debug|Any CPU
		{8554CD0B-C1FD-49DA-8EC8-6324B521443C}.Local|Any CPU.ActiveCfg = Local|Any CPU
		{8554CD0B-C1FD-49DA-8EC8-6324B521443C}.Local|Any CPU.Build.0 = Local|Any CPU
		{8554CD0B-C1FD-49DA-8EC8-6324B521443C}.Market|Any CPU.ActiveCfg = Market|Any CPU
		{8554CD0B-C1FD-49DA-8EC8-6324B521443C}.Market|Any CPU.Build.0 = Market|Any CPU
		{8554CD0B-C1FD-49DA-8EC8-6324B521443C}.Release|Any CPU.ActiveCfg = Release|Any CPU
		{8554CD0B-C1FD-49DA-8EC8-6324B521443C}.Release|Any CPU.Build.0 = Release|Any CPU
		{BEAF3294-0910-448D-AA84-8D5F7B3C67ED}.Debug|Any CPU.ActiveCfg = Debug|Any CPU
		{BEAF3294-0910-448D-AA84-8D5F7B3C67ED}.Debug|Any CPU.Build.0 = Debug|Any CPU
		{BEAF3294-0910-448D-AA84-8D5F7B3C67ED}.Local|Any CPU.ActiveCfg = Local|Any CPU
		{BEAF3294-0910-448D-AA84-8D5F7B3C67ED}.Local|Any CPU.Build.0 = Local|Any CPU
		{BEAF3294-0910-448D-AA84-8D5F7B3C67ED}.Market|Any CPU.ActiveCfg = Market|Any CPU
		{BEAF3294-0910-448D-AA84-8D5F7B3C67ED}.Market|Any CPU.Build.0 = Market|Any CPU
		{BEAF3294-0910-448D-AA84-8D5F7B3C67ED}.Release|Any CPU.ActiveCfg = Release|Any CPU
		{BEAF3294-0910-448D-AA84-8D5F7B3C67ED}.Release|Any CPU.Build.0 = Release|Any CPU
		{41A8950F-1696-4B50-99A3-E9AD4D55B0D0}.Debug|Any CPU.ActiveCfg = Debug|Any CPU
		{41A8950F-1696-4B50-99A3-E9AD4D55B0D0}.Debug|Any CPU.Build.0 = Debug|Any CPU
		{41A8950F-1696-4B50-99A3-E9AD4D55B0D0}.Local|Any CPU.ActiveCfg = Local|Any CPU
		{41A8950F-1696-4B50-99A3-E9AD4D55B0D0}.Local|Any CPU.Build.0 = Local|Any CPU
		{41A8950F-1696-4B50-99A3-E9AD4D55B0D0}.Market|Any CPU.ActiveCfg = Market|Any CPU
		{41A8950F-1696-4B50-99A3-E9AD4D55B0D0}.Market|Any CPU.Build.0 = Market|Any CPU
		{41A8950F-1696-4B50-99A3-E9AD4D55B0D0}.Release|Any CPU.ActiveCfg = Release|Any CPU
		{41A8950F-1696-4B50-99A3-E9AD4D55B0D0}.Release|Any CPU.Build.0 = Release|Any CPU
		{0ED0946F-E485-4671-9119-2CA800AC169F}.Debug|Any CPU.ActiveCfg = Debug|Any CPU
		{0ED0946F-E485-4671-9119-2CA800AC169F}.Debug|Any CPU.Build.0 = Debug|Any CPU
		{0ED0946F-E485-4671-9119-2CA800AC169F}.Local|Any CPU.ActiveCfg = Local|Any CPU
		{0ED0946F-E485-4671-9119-2CA800AC169F}.Local|Any CPU.Build.0 = Local|Any CPU
		{0ED0946F-E485-4671-9119-2CA800AC169F}.Market|Any CPU.ActiveCfg = Market|Any CPU
		{0ED0946F-E485-4671-9119-2CA800AC169F}.Market|Any CPU.Build.0 = Market|Any CPU
		{0ED0946F-E485-4671-9119-2CA800AC169F}.Release|Any CPU.ActiveCfg = Release|Any CPU
		{0ED0946F-E485-4671-9119-2CA800AC169F}.Release|Any CPU.Build.0 = Release|Any CPU
		{DF0EB493-4786-443B-988F-EF2D63C72950}.Debug|Any CPU.ActiveCfg = Debug|Any CPU
		{DF0EB493-4786-443B-988F-EF2D63C72950}.Debug|Any CPU.Build.0 = Debug|Any CPU
		{DF0EB493-4786-443B-988F-EF2D63C72950}.Local|Any CPU.ActiveCfg = Debug|Any CPU
		{DF0EB493-4786-443B-988F-EF2D63C72950}.Local|Any CPU.Build.0 = Debug|Any CPU
		{DF0EB493-4786-443B-988F-EF2D63C72950}.Market|Any CPU.ActiveCfg = Debug|Any CPU
		{DF0EB493-4786-443B-988F-EF2D63C72950}.Market|Any CPU.Build.0 = Debug|Any CPU
		{DF0EB493-4786-443B-988F-EF2D63C72950}.Release|Any CPU.ActiveCfg = Release|Any CPU
		{DF0EB493-4786-443B-988F-EF2D63C72950}.Release|Any CPU.Build.0 = Release|Any CPU
		{5CEFAB48-FE54-40E1-BB11-D90D9F5560EB}.Debug|Any CPU.ActiveCfg = Debug|Any CPU
		{5CEFAB48-FE54-40E1-BB11-D90D9F5560EB}.Debug|Any CPU.Build.0 = Debug|Any CPU
		{5CEFAB48-FE54-40E1-BB11-D90D9F5560EB}.Local|Any CPU.ActiveCfg = Local|Any CPU
		{5CEFAB48-FE54-40E1-BB11-D90D9F5560EB}.Local|Any CPU.Build.0 = Local|Any CPU
		{5CEFAB48-FE54-40E1-BB11-D90D9F5560EB}.Market|Any CPU.ActiveCfg = Market|Any CPU
		{5CEFAB48-FE54-40E1-BB11-D90D9F5560EB}.Market|Any CPU.Build.0 = Market|Any CPU
		{5CEFAB48-FE54-40E1-BB11-D90D9F5560EB}.Release|Any CPU.ActiveCfg = Release|Any CPU
		{5CEFAB48-FE54-40E1-BB11-D90D9F5560EB}.Release|Any CPU.Build.0 = Release|Any CPU
		{6EB28DC8-9A08-4C1D-B99A-59F833A32AB6}.Debug|Any CPU.ActiveCfg = Debug|Any CPU
		{6EB28DC8-9A08-4C1D-B99A-59F833A32AB6}.Debug|Any CPU.Build.0 = Debug|Any CPU
		{6EB28DC8-9A08-4C1D-B99A-59F833A32AB6}.Local|Any CPU.ActiveCfg = Local|Any CPU
		{6EB28DC8-9A08-4C1D-B99A-59F833A32AB6}.Local|Any CPU.Build.0 = Local|Any CPU
		{6EB28DC8-9A08-4C1D-B99A-59F833A32AB6}.Market|Any CPU.ActiveCfg = Market|Any CPU
		{6EB28DC8-9A08-4C1D-B99A-59F833A32AB6}.Market|Any CPU.Build.0 = Market|Any CPU
		{6EB28DC8-9A08-4C1D-B99A-59F833A32AB6}.Release|Any CPU.ActiveCfg = Release|Any CPU
		{6EB28DC8-9A08-4C1D-B99A-59F833A32AB6}.Release|Any CPU.Build.0 = Release|Any CPU
		{27D0B3DB-5CD3-43C7-979F-1FB518BEB851}.Debug|Any CPU.ActiveCfg = Debug|Any CPU
		{27D0B3DB-5CD3-43C7-979F-1FB518BEB851}.Debug|Any CPU.Build.0 = Debug|Any CPU
		{27D0B3DB-5CD3-43C7-979F-1FB518BEB851}.Local|Any CPU.ActiveCfg = Local|Any CPU
		{27D0B3DB-5CD3-43C7-979F-1FB518BEB851}.Local|Any CPU.Build.0 = Local|Any CPU
		{27D0B3DB-5CD3-43C7-979F-1FB518BEB851}.Market|Any CPU.ActiveCfg = Market|Any CPU
		{27D0B3DB-5CD3-43C7-979F-1FB518BEB851}.Market|Any CPU.Build.0 = Market|Any CPU
		{27D0B3DB-5CD3-43C7-979F-1FB518BEB851}.Release|Any CPU.ActiveCfg = Release|Any CPU
		{27D0B3DB-5CD3-43C7-979F-1FB518BEB851}.Release|Any CPU.Build.0 = Release|Any CPU
		{818EB039-9FBB-49E0-AB26-782B4B140A76}.Debug|Any CPU.ActiveCfg = Debug|Any CPU
		{818EB039-9FBB-49E0-AB26-782B4B140A76}.Debug|Any CPU.Build.0 = Debug|Any CPU
		{818EB039-9FBB-49E0-AB26-782B4B140A76}.Local|Any CPU.ActiveCfg = Local|Any CPU
		{818EB039-9FBB-49E0-AB26-782B4B140A76}.Local|Any CPU.Build.0 = Local|Any CPU
		{818EB039-9FBB-49E0-AB26-782B4B140A76}.Market|Any CPU.ActiveCfg = Market|Any CPU
		{818EB039-9FBB-49E0-AB26-782B4B140A76}.Market|Any CPU.Build.0 = Market|Any CPU
		{818EB039-9FBB-49E0-AB26-782B4B140A76}.Release|Any CPU.ActiveCfg = Release|Any CPU
		{818EB039-9FBB-49E0-AB26-782B4B140A76}.Release|Any CPU.Build.0 = Release|Any CPU
		{E55C9FA0-79DA-4279-93DB-1E8562E7C027}.Debug|Any CPU.ActiveCfg = Debug|Any CPU
		{E55C9FA0-79DA-4279-93DB-1E8562E7C027}.Debug|Any CPU.Build.0 = Debug|Any CPU
		{E55C9FA0-79DA-4279-93DB-1E8562E7C027}.Local|Any CPU.ActiveCfg = Local|Any CPU
		{E55C9FA0-79DA-4279-93DB-1E8562E7C027}.Local|Any CPU.Build.0 = Local|Any CPU
		{E55C9FA0-79DA-4279-93DB-1E8562E7C027}.Market|Any CPU.ActiveCfg = Market|Any CPU
		{E55C9FA0-79DA-4279-93DB-1E8562E7C027}.Market|Any CPU.Build.0 = Market|Any CPU
		{E55C9FA0-79DA-4279-93DB-1E8562E7C027}.Release|Any CPU.ActiveCfg = Release|Any CPU
		{E55C9FA0-79DA-4279-93DB-1E8562E7C027}.Release|Any CPU.Build.0 = Release|Any CPU
		{BC3024F9-7361-4720-8C2C-44F648739B1E}.Debug|Any CPU.ActiveCfg = Debug|Any CPU
		{BC3024F9-7361-4720-8C2C-44F648739B1E}.Debug|Any CPU.Build.0 = Debug|Any CPU
		{BC3024F9-7361-4720-8C2C-44F648739B1E}.Local|Any CPU.ActiveCfg = Local|Any CPU
		{BC3024F9-7361-4720-8C2C-44F648739B1E}.Local|Any CPU.Build.0 = Local|Any CPU
		{BC3024F9-7361-4720-8C2C-44F648739B1E}.Market|Any CPU.ActiveCfg = Market|Any CPU
		{BC3024F9-7361-4720-8C2C-44F648739B1E}.Market|Any CPU.Build.0 = Market|Any CPU
		{BC3024F9-7361-4720-8C2C-44F648739B1E}.Release|Any CPU.ActiveCfg = Release|Any CPU
		{BC3024F9-7361-4720-8C2C-44F648739B1E}.Release|Any CPU.Build.0 = Release|Any CPU
	EndGlobalSection
	GlobalSection(SolutionProperties) = preSolution
		HideSolutionNode = FALSE
	EndGlobalSection
	GlobalSection(NestedProjects) = preSolution
		{EEB039AB-CE58-48A6-A902-A70A421D33A1} = {3256EC78-FB7D-48E5-BD76-71D02D20D4A5}
		{8554CD0B-C1FD-49DA-8EC8-6324B521443C} = {F189E267-6C9C-4BDD-930A-7E4A3B97793B}
		{BEAF3294-0910-448D-AA84-8D5F7B3C67ED} = {F189E267-6C9C-4BDD-930A-7E4A3B97793B}
		{41A8950F-1696-4B50-99A3-E9AD4D55B0D0} = {F189E267-6C9C-4BDD-930A-7E4A3B97793B}
		{0ED0946F-E485-4671-9119-2CA800AC169F} = {F189E267-6C9C-4BDD-930A-7E4A3B97793B}
		{DF0EB493-4786-443B-988F-EF2D63C72950} = {F189E267-6C9C-4BDD-930A-7E4A3B97793B}
		{5CEFAB48-FE54-40E1-BB11-D90D9F5560EB} = {F189E267-6C9C-4BDD-930A-7E4A3B97793B}
		{6EB28DC8-9A08-4C1D-B99A-59F833A32AB6} = {F189E267-6C9C-4BDD-930A-7E4A3B97793B}
		{E55C9FA0-79DA-4279-93DB-1E8562E7C027} = {F189E267-6C9C-4BDD-930A-7E4A3B97793B}
		{BC3024F9-7361-4720-8C2C-44F648739B1E} = {3256EC78-FB7D-48E5-BD76-71D02D20D4A5}
	EndGlobalSection
	GlobalSection(ExtensibilityGlobals) = postSolution
		SolutionGuid = {9060E967-EBC9-4DDF-A564-499577491C91}
	EndGlobalSection
EndGlobal
