
Microsoft Visual Studio Solution File, Format Version 12.00
# Visual Studio Version 17
VisualStudioVersion = 17.9.34728.123
MinimumVisualStudioVersion = 10.0.40219.1
Project("{9A19103F-16F7-4668-BE54-9A1E7A4F7556}") = "MarketDataService", "MarketDataService\MarketDataService.csproj", "{9F56E06A-4B30-4746-8909-E9B6C3C2CB84}"
EndProject
Project("{9A19103F-16F7-4668-BE54-9A1E7A4F7556}") = "LocalDBData", "LocalDBData\LocalDBData.csproj", "{157A8340-761D-4990-934E-45FDEB0AC4D8}"
EndProject
Project("{9A19103F-16F7-4668-BE54-9A1E7A4F7556}") = "StockAlertService", "E:\FinancialMarket\StockAlertService\StockAlertService.csproj", "{14689AE0-8E5A-43EF-935F-0422187CFC67}"
EndProject
Project("{9A19103F-16F7-4668-BE54-9A1E7A4F7556}") = "Algos", "Algos\Algos.csproj", "{101A0055-14AD-41CD-A67D-ECD513E5A41B}"
EndProject
Project("{9A19103F-16F7-4668-BE54-9A1E7A4F7556}") = "Algo.Utils", "Algo.Utils\Algo.Utils.csproj", "{7C3E8016-E545-4C76-BC28-FA7CA40C7E9C}"
EndProject
Project("{9A19103F-16F7-4668-BE54-9A1E7A4F7556}") = "BrokerConnectWrapper", "KiteConnectWrapper\BrokerConnectWrapper.csproj", "{BB87947F-1F9E-45CF-9D77-54E4A75E28FA}"
EndProject
Project("{9A19103F-16F7-4668-BE54-9A1E7A4F7556}") = "GlobalCore", "GlobalCore\GlobalCore.csproj", "{293BDB7B-72B5-4A97-8477-AE1D8C2F8E66}"
EndProject
Project("{9A19103F-16F7-4668-BE54-9A1E7A4F7556}") = "KiteConnect", "KiteConnect\KiteConnect.csproj", "{892FBCD7-A20C-41FE-9FD4-D933673EB806}"
EndProject
Project("{9A19103F-16F7-4668-BE54-9A1E7A4F7556}") = "ZMQFacade", "ZMQFacade\ZMQFacade.csproj", "{D6D482E8-EDA5-4DAB-83BB-30EB841259A5}"
EndProject
Project("{9A19103F-16F7-4668-BE54-9A1E7A4F7556}") = "DBAccess", "DBAccess\DBAccess.csproj", "{0265B07C-C027-4619-BC12-7756EC575F64}"
EndProject
Project("{9A19103F-16F7-4668-BE54-9A1E7A4F7556}") = "GlobalLayer", "GlobalLayer\GlobalLayer.csproj", "{50EF63ED-EEBC-4295-ABC3-D98D1DC9C12C}"
EndProject
Project("{9A19103F-16F7-4668-BE54-9A1E7A4F7556}") = "FyersConnect", "FyersConnect\FyersConnect.csproj", "{4921FBFF-2A61-45B6-9450-FA3D800058E2}"
EndProject
Project("{9A19103F-16F7-4668-BE54-9A1E7A4F7556}") = "KotakConnect", "KotakConnect\KotakConnect.csproj", "{7AF1549A-90E5-4EB9-AA01-DA260EE6A2F7}"
EndProject
Project("{9A19103F-16F7-4668-BE54-9A1E7A4F7556}") = "DeltaExchangeConnect", "DeltaExchangeConnect\DeltaExchangeConnect.csproj", "{471DB4A1-B5EF-48F7-88B7-3C068D74C09C}"
EndProject
Global
	GlobalSection(SolutionConfigurationPlatforms) = preSolution
		BackTest|Any CPU = BackTest|Any CPU
		Debug|Any CPU = Debug|Any CPU
		Local|Any CPU = Local|Any CPU
		Market|Any CPU = Market|Any CPU
		Release|Any CPU = Release|Any CPU
	EndGlobalSection
	GlobalSection(ProjectConfigurationPlatforms) = postSolution
		{9F56E06A-4B30-4746-8909-E9B6C3C2CB84}.BackTest|Any CPU.ActiveCfg = BackTest|Any CPU
		{9F56E06A-4B30-4746-8909-E9B6C3C2CB84}.BackTest|Any CPU.Build.0 = BackTest|Any CPU
		{9F56E06A-4B30-4746-8909-E9B6C3C2CB84}.Debug|Any CPU.ActiveCfg = Debug|Any CPU
		{9F56E06A-4B30-4746-8909-E9B6C3C2CB84}.Debug|Any CPU.Build.0 = Debug|Any CPU
		{9F56E06A-4B30-4746-8909-E9B6C3C2CB84}.Local|Any CPU.ActiveCfg = Local|Any CPU
		{9F56E06A-4B30-4746-8909-E9B6C3C2CB84}.Local|Any CPU.Build.0 = Local|Any CPU
		{9F56E06A-4B30-4746-8909-E9B6C3C2CB84}.Market|Any CPU.ActiveCfg = Market|Any CPU
		{9F56E06A-4B30-4746-8909-E9B6C3C2CB84}.Market|Any CPU.Build.0 = Market|Any CPU
		{9F56E06A-4B30-4746-8909-E9B6C3C2CB84}.Release|Any CPU.ActiveCfg = Release|Any CPU
		{9F56E06A-4B30-4746-8909-E9B6C3C2CB84}.Release|Any CPU.Build.0 = Release|Any CPU
		{157A8340-761D-4990-934E-45FDEB0AC4D8}.BackTest|Any CPU.ActiveCfg = BackTest|Any CPU
		{157A8340-761D-4990-934E-45FDEB0AC4D8}.BackTest|Any CPU.Build.0 = BackTest|Any CPU
		{157A8340-761D-4990-934E-45FDEB0AC4D8}.Debug|Any CPU.ActiveCfg = Debug|Any CPU
		{157A8340-761D-4990-934E-45FDEB0AC4D8}.Debug|Any CPU.Build.0 = Debug|Any CPU
		{157A8340-761D-4990-934E-45FDEB0AC4D8}.Local|Any CPU.ActiveCfg = Local|Any CPU
		{157A8340-761D-4990-934E-45FDEB0AC4D8}.Local|Any CPU.Build.0 = Local|Any CPU
		{157A8340-761D-4990-934E-45FDEB0AC4D8}.Market|Any CPU.ActiveCfg = Market|Any CPU
		{157A8340-761D-4990-934E-45FDEB0AC4D8}.Market|Any CPU.Build.0 = Market|Any CPU
		{157A8340-761D-4990-934E-45FDEB0AC4D8}.Release|Any CPU.ActiveCfg = Release|Any CPU
		{157A8340-761D-4990-934E-45FDEB0AC4D8}.Release|Any CPU.Build.0 = Release|Any CPU
		{14689AE0-8E5A-43EF-935F-0422187CFC67}.BackTest|Any CPU.ActiveCfg = BackTest|Any CPU
		{14689AE0-8E5A-43EF-935F-0422187CFC67}.BackTest|Any CPU.Build.0 = BackTest|Any CPU
		{14689AE0-8E5A-43EF-935F-0422187CFC67}.Debug|Any CPU.ActiveCfg = Debug|Any CPU
		{14689AE0-8E5A-43EF-935F-0422187CFC67}.Debug|Any CPU.Build.0 = Debug|Any CPU
		{14689AE0-8E5A-43EF-935F-0422187CFC67}.Local|Any CPU.ActiveCfg = Debug|Any CPU
		{14689AE0-8E5A-43EF-935F-0422187CFC67}.Local|Any CPU.Build.0 = Debug|Any CPU
		{14689AE0-8E5A-43EF-935F-0422187CFC67}.Market|Any CPU.ActiveCfg = Market|Any CPU
		{14689AE0-8E5A-43EF-935F-0422187CFC67}.Market|Any CPU.Build.0 = Market|Any CPU
		{14689AE0-8E5A-43EF-935F-0422187CFC67}.Release|Any CPU.ActiveCfg = Release|Any CPU
		{14689AE0-8E5A-43EF-935F-0422187CFC67}.Release|Any CPU.Build.0 = Release|Any CPU
		{101A0055-14AD-41CD-A67D-ECD513E5A41B}.BackTest|Any CPU.ActiveCfg = BackTest|Any CPU
		{101A0055-14AD-41CD-A67D-ECD513E5A41B}.BackTest|Any CPU.Build.0 = BackTest|Any CPU
		{101A0055-14AD-41CD-A67D-ECD513E5A41B}.Debug|Any CPU.ActiveCfg = Debug|Any CPU
		{101A0055-14AD-41CD-A67D-ECD513E5A41B}.Debug|Any CPU.Build.0 = Debug|Any CPU
		{101A0055-14AD-41CD-A67D-ECD513E5A41B}.Local|Any CPU.ActiveCfg = Local|Any CPU
		{101A0055-14AD-41CD-A67D-ECD513E5A41B}.Local|Any CPU.Build.0 = Local|Any CPU
		{101A0055-14AD-41CD-A67D-ECD513E5A41B}.Market|Any CPU.ActiveCfg = Market|Any CPU
		{101A0055-14AD-41CD-A67D-ECD513E5A41B}.Market|Any CPU.Build.0 = Market|Any CPU
		{101A0055-14AD-41CD-A67D-ECD513E5A41B}.Release|Any CPU.ActiveCfg = Release|Any CPU
		{101A0055-14AD-41CD-A67D-ECD513E5A41B}.Release|Any CPU.Build.0 = Release|Any CPU
		{7C3E8016-E545-4C76-BC28-FA7CA40C7E9C}.BackTest|Any CPU.ActiveCfg = BackTest|Any CPU
		{7C3E8016-E545-4C76-BC28-FA7CA40C7E9C}.BackTest|Any CPU.Build.0 = BackTest|Any CPU
		{7C3E8016-E545-4C76-BC28-FA7CA40C7E9C}.Debug|Any CPU.ActiveCfg = Debug|Any CPU
		{7C3E8016-E545-4C76-BC28-FA7CA40C7E9C}.Debug|Any CPU.Build.0 = Debug|Any CPU
		{7C3E8016-E545-4C76-BC28-FA7CA40C7E9C}.Local|Any CPU.ActiveCfg = Local|Any CPU
		{7C3E8016-E545-4C76-BC28-FA7CA40C7E9C}.Local|Any CPU.Build.0 = Local|Any CPU
		{7C3E8016-E545-4C76-BC28-FA7CA40C7E9C}.Market|Any CPU.ActiveCfg = Market|Any CPU
		{7C3E8016-E545-4C76-BC28-FA7CA40C7E9C}.Market|Any CPU.Build.0 = Market|Any CPU
		{7C3E8016-E545-4C76-BC28-FA7CA40C7E9C}.Release|Any CPU.ActiveCfg = Release|Any CPU
		{7C3E8016-E545-4C76-BC28-FA7CA40C7E9C}.Release|Any CPU.Build.0 = Release|Any CPU
		{BB87947F-1F9E-45CF-9D77-54E4A75E28FA}.BackTest|Any CPU.ActiveCfg = BackTest|Any CPU
		{BB87947F-1F9E-45CF-9D77-54E4A75E28FA}.BackTest|Any CPU.Build.0 = BackTest|Any CPU
		{BB87947F-1F9E-45CF-9D77-54E4A75E28FA}.Debug|Any CPU.ActiveCfg = Debug|Any CPU
		{BB87947F-1F9E-45CF-9D77-54E4A75E28FA}.Debug|Any CPU.Build.0 = Debug|Any CPU
		{BB87947F-1F9E-45CF-9D77-54E4A75E28FA}.Local|Any CPU.ActiveCfg = Local|Any CPU
		{BB87947F-1F9E-45CF-9D77-54E4A75E28FA}.Local|Any CPU.Build.0 = Local|Any CPU
		{BB87947F-1F9E-45CF-9D77-54E4A75E28FA}.Market|Any CPU.ActiveCfg = Market|Any CPU
		{BB87947F-1F9E-45CF-9D77-54E4A75E28FA}.Market|Any CPU.Build.0 = Market|Any CPU
		{BB87947F-1F9E-45CF-9D77-54E4A75E28FA}.Release|Any CPU.ActiveCfg = Release|Any CPU
		{BB87947F-1F9E-45CF-9D77-54E4A75E28FA}.Release|Any CPU.Build.0 = Release|Any CPU
		{293BDB7B-72B5-4A97-8477-AE1D8C2F8E66}.BackTest|Any CPU.ActiveCfg = BackTest|Any CPU
		{293BDB7B-72B5-4A97-8477-AE1D8C2F8E66}.BackTest|Any CPU.Build.0 = BackTest|Any CPU
		{293BDB7B-72B5-4A97-8477-AE1D8C2F8E66}.Debug|Any CPU.ActiveCfg = Debug|Any CPU
		{293BDB7B-72B5-4A97-8477-AE1D8C2F8E66}.Debug|Any CPU.Build.0 = Debug|Any CPU
		{293BDB7B-72B5-4A97-8477-AE1D8C2F8E66}.Local|Any CPU.ActiveCfg = Local|Any CPU
		{293BDB7B-72B5-4A97-8477-AE1D8C2F8E66}.Local|Any CPU.Build.0 = Local|Any CPU
		{293BDB7B-72B5-4A97-8477-AE1D8C2F8E66}.Market|Any CPU.ActiveCfg = Market|Any CPU
		{293BDB7B-72B5-4A97-8477-AE1D8C2F8E66}.Market|Any CPU.Build.0 = Market|Any CPU
		{293BDB7B-72B5-4A97-8477-AE1D8C2F8E66}.Release|Any CPU.ActiveCfg = Release|Any CPU
		{293BDB7B-72B5-4A97-8477-AE1D8C2F8E66}.Release|Any CPU.Build.0 = Release|Any CPU
		{892FBCD7-A20C-41FE-9FD4-D933673EB806}.BackTest|Any CPU.ActiveCfg = BackTest|Any CPU
		{892FBCD7-A20C-41FE-9FD4-D933673EB806}.BackTest|Any CPU.Build.0 = BackTest|Any CPU
		{892FBCD7-A20C-41FE-9FD4-D933673EB806}.Debug|Any CPU.ActiveCfg = Debug|Any CPU
		{892FBCD7-A20C-41FE-9FD4-D933673EB806}.Debug|Any CPU.Build.0 = Debug|Any CPU
		{892FBCD7-A20C-41FE-9FD4-D933673EB806}.Local|Any CPU.ActiveCfg = Local|Any CPU
		{892FBCD7-A20C-41FE-9FD4-D933673EB806}.Local|Any CPU.Build.0 = Local|Any CPU
		{892FBCD7-A20C-41FE-9FD4-D933673EB806}.Market|Any CPU.ActiveCfg = Market|Any CPU
		{892FBCD7-A20C-41FE-9FD4-D933673EB806}.Market|Any CPU.Build.0 = Market|Any CPU
		{892FBCD7-A20C-41FE-9FD4-D933673EB806}.Release|Any CPU.ActiveCfg = Release|Any CPU
		{892FBCD7-A20C-41FE-9FD4-D933673EB806}.Release|Any CPU.Build.0 = Release|Any CPU
		{D6D482E8-EDA5-4DAB-83BB-30EB841259A5}.BackTest|Any CPU.ActiveCfg = BackTest|Any CPU
		{D6D482E8-EDA5-4DAB-83BB-30EB841259A5}.BackTest|Any CPU.Build.0 = BackTest|Any CPU
		{D6D482E8-EDA5-4DAB-83BB-30EB841259A5}.Debug|Any CPU.ActiveCfg = Debug|Any CPU
		{D6D482E8-EDA5-4DAB-83BB-30EB841259A5}.Debug|Any CPU.Build.0 = Debug|Any CPU
		{D6D482E8-EDA5-4DAB-83BB-30EB841259A5}.Local|Any CPU.ActiveCfg = Local|Any CPU
		{D6D482E8-EDA5-4DAB-83BB-30EB841259A5}.Local|Any CPU.Build.0 = Local|Any CPU
		{D6D482E8-EDA5-4DAB-83BB-30EB841259A5}.Market|Any CPU.ActiveCfg = Market|Any CPU
		{D6D482E8-EDA5-4DAB-83BB-30EB841259A5}.Market|Any CPU.Build.0 = Market|Any CPU
		{D6D482E8-EDA5-4DAB-83BB-30EB841259A5}.Release|Any CPU.ActiveCfg = Release|Any CPU
		{D6D482E8-EDA5-4DAB-83BB-30EB841259A5}.Release|Any CPU.Build.0 = Release|Any CPU
		{0265B07C-C027-4619-BC12-7756EC575F64}.BackTest|Any CPU.ActiveCfg = BackTest|Any CPU
		{0265B07C-C027-4619-BC12-7756EC575F64}.BackTest|Any CPU.Build.0 = BackTest|Any CPU
		{0265B07C-C027-4619-BC12-7756EC575F64}.Debug|Any CPU.ActiveCfg = Debug|Any CPU
		{0265B07C-C027-4619-BC12-7756EC575F64}.Debug|Any CPU.Build.0 = Debug|Any CPU
		{0265B07C-C027-4619-BC12-7756EC575F64}.Local|Any CPU.ActiveCfg = Local|Any CPU
		{0265B07C-C027-4619-BC12-7756EC575F64}.Local|Any CPU.Build.0 = Local|Any CPU
		{0265B07C-C027-4619-BC12-7756EC575F64}.Market|Any CPU.ActiveCfg = Market|Any CPU
		{0265B07C-C027-4619-BC12-7756EC575F64}.Market|Any CPU.Build.0 = Market|Any CPU
		{0265B07C-C027-4619-BC12-7756EC575F64}.Release|Any CPU.ActiveCfg = Release|Any CPU
		{0265B07C-C027-4619-BC12-7756EC575F64}.Release|Any CPU.Build.0 = Release|Any CPU
		{50EF63ED-EEBC-4295-ABC3-D98D1DC9C12C}.BackTest|Any CPU.ActiveCfg = BackTest|Any CPU
		{50EF63ED-EEBC-4295-ABC3-D98D1DC9C12C}.BackTest|Any CPU.Build.0 = BackTest|Any CPU
		{50EF63ED-EEBC-4295-ABC3-D98D1DC9C12C}.Debug|Any CPU.ActiveCfg = Debug|Any CPU
		{50EF63ED-EEBC-4295-ABC3-D98D1DC9C12C}.Debug|Any CPU.Build.0 = Debug|Any CPU
		{50EF63ED-EEBC-4295-ABC3-D98D1DC9C12C}.Local|Any CPU.ActiveCfg = Local|Any CPU
		{50EF63ED-EEBC-4295-ABC3-D98D1DC9C12C}.Local|Any CPU.Build.0 = Local|Any CPU
		{50EF63ED-EEBC-4295-ABC3-D98D1DC9C12C}.Market|Any CPU.ActiveCfg = Market|Any CPU
		{50EF63ED-EEBC-4295-ABC3-D98D1DC9C12C}.Market|Any CPU.Build.0 = Market|Any CPU
		{50EF63ED-EEBC-4295-ABC3-D98D1DC9C12C}.Release|Any CPU.ActiveCfg = Release|Any CPU
		{50EF63ED-EEBC-4295-ABC3-D98D1DC9C12C}.Release|Any CPU.Build.0 = Release|Any CPU
		{4921FBFF-2A61-45B6-9450-FA3D800058E2}.BackTest|Any CPU.ActiveCfg = Debug|Any CPU
		{4921FBFF-2A61-45B6-9450-FA3D800058E2}.BackTest|Any CPU.Build.0 = Debug|Any CPU
		{4921FBFF-2A61-45B6-9450-FA3D800058E2}.Debug|Any CPU.ActiveCfg = Debug|Any CPU
		{4921FBFF-2A61-45B6-9450-FA3D800058E2}.Debug|Any CPU.Build.0 = Debug|Any CPU
		{4921FBFF-2A61-45B6-9450-FA3D800058E2}.Local|Any CPU.ActiveCfg = Debug|Any CPU
		{4921FBFF-2A61-45B6-9450-FA3D800058E2}.Local|Any CPU.Build.0 = Debug|Any CPU
		{4921FBFF-2A61-45B6-9450-FA3D800058E2}.Market|Any CPU.ActiveCfg = Debug|Any CPU
		{4921FBFF-2A61-45B6-9450-FA3D800058E2}.Market|Any CPU.Build.0 = Debug|Any CPU
		{4921FBFF-2A61-45B6-9450-FA3D800058E2}.Release|Any CPU.ActiveCfg = Release|Any CPU
		{4921FBFF-2A61-45B6-9450-FA3D800058E2}.Release|Any CPU.Build.0 = Release|Any CPU
		{7AF1549A-90E5-4EB9-AA01-DA260EE6A2F7}.BackTest|Any CPU.ActiveCfg = BackTest|Any CPU
		{7AF1549A-90E5-4EB9-AA01-DA260EE6A2F7}.BackTest|Any CPU.Build.0 = BackTest|Any CPU
		{7AF1549A-90E5-4EB9-AA01-DA260EE6A2F7}.Debug|Any CPU.ActiveCfg = Debug|Any CPU
		{7AF1549A-90E5-4EB9-AA01-DA260EE6A2F7}.Debug|Any CPU.Build.0 = Debug|Any CPU
		{7AF1549A-90E5-4EB9-AA01-DA260EE6A2F7}.Local|Any CPU.ActiveCfg = Debug|Any CPU
		{7AF1549A-90E5-4EB9-AA01-DA260EE6A2F7}.Local|Any CPU.Build.0 = Debug|Any CPU
		{7AF1549A-90E5-4EB9-AA01-DA260EE6A2F7}.Market|Any CPU.ActiveCfg = Market|Any CPU
		{7AF1549A-90E5-4EB9-AA01-DA260EE6A2F7}.Market|Any CPU.Build.0 = Market|Any CPU
		{7AF1549A-90E5-4EB9-AA01-DA260EE6A2F7}.Release|Any CPU.ActiveCfg = Release|Any CPU
		{7AF1549A-90E5-4EB9-AA01-DA260EE6A2F7}.Release|Any CPU.Build.0 = Release|Any CPU
		{471DB4A1-B5EF-48F7-88B7-3C068D74C09C}.BackTest|Any CPU.ActiveCfg = BackTest|Any CPU
		{471DB4A1-B5EF-48F7-88B7-3C068D74C09C}.BackTest|Any CPU.Build.0 = BackTest|Any CPU
		{471DB4A1-B5EF-48F7-88B7-3C068D74C09C}.Debug|Any CPU.ActiveCfg = Debug|Any CPU
		{471DB4A1-B5EF-48F7-88B7-3C068D74C09C}.Debug|Any CPU.Build.0 = Debug|Any CPU
		{471DB4A1-B5EF-48F7-88B7-3C068D74C09C}.Local|Any CPU.ActiveCfg = Local|Any CPU
		{471DB4A1-B5EF-48F7-88B7-3C068D74C09C}.Local|Any CPU.Build.0 = Local|Any CPU
		{471DB4A1-B5EF-48F7-88B7-3C068D74C09C}.Market|Any CPU.ActiveCfg = Market|Any CPU
		{471DB4A1-B5EF-48F7-88B7-3C068D74C09C}.Market|Any CPU.Build.0 = Market|Any CPU
		{471DB4A1-B5EF-48F7-88B7-3C068D74C09C}.Release|Any CPU.ActiveCfg = Release|Any CPU
		{471DB4A1-B5EF-48F7-88B7-3C068D74C09C}.Release|Any CPU.Build.0 = Release|Any CPU
	EndGlobalSection
	GlobalSection(SolutionProperties) = preSolution
		HideSolutionNode = FALSE
	EndGlobalSection
	GlobalSection(ExtensibilityGlobals) = postSolution
		SolutionGuid = {5B75685B-8C50-4C3A-BCBA-AC21F31B8B05}
	EndGlobalSection
EndGlobal
