
Microsoft Visual Studio Solution File, Format Version 12.00
# Visual Studio Version 17
VisualStudioVersion = 17.9.34728.123
MinimumVisualStudioVersion = 10.0.40219.1
Project("{9A19103F-16F7-4668-BE54-9A1E7A4F7556}") = "StockAlerts", "StockAlerts\StockAlerts.csproj", "{DEA8E26A-E87C-4E4D-B3B8-4A7C58EDAF2F}"
EndProject
Project("{9A19103F-16F7-4668-BE54-9A1E7A4F7556}") = "GrpcLoggerService", "GrpcLoggerService\GrpcLoggerService.csproj", "{BFE15817-F97A-45B4-A8B1-8E5C7567A9FB}"
EndProject
Project("{9A19103F-16F7-4668-BE54-9A1E7A4F7556}") = "Algos", "Algos\Algos.csproj", "{BAE05893-6F7F-41D2-B5B3-7A1D5C18E001}"
EndProject
Project("{9A19103F-16F7-4668-BE54-9A1E7A4F7556}") = "GlobalLayer", "GlobalLayer\GlobalLayer.csproj", "{4EEBFCD8-7136-4401-A986-D5CF4F5A2B1B}"
EndProject
Project("{9A19103F-16F7-4668-BE54-9A1E7A4F7556}") = "KotakConnect", "KotakConnect\KotakConnect.csproj", "{FE4A22B4-0C21-49A7-87AA-E69E640DF7B9}"
EndProject
Project("{9A19103F-16F7-4668-BE54-9A1E7A4F7556}") = "DBAccess", "DBAccess\DBAccess.csproj", "{32FB13DF-A212-48A6-A1FF-DF9EC48DCFB3}"
EndProject
Project("{9A19103F-16F7-4668-BE54-9A1E7A4F7556}") = "GlobalCore", "GlobalCore\GlobalCore.csproj", "{B2548569-0727-42F6-85D1-178C9C4D817C}"
EndProject
Project("{9A19103F-16F7-4668-BE54-9A1E7A4F7556}") = "Algo.Utils", "Algo.Utils\Algo.Utils.csproj", "{51C2FD71-E111-4955-B3E9-74C564B8A23D}"
EndProject
Project("{9A19103F-16F7-4668-BE54-9A1E7A4F7556}") = "FyersConnect", "FyersConnect\FyersConnect.csproj", "{FEBDFB6E-57CE-42DA-A25D-DD331B86D056}"
EndProject
Project("{9A19103F-16F7-4668-BE54-9A1E7A4F7556}") = "KiteConnect", "KiteConnect\KiteConnect.csproj", "{25EA7816-4711-451C-8AA5-C3468391126B}"
EndProject
Project("{9A19103F-16F7-4668-BE54-9A1E7A4F7556}") = "ZMQFacade", "ZMQFacade\ZMQFacade.csproj", "{7897DEB7-7D43-46FC-BF00-07101339D851}"
EndProject
Project("{9A19103F-16F7-4668-BE54-9A1E7A4F7556}") = "BrokerConnectWrapper", "KiteConnectWrapper\BrokerConnectWrapper.csproj", "{2602B80C-A26E-42F4-A7A8-56E61CE0CC06}"
EndProject
Global
	GlobalSection(SolutionConfigurationPlatforms) = preSolution
		BackTest|Any CPU = BackTest|Any CPU
		Debug|Any CPU = Debug|Any CPU
		Local|Any CPU = Local|Any CPU
		Market|Any CPU = Market|Any CPU
		Release|Any CPU = Release|Any CPU
	EndGlobalSection
	GlobalSection(ProjectConfigurationPlatforms) = postSolution
		{DEA8E26A-E87C-4E4D-B3B8-4A7C58EDAF2F}.BackTest|Any CPU.ActiveCfg = BackTest|Any CPU
		{DEA8E26A-E87C-4E4D-B3B8-4A7C58EDAF2F}.BackTest|Any CPU.Build.0 = BackTest|Any CPU
		{DEA8E26A-E87C-4E4D-B3B8-4A7C58EDAF2F}.Debug|Any CPU.ActiveCfg = Debug|Any CPU
		{DEA8E26A-E87C-4E4D-B3B8-4A7C58EDAF2F}.Debug|Any CPU.Build.0 = Debug|Any CPU
		{DEA8E26A-E87C-4E4D-B3B8-4A7C58EDAF2F}.Local|Any CPU.ActiveCfg = Debug|Any CPU
		{DEA8E26A-E87C-4E4D-B3B8-4A7C58EDAF2F}.Local|Any CPU.Build.0 = Debug|Any CPU
		{DEA8E26A-E87C-4E4D-B3B8-4A7C58EDAF2F}.Market|Any CPU.ActiveCfg = Market|Any CPU
		{DEA8E26A-E87C-4E4D-B3B8-4A7C58EDAF2F}.Market|Any CPU.Build.0 = Market|Any CPU
		{DEA8E26A-E87C-4E4D-B3B8-4A7C58EDAF2F}.Release|Any CPU.ActiveCfg = Release|Any CPU
		{DEA8E26A-E87C-4E4D-B3B8-4A7C58EDAF2F}.Release|Any CPU.Build.0 = Release|Any CPU
		{BFE15817-F97A-45B4-A8B1-8E5C7567A9FB}.BackTest|Any CPU.ActiveCfg = BackTest|Any CPU
		{BFE15817-F97A-45B4-A8B1-8E5C7567A9FB}.BackTest|Any CPU.Build.0 = BackTest|Any CPU
		{BFE15817-F97A-45B4-A8B1-8E5C7567A9FB}.Debug|Any CPU.ActiveCfg = Debug|Any CPU
		{BFE15817-F97A-45B4-A8B1-8E5C7567A9FB}.Debug|Any CPU.Build.0 = Debug|Any CPU
		{BFE15817-F97A-45B4-A8B1-8E5C7567A9FB}.Local|Any CPU.ActiveCfg = Local|Any CPU
		{BFE15817-F97A-45B4-A8B1-8E5C7567A9FB}.Local|Any CPU.Build.0 = Local|Any CPU
		{BFE15817-F97A-45B4-A8B1-8E5C7567A9FB}.Market|Any CPU.ActiveCfg = Market|Any CPU
		{BFE15817-F97A-45B4-A8B1-8E5C7567A9FB}.Market|Any CPU.Build.0 = Market|Any CPU
		{BFE15817-F97A-45B4-A8B1-8E5C7567A9FB}.Release|Any CPU.ActiveCfg = Release|Any CPU
		{BFE15817-F97A-45B4-A8B1-8E5C7567A9FB}.Release|Any CPU.Build.0 = Release|Any CPU
		{BAE05893-6F7F-41D2-B5B3-7A1D5C18E001}.BackTest|Any CPU.ActiveCfg = BackTest|Any CPU
		{BAE05893-6F7F-41D2-B5B3-7A1D5C18E001}.BackTest|Any CPU.Build.0 = BackTest|Any CPU
		{BAE05893-6F7F-41D2-B5B3-7A1D5C18E001}.Debug|Any CPU.ActiveCfg = Debug|Any CPU
		{BAE05893-6F7F-41D2-B5B3-7A1D5C18E001}.Debug|Any CPU.Build.0 = Debug|Any CPU
		{BAE05893-6F7F-41D2-B5B3-7A1D5C18E001}.Local|Any CPU.ActiveCfg = Local|Any CPU
		{BAE05893-6F7F-41D2-B5B3-7A1D5C18E001}.Local|Any CPU.Build.0 = Local|Any CPU
		{BAE05893-6F7F-41D2-B5B3-7A1D5C18E001}.Market|Any CPU.ActiveCfg = Market|Any CPU
		{BAE05893-6F7F-41D2-B5B3-7A1D5C18E001}.Market|Any CPU.Build.0 = Market|Any CPU
		{BAE05893-6F7F-41D2-B5B3-7A1D5C18E001}.Release|Any CPU.ActiveCfg = Release|Any CPU
		{BAE05893-6F7F-41D2-B5B3-7A1D5C18E001}.Release|Any CPU.Build.0 = Release|Any CPU
		{4EEBFCD8-7136-4401-A986-D5CF4F5A2B1B}.BackTest|Any CPU.ActiveCfg = BackTest|Any CPU
		{4EEBFCD8-7136-4401-A986-D5CF4F5A2B1B}.BackTest|Any CPU.Build.0 = BackTest|Any CPU
		{4EEBFCD8-7136-4401-A986-D5CF4F5A2B1B}.Debug|Any CPU.ActiveCfg = Debug|Any CPU
		{4EEBFCD8-7136-4401-A986-D5CF4F5A2B1B}.Debug|Any CPU.Build.0 = Debug|Any CPU
		{4EEBFCD8-7136-4401-A986-D5CF4F5A2B1B}.Local|Any CPU.ActiveCfg = Local|Any CPU
		{4EEBFCD8-7136-4401-A986-D5CF4F5A2B1B}.Local|Any CPU.Build.0 = Local|Any CPU
		{4EEBFCD8-7136-4401-A986-D5CF4F5A2B1B}.Market|Any CPU.ActiveCfg = Market|Any CPU
		{4EEBFCD8-7136-4401-A986-D5CF4F5A2B1B}.Market|Any CPU.Build.0 = Market|Any CPU
		{4EEBFCD8-7136-4401-A986-D5CF4F5A2B1B}.Release|Any CPU.ActiveCfg = Release|Any CPU
		{4EEBFCD8-7136-4401-A986-D5CF4F5A2B1B}.Release|Any CPU.Build.0 = Release|Any CPU
		{FE4A22B4-0C21-49A7-87AA-E69E640DF7B9}.BackTest|Any CPU.ActiveCfg = BackTest|Any CPU
		{FE4A22B4-0C21-49A7-87AA-E69E640DF7B9}.BackTest|Any CPU.Build.0 = BackTest|Any CPU
		{FE4A22B4-0C21-49A7-87AA-E69E640DF7B9}.Debug|Any CPU.ActiveCfg = Debug|Any CPU
		{FE4A22B4-0C21-49A7-87AA-E69E640DF7B9}.Debug|Any CPU.Build.0 = Debug|Any CPU
		{FE4A22B4-0C21-49A7-87AA-E69E640DF7B9}.Local|Any CPU.ActiveCfg = Debug|Any CPU
		{FE4A22B4-0C21-49A7-87AA-E69E640DF7B9}.Local|Any CPU.Build.0 = Debug|Any CPU
		{FE4A22B4-0C21-49A7-87AA-E69E640DF7B9}.Market|Any CPU.ActiveCfg = Market|Any CPU
		{FE4A22B4-0C21-49A7-87AA-E69E640DF7B9}.Market|Any CPU.Build.0 = Market|Any CPU
		{FE4A22B4-0C21-49A7-87AA-E69E640DF7B9}.Release|Any CPU.ActiveCfg = Release|Any CPU
		{FE4A22B4-0C21-49A7-87AA-E69E640DF7B9}.Release|Any CPU.Build.0 = Release|Any CPU
		{32FB13DF-A212-48A6-A1FF-DF9EC48DCFB3}.BackTest|Any CPU.ActiveCfg = BackTest|Any CPU
		{32FB13DF-A212-48A6-A1FF-DF9EC48DCFB3}.BackTest|Any CPU.Build.0 = BackTest|Any CPU
		{32FB13DF-A212-48A6-A1FF-DF9EC48DCFB3}.Debug|Any CPU.ActiveCfg = Debug|Any CPU
		{32FB13DF-A212-48A6-A1FF-DF9EC48DCFB3}.Debug|Any CPU.Build.0 = Debug|Any CPU
		{32FB13DF-A212-48A6-A1FF-DF9EC48DCFB3}.Local|Any CPU.ActiveCfg = Local|Any CPU
		{32FB13DF-A212-48A6-A1FF-DF9EC48DCFB3}.Local|Any CPU.Build.0 = Local|Any CPU
		{32FB13DF-A212-48A6-A1FF-DF9EC48DCFB3}.Market|Any CPU.ActiveCfg = Market|Any CPU
		{32FB13DF-A212-48A6-A1FF-DF9EC48DCFB3}.Market|Any CPU.Build.0 = Market|Any CPU
		{32FB13DF-A212-48A6-A1FF-DF9EC48DCFB3}.Release|Any CPU.ActiveCfg = Release|Any CPU
		{32FB13DF-A212-48A6-A1FF-DF9EC48DCFB3}.Release|Any CPU.Build.0 = Release|Any CPU
		{B2548569-0727-42F6-85D1-178C9C4D817C}.BackTest|Any CPU.ActiveCfg = BackTest|Any CPU
		{B2548569-0727-42F6-85D1-178C9C4D817C}.BackTest|Any CPU.Build.0 = BackTest|Any CPU
		{B2548569-0727-42F6-85D1-178C9C4D817C}.Debug|Any CPU.ActiveCfg = Debug|Any CPU
		{B2548569-0727-42F6-85D1-178C9C4D817C}.Debug|Any CPU.Build.0 = Debug|Any CPU
		{B2548569-0727-42F6-85D1-178C9C4D817C}.Local|Any CPU.ActiveCfg = Local|Any CPU
		{B2548569-0727-42F6-85D1-178C9C4D817C}.Local|Any CPU.Build.0 = Local|Any CPU
		{B2548569-0727-42F6-85D1-178C9C4D817C}.Market|Any CPU.ActiveCfg = Market|Any CPU
		{B2548569-0727-42F6-85D1-178C9C4D817C}.Market|Any CPU.Build.0 = Market|Any CPU
		{B2548569-0727-42F6-85D1-178C9C4D817C}.Release|Any CPU.ActiveCfg = Release|Any CPU
		{B2548569-0727-42F6-85D1-178C9C4D817C}.Release|Any CPU.Build.0 = Release|Any CPU
		{51C2FD71-E111-4955-B3E9-74C564B8A23D}.BackTest|Any CPU.ActiveCfg = BackTest|Any CPU
		{51C2FD71-E111-4955-B3E9-74C564B8A23D}.BackTest|Any CPU.Build.0 = BackTest|Any CPU
		{51C2FD71-E111-4955-B3E9-74C564B8A23D}.Debug|Any CPU.ActiveCfg = Debug|Any CPU
		{51C2FD71-E111-4955-B3E9-74C564B8A23D}.Debug|Any CPU.Build.0 = Debug|Any CPU
		{51C2FD71-E111-4955-B3E9-74C564B8A23D}.Local|Any CPU.ActiveCfg = Local|Any CPU
		{51C2FD71-E111-4955-B3E9-74C564B8A23D}.Local|Any CPU.Build.0 = Local|Any CPU
		{51C2FD71-E111-4955-B3E9-74C564B8A23D}.Market|Any CPU.ActiveCfg = Market|Any CPU
		{51C2FD71-E111-4955-B3E9-74C564B8A23D}.Market|Any CPU.Build.0 = Market|Any CPU
		{51C2FD71-E111-4955-B3E9-74C564B8A23D}.Release|Any CPU.ActiveCfg = Release|Any CPU
		{51C2FD71-E111-4955-B3E9-74C564B8A23D}.Release|Any CPU.Build.0 = Release|Any CPU
		{FEBDFB6E-57CE-42DA-A25D-DD331B86D056}.BackTest|Any CPU.ActiveCfg = Debug|Any CPU
		{FEBDFB6E-57CE-42DA-A25D-DD331B86D056}.BackTest|Any CPU.Build.0 = Debug|Any CPU
		{FEBDFB6E-57CE-42DA-A25D-DD331B86D056}.Debug|Any CPU.ActiveCfg = Debug|Any CPU
		{FEBDFB6E-57CE-42DA-A25D-DD331B86D056}.Debug|Any CPU.Build.0 = Debug|Any CPU
		{FEBDFB6E-57CE-42DA-A25D-DD331B86D056}.Local|Any CPU.ActiveCfg = Debug|Any CPU
		{FEBDFB6E-57CE-42DA-A25D-DD331B86D056}.Local|Any CPU.Build.0 = Debug|Any CPU
		{FEBDFB6E-57CE-42DA-A25D-DD331B86D056}.Market|Any CPU.ActiveCfg = Debug|Any CPU
		{FEBDFB6E-57CE-42DA-A25D-DD331B86D056}.Market|Any CPU.Build.0 = Debug|Any CPU
		{FEBDFB6E-57CE-42DA-A25D-DD331B86D056}.Release|Any CPU.ActiveCfg = Release|Any CPU
		{FEBDFB6E-57CE-42DA-A25D-DD331B86D056}.Release|Any CPU.Build.0 = Release|Any CPU
		{25EA7816-4711-451C-8AA5-C3468391126B}.BackTest|Any CPU.ActiveCfg = BackTest|Any CPU
		{25EA7816-4711-451C-8AA5-C3468391126B}.BackTest|Any CPU.Build.0 = BackTest|Any CPU
		{25EA7816-4711-451C-8AA5-C3468391126B}.Debug|Any CPU.ActiveCfg = Debug|Any CPU
		{25EA7816-4711-451C-8AA5-C3468391126B}.Debug|Any CPU.Build.0 = Debug|Any CPU
		{25EA7816-4711-451C-8AA5-C3468391126B}.Local|Any CPU.ActiveCfg = Local|Any CPU
		{25EA7816-4711-451C-8AA5-C3468391126B}.Local|Any CPU.Build.0 = Local|Any CPU
		{25EA7816-4711-451C-8AA5-C3468391126B}.Market|Any CPU.ActiveCfg = Market|Any CPU
		{25EA7816-4711-451C-8AA5-C3468391126B}.Market|Any CPU.Build.0 = Market|Any CPU
		{25EA7816-4711-451C-8AA5-C3468391126B}.Release|Any CPU.ActiveCfg = Release|Any CPU
		{25EA7816-4711-451C-8AA5-C3468391126B}.Release|Any CPU.Build.0 = Release|Any CPU
		{7897DEB7-7D43-46FC-BF00-07101339D851}.BackTest|Any CPU.ActiveCfg = BackTest|Any CPU
		{7897DEB7-7D43-46FC-BF00-07101339D851}.BackTest|Any CPU.Build.0 = BackTest|Any CPU
		{7897DEB7-7D43-46FC-BF00-07101339D851}.Debug|Any CPU.ActiveCfg = Debug|Any CPU
		{7897DEB7-7D43-46FC-BF00-07101339D851}.Debug|Any CPU.Build.0 = Debug|Any CPU
		{7897DEB7-7D43-46FC-BF00-07101339D851}.Local|Any CPU.ActiveCfg = Local|Any CPU
		{7897DEB7-7D43-46FC-BF00-07101339D851}.Local|Any CPU.Build.0 = Local|Any CPU
		{7897DEB7-7D43-46FC-BF00-07101339D851}.Market|Any CPU.ActiveCfg = Market|Any CPU
		{7897DEB7-7D43-46FC-BF00-07101339D851}.Market|Any CPU.Build.0 = Market|Any CPU
		{7897DEB7-7D43-46FC-BF00-07101339D851}.Release|Any CPU.ActiveCfg = Release|Any CPU
		{7897DEB7-7D43-46FC-BF00-07101339D851}.Release|Any CPU.Build.0 = Release|Any CPU
		{2602B80C-A26E-42F4-A7A8-56E61CE0CC06}.BackTest|Any CPU.ActiveCfg = BackTest|Any CPU
		{2602B80C-A26E-42F4-A7A8-56E61CE0CC06}.BackTest|Any CPU.Build.0 = BackTest|Any CPU
		{2602B80C-A26E-42F4-A7A8-56E61CE0CC06}.Debug|Any CPU.ActiveCfg = Debug|Any CPU
		{2602B80C-A26E-42F4-A7A8-56E61CE0CC06}.Debug|Any CPU.Build.0 = Debug|Any CPU
		{2602B80C-A26E-42F4-A7A8-56E61CE0CC06}.Local|Any CPU.ActiveCfg = Local|Any CPU
		{2602B80C-A26E-42F4-A7A8-56E61CE0CC06}.Local|Any CPU.Build.0 = Local|Any CPU
		{2602B80C-A26E-42F4-A7A8-56E61CE0CC06}.Market|Any CPU.ActiveCfg = Market|Any CPU
		{2602B80C-A26E-42F4-A7A8-56E61CE0CC06}.Market|Any CPU.Build.0 = Market|Any CPU
		{2602B80C-A26E-42F4-A7A8-56E61CE0CC06}.Release|Any CPU.ActiveCfg = Release|Any CPU
		{2602B80C-A26E-42F4-A7A8-56E61CE0CC06}.Release|Any CPU.Build.0 = Release|Any CPU
	EndGlobalSection
	GlobalSection(SolutionProperties) = preSolution
		HideSolutionNode = FALSE
	EndGlobalSection
	GlobalSection(ExtensibilityGlobals) = postSolution
		SolutionGuid = {DE72C540-9984-49B7-8C9E-0E3F351A1474}
	EndGlobalSection
EndGlobal
