
Microsoft Visual Studio Solution File, Format Version 12.00
# Visual Studio Version 17
VisualStudioVersion = 17.9.34728.123
MinimumVisualStudioVersion = 10.0.40219.1
Project("{9A19103F-16F7-4668-BE54-9A1E7A4F7556}") = "GrpcLoggerService", "GrpcLoggerService.csproj", "{15081559-8AE4-4CC0-BF12-4ACB36D498D3}"
EndProject
Project("{9A19103F-16F7-4668-BE54-9A1E7A4F7556}") = "GlobalLayer", "..\GlobalLayer\GlobalLayer.csproj", "{128007FA-8A74-48D0-93AB-9C7D74F85058}"
EndProject
Global
	GlobalSection(SolutionConfigurationPlatforms) = preSolution
		BackTest|Any CPU = BackTest|Any CPU
		Debug|Any CPU = Debug|Any CPU
		Local|Any CPU = Local|Any CPU
		Market|Any CPU = Market|Any CPU
		Release|Any CPU = Release|Any CPU
	EndGlobalSection
	GlobalSection(ProjectConfigurationPlatforms) = postSolution
		{15081559-8AE4-4CC0-BF12-4ACB36D498D3}.BackTest|Any CPU.ActiveCfg = BackTest|Any CPU
		{15081559-8AE4-4CC0-BF12-4ACB36D498D3}.BackTest|Any CPU.Build.0 = BackTest|Any CPU
		{15081559-8AE4-4CC0-BF12-4ACB36D498D3}.Debug|Any CPU.ActiveCfg = Debug|Any CPU
		{15081559-8AE4-4CC0-BF12-4ACB36D498D3}.Debug|Any CPU.Build.0 = Debug|Any CPU
		{15081559-8AE4-4CC0-BF12-4ACB36D498D3}.Local|Any CPU.ActiveCfg = Local|Any CPU
		{15081559-8AE4-4CC0-BF12-4ACB36D498D3}.Local|Any CPU.Build.0 = Local|Any CPU
		{15081559-8AE4-4CC0-BF12-4ACB36D498D3}.Market|Any CPU.ActiveCfg = Market|Any CPU
		{15081559-8AE4-4CC0-BF12-4ACB36D498D3}.Market|Any CPU.Build.0 = Market|Any CPU
		{15081559-8AE4-4CC0-BF12-4ACB36D498D3}.Release|Any CPU.ActiveCfg = Release|Any CPU
		{15081559-8AE4-4CC0-BF12-4ACB36D498D3}.Release|Any CPU.Build.0 = Release|Any CPU
		{128007FA-8A74-48D0-93AB-9C7D74F85058}.BackTest|Any CPU.ActiveCfg = BackTest|Any CPU
		{128007FA-8A74-48D0-93AB-9C7D74F85058}.BackTest|Any CPU.Build.0 = BackTest|Any CPU
		{128007FA-8A74-48D0-93AB-9C7D74F85058}.Debug|Any CPU.ActiveCfg = Debug|Any CPU
		{128007FA-8A74-48D0-93AB-9C7D74F85058}.Debug|Any CPU.Build.0 = Debug|Any CPU
		{128007FA-8A74-48D0-93AB-9C7D74F85058}.Local|Any CPU.ActiveCfg = Local|Any CPU
		{128007FA-8A74-48D0-93AB-9C7D74F85058}.Local|Any CPU.Build.0 = Local|Any CPU
		{128007FA-8A74-48D0-93AB-9C7D74F85058}.Market|Any CPU.ActiveCfg = Market|Any CPU
		{128007FA-8A74-48D0-93AB-9C7D74F85058}.Market|Any CPU.Build.0 = Market|Any CPU
		{128007FA-8A74-48D0-93AB-9C7D74F85058}.Release|Any CPU.ActiveCfg = Release|Any CPU
		{128007FA-8A74-48D0-93AB-9C7D74F85058}.Release|Any CPU.Build.0 = Release|Any CPU
	EndGlobalSection
	GlobalSection(SolutionProperties) = preSolution
		HideSolutionNode = FALSE
	EndGlobalSection
	GlobalSection(ExtensibilityGlobals) = postSolution
		SolutionGuid = {9DB19FC2-3135-4931-998E-06D376D8FAF0}
	EndGlobalSection
EndGlobal
